
Microsoft Visual Studio Solution File, Format Version 12.00
# Visual Studio Version 16
VisualStudioVersion = 16.0.29102.190
MinimumVisualStudioVersion = 10.0.40219.1
Project("{2150E333-8FDC-42A3-9474-1A3956D46DE8}") = "src", "src", "{01380FB8-F8A7-4416-AABA-5407574B7723}"
EndProject
Project("{2150E333-8FDC-42A3-9474-1A3956D46DE8}") = "tests", "tests", "{69149D0F-BB09-411B-88F0-A1E845058D70}"
EndProject
Project("{9A19103F-16F7-4668-BE54-9A1E7A4F7556}") = "MADE.Diagnostics", "src\MADE.Diagnostics\MADE.Diagnostics.csproj", "{713AB96D-1EE2-45CA-A41E-47401EDCC656}"
EndProject
Project("{FAE04EC0-301F-11D3-BF4B-00C04F79EFBC}") = "MADE.Networking", "src\MADE.Networking\MADE.Networking.csproj", "{AA0647A7-110F-4FB8-88F7-A902CBB240A3}"
EndProject
Project("{FAE04EC0-301F-11D3-BF4B-00C04F79EFBC}") = "MADE.Threading", "src\MADE.Threading\MADE.Threading.csproj", "{3DE798A8-6B5D-457E-A200-67AAF6FEAE8C}"
EndProject
Project("{FAE04EC0-301F-11D3-BF4B-00C04F79EFBC}") = "MADE.Runtime", "src\MADE.Runtime\MADE.Runtime.csproj", "{0E535C3C-D2D7-4675-94D9-7E5548111F7D}"
EndProject
Global
	GlobalSection(SolutionConfigurationPlatforms) = preSolution
		Debug|Any CPU = Debug|Any CPU
		Release|Any CPU = Release|Any CPU
	EndGlobalSection
	GlobalSection(ProjectConfigurationPlatforms) = postSolution
		{713AB96D-1EE2-45CA-A41E-47401EDCC656}.Debug|Any CPU.ActiveCfg = Debug|Any CPU
		{713AB96D-1EE2-45CA-A41E-47401EDCC656}.Debug|Any CPU.Build.0 = Debug|Any CPU
		{713AB96D-1EE2-45CA-A41E-47401EDCC656}.Release|Any CPU.ActiveCfg = Release|Any CPU
		{713AB96D-1EE2-45CA-A41E-47401EDCC656}.Release|Any CPU.Build.0 = Release|Any CPU
		{AA0647A7-110F-4FB8-88F7-A902CBB240A3}.Debug|Any CPU.ActiveCfg = Debug|Any CPU
		{AA0647A7-110F-4FB8-88F7-A902CBB240A3}.Debug|Any CPU.Build.0 = Debug|Any CPU
		{AA0647A7-110F-4FB8-88F7-A902CBB240A3}.Release|Any CPU.ActiveCfg = Release|Any CPU
		{AA0647A7-110F-4FB8-88F7-A902CBB240A3}.Release|Any CPU.Build.0 = Release|Any CPU
		{3DE798A8-6B5D-457E-A200-67AAF6FEAE8C}.Debug|Any CPU.ActiveCfg = Debug|Any CPU
		{3DE798A8-6B5D-457E-A200-67AAF6FEAE8C}.Debug|Any CPU.Build.0 = Debug|Any CPU
		{3DE798A8-6B5D-457E-A200-67AAF6FEAE8C}.Release|Any CPU.ActiveCfg = Release|Any CPU
		{3DE798A8-6B5D-457E-A200-67AAF6FEAE8C}.Release|Any CPU.Build.0 = Release|Any CPU
		{0E535C3C-D2D7-4675-94D9-7E5548111F7D}.Debug|Any CPU.ActiveCfg = Debug|Any CPU
		{0E535C3C-D2D7-4675-94D9-7E5548111F7D}.Debug|Any CPU.Build.0 = Debug|Any CPU
		{0E535C3C-D2D7-4675-94D9-7E5548111F7D}.Release|Any CPU.ActiveCfg = Release|Any CPU
		{0E535C3C-D2D7-4675-94D9-7E5548111F7D}.Release|Any CPU.Build.0 = Release|Any CPU
	EndGlobalSection
	GlobalSection(SolutionProperties) = preSolution
		HideSolutionNode = FALSE
	EndGlobalSection
	GlobalSection(NestedProjects) = preSolution
		{713AB96D-1EE2-45CA-A41E-47401EDCC656} = {01380FB8-F8A7-4416-AABA-5407574B7723}
		{AA0647A7-110F-4FB8-88F7-A902CBB240A3} = {01380FB8-F8A7-4416-AABA-5407574B7723}
		{3DE798A8-6B5D-457E-A200-67AAF6FEAE8C} = {01380FB8-F8A7-4416-AABA-5407574B7723}
		{0E535C3C-D2D7-4675-94D9-7E5548111F7D} = {01380FB8-F8A7-4416-AABA-5407574B7723}
	EndGlobalSection
	GlobalSection(ExtensibilityGlobals) = postSolution
		SolutionGuid = {3921AD86-E6C0-4436-8880-2D9EDFAD6151}
	EndGlobalSection
EndGlobal
