
Microsoft Visual Studio Solution File, Format Version 12.00
# Visual Studio Version 16
VisualStudioVersion = 16.0.29102.190
MinimumVisualStudioVersion = 10.0.40219.1
Project("{2150E333-8FDC-42A3-9474-1A3956D46DE8}") = "src", "src", "{01380FB8-F8A7-4416-AABA-5407574B7723}"
EndProject
Project("{2150E333-8FDC-42A3-9474-1A3956D46DE8}") = "tests", "tests", "{69149D0F-BB09-411B-88F0-A1E845058D70}"
EndProject
Project("{9A19103F-16F7-4668-BE54-9A1E7A4F7556}") = "MADE.Diagnostics", "src\MADE.Diagnostics\MADE.Diagnostics.csproj", "{713AB96D-1EE2-45CA-A41E-47401EDCC656}"
EndProject
Project("{9A19103F-16F7-4668-BE54-9A1E7A4F7556}") = "MADE.Networking", "src\MADE.Networking\MADE.Networking.csproj", "{AA0647A7-110F-4FB8-88F7-A902CBB240A3}"
EndProject
Project("{9A19103F-16F7-4668-BE54-9A1E7A4F7556}") = "MADE.Threading", "src\MADE.Threading\MADE.Threading.csproj", "{3DE798A8-6B5D-457E-A200-67AAF6FEAE8C}"
EndProject
Project("{9A19103F-16F7-4668-BE54-9A1E7A4F7556}") = "MADE.Runtime", "src\MADE.Runtime\MADE.Runtime.csproj", "{0E535C3C-D2D7-4675-94D9-7E5548111F7D}"
EndProject
Project("{9A19103F-16F7-4668-BE54-9A1E7A4F7556}") = "MADE.Collections", "src\MADE.Collections\MADE.Collections.csproj", "{C506553C-49CD-48FB-9E5C-CB48B10D6006}"
EndProject
Project("{9A19103F-16F7-4668-BE54-9A1E7A4F7556}") = "MADE.Collections.Tests", "tests\MADE.Collections.Tests\MADE.Collections.Tests.csproj", "{A3D57C41-6BB7-4826-AD16-6D9DE5736D6F}"
EndProject
Project("{2150E333-8FDC-42A3-9474-1A3956D46DE8}") = "Solution Items", "Solution Items", "{F1EFAF60-F4AA-45B1-ABE2-EDEFA21B449D}"
	ProjectSection(SolutionItems) = preProject
		.editorconfig = .editorconfig
	EndProjectSection
EndProject
Project("{9A19103F-16F7-4668-BE54-9A1E7A4F7556}") = "MADE.Testing", "src\MADE.Testing\MADE.Testing.csproj", "{34CB8818-2A12-41FE-A8BD-80FBB225E87C}"
EndProject
Project("{9A19103F-16F7-4668-BE54-9A1E7A4F7556}") = "MADE.Data.Converters", "src\MADE.Data.Converters\MADE.Data.Converters.csproj", "{9D221A28-B726-4159-8C87-FCAAFECABD78}"
EndProject
Project("{9A19103F-16F7-4668-BE54-9A1E7A4F7556}") = "MADE.Data.Converters.Tests", "tests\MADE.Data.Converters.Tests\MADE.Data.Converters.Tests.csproj", "{7C544F50-A3D5-4116-83B6-29199E41DA76}"
EndProject
Project("{9A19103F-16F7-4668-BE54-9A1E7A4F7556}") = "MADE.Data.Validation", "src\MADE.Data.Validation\MADE.Data.Validation.csproj", "{72B5F9E3-B979-4516-95C0-188BBF178331}"
EndProject
Project("{9A19103F-16F7-4668-BE54-9A1E7A4F7556}") = "MADE.Data.Validation.Tests", "tests\MADE.Data.Validation.Tests\MADE.Data.Validation.Tests.csproj", "{64021F1D-1F8C-488C-A729-1439BD84B94A}"
EndProject
Project("{9A19103F-16F7-4668-BE54-9A1E7A4F7556}") = "MADE.Diagnostics.Tests", "tests\MADE.Diagnostics.Tests\MADE.Diagnostics.Tests.csproj", "{BA699DAD-25FA-4AAB-85FD-34D4E57DE920}"
EndProject
Project("{9A19103F-16F7-4668-BE54-9A1E7A4F7556}") = "MADE.Web", "src\MADE.Web\MADE.Web.csproj", "{A7EC4CC5-3800-4104-BAEF-49E8016740CF}"
EndProject
Project("{9A19103F-16F7-4668-BE54-9A1E7A4F7556}") = "MADE.Web.Tests", "tests\MADE.Web.Tests\MADE.Web.Tests.csproj", "{55930DA1-35A4-445A-8028-02D22AFF20DB}"
EndProject
Project("{9A19103F-16F7-4668-BE54-9A1E7A4F7556}") = "MADE.UI", "src\MADE.UI\MADE.UI.csproj", "{79AFD8FC-7789-47B7-B808-26E03D0F1E05}"
EndProject
Project("{9A19103F-16F7-4668-BE54-9A1E7A4F7556}") = "MADE.UI.Controls.DropDownList", "src\MADE.UI.Controls.DropDownList\MADE.UI.Controls.DropDownList.csproj", "{347CDC37-E140-42FA-8710-A0F3297D2B6B}"
EndProject
Project("{2150E333-8FDC-42A3-9474-1A3956D46DE8}") = "samples", "samples", "{B7EC0D82-6637-45BD-BBB4-62D730C85529}"
EndProject
Project("{FAE04EC0-301F-11D3-BF4B-00C04F79EFBC}") = "MADE.Samples.Windows", "samples\MADE.Samples.Windows\MADE.Samples.Windows.csproj", "{E35E04C2-0687-4800-99C1-48769A3BAFFF}"
EndProject
Project("{9A19103F-16F7-4668-BE54-9A1E7A4F7556}") = "MADE.UI.Controls.Validator", "src\MADE.UI.Controls.Validator\MADE.UI.Controls.Validator.csproj", "{E2B20928-DAE2-4A9C-BDAF-D787B4F48391}"
EndProject
Project("{9A19103F-16F7-4668-BE54-9A1E7A4F7556}") = "MADE.Web.Mvc", "src\MADE.Web.Mvc\MADE.Web.Mvc.csproj", "{CF632609-DE29-4375-B887-F0EB2EB6FC80}"
EndProject
Project("{9A19103F-16F7-4668-BE54-9A1E7A4F7556}") = "MADE.UI.Controls.FilePicker", "src\MADE.UI.Controls.FilePicker\MADE.UI.Controls.FilePicker.csproj", "{774FD8D5-CCC1-4EED-AA14-F7069BFAE5CE}"
EndProject
Project("{FAE04EC0-301F-11D3-BF4B-00C04F79EFBC}") = "MADE.Media.Image", "src\MADE.Media.Image\MADE.Media.Image.csproj", "{3038EDA8-3068-45AD-99A2-36986627B880}"
EndProject
Global
	GlobalSection(SolutionConfigurationPlatforms) = preSolution
		Debug|Any CPU = Debug|Any CPU
		Debug|ARM = Debug|ARM
		Debug|ARM64 = Debug|ARM64
		Debug|x64 = Debug|x64
		Debug|x86 = Debug|x86
		Release|Any CPU = Release|Any CPU
		Release|ARM = Release|ARM
		Release|ARM64 = Release|ARM64
		Release|x64 = Release|x64
		Release|x86 = Release|x86
	EndGlobalSection
	GlobalSection(ProjectConfigurationPlatforms) = postSolution
		{713AB96D-1EE2-45CA-A41E-47401EDCC656}.Debug|Any CPU.ActiveCfg = Debug|Any CPU
		{713AB96D-1EE2-45CA-A41E-47401EDCC656}.Debug|Any CPU.Build.0 = Debug|Any CPU
		{713AB96D-1EE2-45CA-A41E-47401EDCC656}.Debug|ARM.ActiveCfg = Debug|Any CPU
		{713AB96D-1EE2-45CA-A41E-47401EDCC656}.Debug|ARM.Build.0 = Debug|Any CPU
		{713AB96D-1EE2-45CA-A41E-47401EDCC656}.Debug|ARM64.ActiveCfg = Debug|Any CPU
		{713AB96D-1EE2-45CA-A41E-47401EDCC656}.Debug|ARM64.Build.0 = Debug|Any CPU
		{713AB96D-1EE2-45CA-A41E-47401EDCC656}.Debug|x64.ActiveCfg = Debug|Any CPU
		{713AB96D-1EE2-45CA-A41E-47401EDCC656}.Debug|x64.Build.0 = Debug|Any CPU
		{713AB96D-1EE2-45CA-A41E-47401EDCC656}.Debug|x86.ActiveCfg = Debug|Any CPU
		{713AB96D-1EE2-45CA-A41E-47401EDCC656}.Debug|x86.Build.0 = Debug|Any CPU
		{713AB96D-1EE2-45CA-A41E-47401EDCC656}.Release|Any CPU.ActiveCfg = Release|Any CPU
		{713AB96D-1EE2-45CA-A41E-47401EDCC656}.Release|Any CPU.Build.0 = Release|Any CPU
		{713AB96D-1EE2-45CA-A41E-47401EDCC656}.Release|ARM.ActiveCfg = Release|Any CPU
		{713AB96D-1EE2-45CA-A41E-47401EDCC656}.Release|ARM.Build.0 = Release|Any CPU
		{713AB96D-1EE2-45CA-A41E-47401EDCC656}.Release|ARM64.ActiveCfg = Release|Any CPU
		{713AB96D-1EE2-45CA-A41E-47401EDCC656}.Release|ARM64.Build.0 = Release|Any CPU
		{713AB96D-1EE2-45CA-A41E-47401EDCC656}.Release|x64.ActiveCfg = Release|Any CPU
		{713AB96D-1EE2-45CA-A41E-47401EDCC656}.Release|x64.Build.0 = Release|Any CPU
		{713AB96D-1EE2-45CA-A41E-47401EDCC656}.Release|x86.ActiveCfg = Release|Any CPU
		{713AB96D-1EE2-45CA-A41E-47401EDCC656}.Release|x86.Build.0 = Release|Any CPU
		{AA0647A7-110F-4FB8-88F7-A902CBB240A3}.Debug|Any CPU.ActiveCfg = Debug|Any CPU
		{AA0647A7-110F-4FB8-88F7-A902CBB240A3}.Debug|Any CPU.Build.0 = Debug|Any CPU
		{AA0647A7-110F-4FB8-88F7-A902CBB240A3}.Debug|ARM.ActiveCfg = Debug|Any CPU
		{AA0647A7-110F-4FB8-88F7-A902CBB240A3}.Debug|ARM.Build.0 = Debug|Any CPU
		{AA0647A7-110F-4FB8-88F7-A902CBB240A3}.Debug|ARM64.ActiveCfg = Debug|Any CPU
		{AA0647A7-110F-4FB8-88F7-A902CBB240A3}.Debug|ARM64.Build.0 = Debug|Any CPU
		{AA0647A7-110F-4FB8-88F7-A902CBB240A3}.Debug|x64.ActiveCfg = Debug|Any CPU
		{AA0647A7-110F-4FB8-88F7-A902CBB240A3}.Debug|x64.Build.0 = Debug|Any CPU
		{AA0647A7-110F-4FB8-88F7-A902CBB240A3}.Debug|x86.ActiveCfg = Debug|Any CPU
		{AA0647A7-110F-4FB8-88F7-A902CBB240A3}.Debug|x86.Build.0 = Debug|Any CPU
		{AA0647A7-110F-4FB8-88F7-A902CBB240A3}.Release|Any CPU.ActiveCfg = Release|Any CPU
		{AA0647A7-110F-4FB8-88F7-A902CBB240A3}.Release|Any CPU.Build.0 = Release|Any CPU
		{AA0647A7-110F-4FB8-88F7-A902CBB240A3}.Release|ARM.ActiveCfg = Release|Any CPU
		{AA0647A7-110F-4FB8-88F7-A902CBB240A3}.Release|ARM.Build.0 = Release|Any CPU
		{AA0647A7-110F-4FB8-88F7-A902CBB240A3}.Release|ARM64.ActiveCfg = Release|Any CPU
		{AA0647A7-110F-4FB8-88F7-A902CBB240A3}.Release|ARM64.Build.0 = Release|Any CPU
		{AA0647A7-110F-4FB8-88F7-A902CBB240A3}.Release|x64.ActiveCfg = Release|Any CPU
		{AA0647A7-110F-4FB8-88F7-A902CBB240A3}.Release|x64.Build.0 = Release|Any CPU
		{AA0647A7-110F-4FB8-88F7-A902CBB240A3}.Release|x86.ActiveCfg = Release|Any CPU
		{AA0647A7-110F-4FB8-88F7-A902CBB240A3}.Release|x86.Build.0 = Release|Any CPU
		{3DE798A8-6B5D-457E-A200-67AAF6FEAE8C}.Debug|Any CPU.ActiveCfg = Debug|Any CPU
		{3DE798A8-6B5D-457E-A200-67AAF6FEAE8C}.Debug|Any CPU.Build.0 = Debug|Any CPU
		{3DE798A8-6B5D-457E-A200-67AAF6FEAE8C}.Debug|ARM.ActiveCfg = Debug|Any CPU
		{3DE798A8-6B5D-457E-A200-67AAF6FEAE8C}.Debug|ARM.Build.0 = Debug|Any CPU
		{3DE798A8-6B5D-457E-A200-67AAF6FEAE8C}.Debug|ARM64.ActiveCfg = Debug|Any CPU
		{3DE798A8-6B5D-457E-A200-67AAF6FEAE8C}.Debug|ARM64.Build.0 = Debug|Any CPU
		{3DE798A8-6B5D-457E-A200-67AAF6FEAE8C}.Debug|x64.ActiveCfg = Debug|Any CPU
		{3DE798A8-6B5D-457E-A200-67AAF6FEAE8C}.Debug|x64.Build.0 = Debug|Any CPU
		{3DE798A8-6B5D-457E-A200-67AAF6FEAE8C}.Debug|x86.ActiveCfg = Debug|Any CPU
		{3DE798A8-6B5D-457E-A200-67AAF6FEAE8C}.Debug|x86.Build.0 = Debug|Any CPU
		{3DE798A8-6B5D-457E-A200-67AAF6FEAE8C}.Release|Any CPU.ActiveCfg = Release|Any CPU
		{3DE798A8-6B5D-457E-A200-67AAF6FEAE8C}.Release|Any CPU.Build.0 = Release|Any CPU
		{3DE798A8-6B5D-457E-A200-67AAF6FEAE8C}.Release|ARM.ActiveCfg = Release|Any CPU
		{3DE798A8-6B5D-457E-A200-67AAF6FEAE8C}.Release|ARM.Build.0 = Release|Any CPU
		{3DE798A8-6B5D-457E-A200-67AAF6FEAE8C}.Release|ARM64.ActiveCfg = Release|Any CPU
		{3DE798A8-6B5D-457E-A200-67AAF6FEAE8C}.Release|ARM64.Build.0 = Release|Any CPU
		{3DE798A8-6B5D-457E-A200-67AAF6FEAE8C}.Release|x64.ActiveCfg = Release|Any CPU
		{3DE798A8-6B5D-457E-A200-67AAF6FEAE8C}.Release|x64.Build.0 = Release|Any CPU
		{3DE798A8-6B5D-457E-A200-67AAF6FEAE8C}.Release|x86.ActiveCfg = Release|Any CPU
		{3DE798A8-6B5D-457E-A200-67AAF6FEAE8C}.Release|x86.Build.0 = Release|Any CPU
		{0E535C3C-D2D7-4675-94D9-7E5548111F7D}.Debug|Any CPU.ActiveCfg = Debug|Any CPU
		{0E535C3C-D2D7-4675-94D9-7E5548111F7D}.Debug|Any CPU.Build.0 = Debug|Any CPU
		{0E535C3C-D2D7-4675-94D9-7E5548111F7D}.Debug|ARM.ActiveCfg = Debug|Any CPU
		{0E535C3C-D2D7-4675-94D9-7E5548111F7D}.Debug|ARM.Build.0 = Debug|Any CPU
		{0E535C3C-D2D7-4675-94D9-7E5548111F7D}.Debug|ARM64.ActiveCfg = Debug|Any CPU
		{0E535C3C-D2D7-4675-94D9-7E5548111F7D}.Debug|ARM64.Build.0 = Debug|Any CPU
		{0E535C3C-D2D7-4675-94D9-7E5548111F7D}.Debug|x64.ActiveCfg = Debug|Any CPU
		{0E535C3C-D2D7-4675-94D9-7E5548111F7D}.Debug|x64.Build.0 = Debug|Any CPU
		{0E535C3C-D2D7-4675-94D9-7E5548111F7D}.Debug|x86.ActiveCfg = Debug|Any CPU
		{0E535C3C-D2D7-4675-94D9-7E5548111F7D}.Debug|x86.Build.0 = Debug|Any CPU
		{0E535C3C-D2D7-4675-94D9-7E5548111F7D}.Release|Any CPU.ActiveCfg = Release|Any CPU
		{0E535C3C-D2D7-4675-94D9-7E5548111F7D}.Release|Any CPU.Build.0 = Release|Any CPU
		{0E535C3C-D2D7-4675-94D9-7E5548111F7D}.Release|ARM.ActiveCfg = Release|Any CPU
		{0E535C3C-D2D7-4675-94D9-7E5548111F7D}.Release|ARM.Build.0 = Release|Any CPU
		{0E535C3C-D2D7-4675-94D9-7E5548111F7D}.Release|ARM64.ActiveCfg = Release|Any CPU
		{0E535C3C-D2D7-4675-94D9-7E5548111F7D}.Release|ARM64.Build.0 = Release|Any CPU
		{0E535C3C-D2D7-4675-94D9-7E5548111F7D}.Release|x64.ActiveCfg = Release|Any CPU
		{0E535C3C-D2D7-4675-94D9-7E5548111F7D}.Release|x64.Build.0 = Release|Any CPU
		{0E535C3C-D2D7-4675-94D9-7E5548111F7D}.Release|x86.ActiveCfg = Release|Any CPU
		{0E535C3C-D2D7-4675-94D9-7E5548111F7D}.Release|x86.Build.0 = Release|Any CPU
		{C506553C-49CD-48FB-9E5C-CB48B10D6006}.Debug|Any CPU.ActiveCfg = Debug|Any CPU
		{C506553C-49CD-48FB-9E5C-CB48B10D6006}.Debug|Any CPU.Build.0 = Debug|Any CPU
		{C506553C-49CD-48FB-9E5C-CB48B10D6006}.Debug|ARM.ActiveCfg = Debug|Any CPU
		{C506553C-49CD-48FB-9E5C-CB48B10D6006}.Debug|ARM.Build.0 = Debug|Any CPU
		{C506553C-49CD-48FB-9E5C-CB48B10D6006}.Debug|ARM64.ActiveCfg = Debug|Any CPU
		{C506553C-49CD-48FB-9E5C-CB48B10D6006}.Debug|ARM64.Build.0 = Debug|Any CPU
		{C506553C-49CD-48FB-9E5C-CB48B10D6006}.Debug|x64.ActiveCfg = Debug|Any CPU
		{C506553C-49CD-48FB-9E5C-CB48B10D6006}.Debug|x64.Build.0 = Debug|Any CPU
		{C506553C-49CD-48FB-9E5C-CB48B10D6006}.Debug|x86.ActiveCfg = Debug|Any CPU
		{C506553C-49CD-48FB-9E5C-CB48B10D6006}.Debug|x86.Build.0 = Debug|Any CPU
		{C506553C-49CD-48FB-9E5C-CB48B10D6006}.Release|Any CPU.ActiveCfg = Release|Any CPU
		{C506553C-49CD-48FB-9E5C-CB48B10D6006}.Release|Any CPU.Build.0 = Release|Any CPU
		{C506553C-49CD-48FB-9E5C-CB48B10D6006}.Release|ARM.ActiveCfg = Release|Any CPU
		{C506553C-49CD-48FB-9E5C-CB48B10D6006}.Release|ARM.Build.0 = Release|Any CPU
		{C506553C-49CD-48FB-9E5C-CB48B10D6006}.Release|ARM64.ActiveCfg = Release|Any CPU
		{C506553C-49CD-48FB-9E5C-CB48B10D6006}.Release|ARM64.Build.0 = Release|Any CPU
		{C506553C-49CD-48FB-9E5C-CB48B10D6006}.Release|x64.ActiveCfg = Release|Any CPU
		{C506553C-49CD-48FB-9E5C-CB48B10D6006}.Release|x64.Build.0 = Release|Any CPU
		{C506553C-49CD-48FB-9E5C-CB48B10D6006}.Release|x86.ActiveCfg = Release|Any CPU
		{C506553C-49CD-48FB-9E5C-CB48B10D6006}.Release|x86.Build.0 = Release|Any CPU
		{A3D57C41-6BB7-4826-AD16-6D9DE5736D6F}.Debug|Any CPU.ActiveCfg = Debug|Any CPU
		{A3D57C41-6BB7-4826-AD16-6D9DE5736D6F}.Debug|Any CPU.Build.0 = Debug|Any CPU
		{A3D57C41-6BB7-4826-AD16-6D9DE5736D6F}.Debug|ARM.ActiveCfg = Debug|Any CPU
		{A3D57C41-6BB7-4826-AD16-6D9DE5736D6F}.Debug|ARM.Build.0 = Debug|Any CPU
		{A3D57C41-6BB7-4826-AD16-6D9DE5736D6F}.Debug|ARM64.ActiveCfg = Debug|Any CPU
		{A3D57C41-6BB7-4826-AD16-6D9DE5736D6F}.Debug|ARM64.Build.0 = Debug|Any CPU
		{A3D57C41-6BB7-4826-AD16-6D9DE5736D6F}.Debug|x64.ActiveCfg = Debug|Any CPU
		{A3D57C41-6BB7-4826-AD16-6D9DE5736D6F}.Debug|x64.Build.0 = Debug|Any CPU
		{A3D57C41-6BB7-4826-AD16-6D9DE5736D6F}.Debug|x86.ActiveCfg = Debug|Any CPU
		{A3D57C41-6BB7-4826-AD16-6D9DE5736D6F}.Debug|x86.Build.0 = Debug|Any CPU
		{A3D57C41-6BB7-4826-AD16-6D9DE5736D6F}.Release|Any CPU.ActiveCfg = Release|Any CPU
		{A3D57C41-6BB7-4826-AD16-6D9DE5736D6F}.Release|Any CPU.Build.0 = Release|Any CPU
		{A3D57C41-6BB7-4826-AD16-6D9DE5736D6F}.Release|ARM.ActiveCfg = Release|Any CPU
		{A3D57C41-6BB7-4826-AD16-6D9DE5736D6F}.Release|ARM.Build.0 = Release|Any CPU
		{A3D57C41-6BB7-4826-AD16-6D9DE5736D6F}.Release|ARM64.ActiveCfg = Release|Any CPU
		{A3D57C41-6BB7-4826-AD16-6D9DE5736D6F}.Release|ARM64.Build.0 = Release|Any CPU
		{A3D57C41-6BB7-4826-AD16-6D9DE5736D6F}.Release|x64.ActiveCfg = Release|Any CPU
		{A3D57C41-6BB7-4826-AD16-6D9DE5736D6F}.Release|x64.Build.0 = Release|Any CPU
		{A3D57C41-6BB7-4826-AD16-6D9DE5736D6F}.Release|x86.ActiveCfg = Release|Any CPU
		{A3D57C41-6BB7-4826-AD16-6D9DE5736D6F}.Release|x86.Build.0 = Release|Any CPU
		{34CB8818-2A12-41FE-A8BD-80FBB225E87C}.Debug|Any CPU.ActiveCfg = Debug|Any CPU
		{34CB8818-2A12-41FE-A8BD-80FBB225E87C}.Debug|Any CPU.Build.0 = Debug|Any CPU
		{34CB8818-2A12-41FE-A8BD-80FBB225E87C}.Debug|ARM.ActiveCfg = Debug|Any CPU
		{34CB8818-2A12-41FE-A8BD-80FBB225E87C}.Debug|ARM.Build.0 = Debug|Any CPU
		{34CB8818-2A12-41FE-A8BD-80FBB225E87C}.Debug|ARM64.ActiveCfg = Debug|Any CPU
		{34CB8818-2A12-41FE-A8BD-80FBB225E87C}.Debug|ARM64.Build.0 = Debug|Any CPU
		{34CB8818-2A12-41FE-A8BD-80FBB225E87C}.Debug|x64.ActiveCfg = Debug|Any CPU
		{34CB8818-2A12-41FE-A8BD-80FBB225E87C}.Debug|x64.Build.0 = Debug|Any CPU
		{34CB8818-2A12-41FE-A8BD-80FBB225E87C}.Debug|x86.ActiveCfg = Debug|Any CPU
		{34CB8818-2A12-41FE-A8BD-80FBB225E87C}.Debug|x86.Build.0 = Debug|Any CPU
		{34CB8818-2A12-41FE-A8BD-80FBB225E87C}.Release|Any CPU.ActiveCfg = Release|Any CPU
		{34CB8818-2A12-41FE-A8BD-80FBB225E87C}.Release|Any CPU.Build.0 = Release|Any CPU
		{34CB8818-2A12-41FE-A8BD-80FBB225E87C}.Release|ARM.ActiveCfg = Release|Any CPU
		{34CB8818-2A12-41FE-A8BD-80FBB225E87C}.Release|ARM.Build.0 = Release|Any CPU
		{34CB8818-2A12-41FE-A8BD-80FBB225E87C}.Release|ARM64.ActiveCfg = Release|Any CPU
		{34CB8818-2A12-41FE-A8BD-80FBB225E87C}.Release|ARM64.Build.0 = Release|Any CPU
		{34CB8818-2A12-41FE-A8BD-80FBB225E87C}.Release|x64.ActiveCfg = Release|Any CPU
		{34CB8818-2A12-41FE-A8BD-80FBB225E87C}.Release|x64.Build.0 = Release|Any CPU
		{34CB8818-2A12-41FE-A8BD-80FBB225E87C}.Release|x86.ActiveCfg = Release|Any CPU
		{34CB8818-2A12-41FE-A8BD-80FBB225E87C}.Release|x86.Build.0 = Release|Any CPU
		{9D221A28-B726-4159-8C87-FCAAFECABD78}.Debug|Any CPU.ActiveCfg = Debug|Any CPU
		{9D221A28-B726-4159-8C87-FCAAFECABD78}.Debug|Any CPU.Build.0 = Debug|Any CPU
		{9D221A28-B726-4159-8C87-FCAAFECABD78}.Debug|ARM.ActiveCfg = Debug|Any CPU
		{9D221A28-B726-4159-8C87-FCAAFECABD78}.Debug|ARM.Build.0 = Debug|Any CPU
		{9D221A28-B726-4159-8C87-FCAAFECABD78}.Debug|ARM64.ActiveCfg = Debug|Any CPU
		{9D221A28-B726-4159-8C87-FCAAFECABD78}.Debug|ARM64.Build.0 = Debug|Any CPU
		{9D221A28-B726-4159-8C87-FCAAFECABD78}.Debug|x64.ActiveCfg = Debug|Any CPU
		{9D221A28-B726-4159-8C87-FCAAFECABD78}.Debug|x64.Build.0 = Debug|Any CPU
		{9D221A28-B726-4159-8C87-FCAAFECABD78}.Debug|x86.ActiveCfg = Debug|Any CPU
		{9D221A28-B726-4159-8C87-FCAAFECABD78}.Debug|x86.Build.0 = Debug|Any CPU
		{9D221A28-B726-4159-8C87-FCAAFECABD78}.Release|Any CPU.ActiveCfg = Release|Any CPU
		{9D221A28-B726-4159-8C87-FCAAFECABD78}.Release|Any CPU.Build.0 = Release|Any CPU
		{9D221A28-B726-4159-8C87-FCAAFECABD78}.Release|ARM.ActiveCfg = Release|Any CPU
		{9D221A28-B726-4159-8C87-FCAAFECABD78}.Release|ARM.Build.0 = Release|Any CPU
		{9D221A28-B726-4159-8C87-FCAAFECABD78}.Release|ARM64.ActiveCfg = Release|Any CPU
		{9D221A28-B726-4159-8C87-FCAAFECABD78}.Release|ARM64.Build.0 = Release|Any CPU
		{9D221A28-B726-4159-8C87-FCAAFECABD78}.Release|x64.ActiveCfg = Release|Any CPU
		{9D221A28-B726-4159-8C87-FCAAFECABD78}.Release|x64.Build.0 = Release|Any CPU
		{9D221A28-B726-4159-8C87-FCAAFECABD78}.Release|x86.ActiveCfg = Release|Any CPU
		{9D221A28-B726-4159-8C87-FCAAFECABD78}.Release|x86.Build.0 = Release|Any CPU
		{7C544F50-A3D5-4116-83B6-29199E41DA76}.Debug|Any CPU.ActiveCfg = Debug|Any CPU
		{7C544F50-A3D5-4116-83B6-29199E41DA76}.Debug|Any CPU.Build.0 = Debug|Any CPU
		{7C544F50-A3D5-4116-83B6-29199E41DA76}.Debug|ARM.ActiveCfg = Debug|Any CPU
		{7C544F50-A3D5-4116-83B6-29199E41DA76}.Debug|ARM.Build.0 = Debug|Any CPU
		{7C544F50-A3D5-4116-83B6-29199E41DA76}.Debug|ARM64.ActiveCfg = Debug|Any CPU
		{7C544F50-A3D5-4116-83B6-29199E41DA76}.Debug|ARM64.Build.0 = Debug|Any CPU
		{7C544F50-A3D5-4116-83B6-29199E41DA76}.Debug|x64.ActiveCfg = Debug|Any CPU
		{7C544F50-A3D5-4116-83B6-29199E41DA76}.Debug|x64.Build.0 = Debug|Any CPU
		{7C544F50-A3D5-4116-83B6-29199E41DA76}.Debug|x86.ActiveCfg = Debug|Any CPU
		{7C544F50-A3D5-4116-83B6-29199E41DA76}.Debug|x86.Build.0 = Debug|Any CPU
		{7C544F50-A3D5-4116-83B6-29199E41DA76}.Release|Any CPU.ActiveCfg = Release|Any CPU
		{7C544F50-A3D5-4116-83B6-29199E41DA76}.Release|Any CPU.Build.0 = Release|Any CPU
		{7C544F50-A3D5-4116-83B6-29199E41DA76}.Release|ARM.ActiveCfg = Release|Any CPU
		{7C544F50-A3D5-4116-83B6-29199E41DA76}.Release|ARM.Build.0 = Release|Any CPU
		{7C544F50-A3D5-4116-83B6-29199E41DA76}.Release|ARM64.ActiveCfg = Release|Any CPU
		{7C544F50-A3D5-4116-83B6-29199E41DA76}.Release|ARM64.Build.0 = Release|Any CPU
		{7C544F50-A3D5-4116-83B6-29199E41DA76}.Release|x64.ActiveCfg = Release|Any CPU
		{7C544F50-A3D5-4116-83B6-29199E41DA76}.Release|x64.Build.0 = Release|Any CPU
		{7C544F50-A3D5-4116-83B6-29199E41DA76}.Release|x86.ActiveCfg = Release|Any CPU
		{7C544F50-A3D5-4116-83B6-29199E41DA76}.Release|x86.Build.0 = Release|Any CPU
		{72B5F9E3-B979-4516-95C0-188BBF178331}.Debug|Any CPU.ActiveCfg = Debug|Any CPU
		{72B5F9E3-B979-4516-95C0-188BBF178331}.Debug|Any CPU.Build.0 = Debug|Any CPU
		{72B5F9E3-B979-4516-95C0-188BBF178331}.Debug|ARM.ActiveCfg = Debug|Any CPU
		{72B5F9E3-B979-4516-95C0-188BBF178331}.Debug|ARM.Build.0 = Debug|Any CPU
		{72B5F9E3-B979-4516-95C0-188BBF178331}.Debug|ARM64.ActiveCfg = Debug|Any CPU
		{72B5F9E3-B979-4516-95C0-188BBF178331}.Debug|ARM64.Build.0 = Debug|Any CPU
		{72B5F9E3-B979-4516-95C0-188BBF178331}.Debug|x64.ActiveCfg = Debug|Any CPU
		{72B5F9E3-B979-4516-95C0-188BBF178331}.Debug|x64.Build.0 = Debug|Any CPU
		{72B5F9E3-B979-4516-95C0-188BBF178331}.Debug|x86.ActiveCfg = Debug|Any CPU
		{72B5F9E3-B979-4516-95C0-188BBF178331}.Debug|x86.Build.0 = Debug|Any CPU
		{72B5F9E3-B979-4516-95C0-188BBF178331}.Release|Any CPU.ActiveCfg = Release|Any CPU
		{72B5F9E3-B979-4516-95C0-188BBF178331}.Release|Any CPU.Build.0 = Release|Any CPU
		{72B5F9E3-B979-4516-95C0-188BBF178331}.Release|ARM.ActiveCfg = Release|Any CPU
		{72B5F9E3-B979-4516-95C0-188BBF178331}.Release|ARM.Build.0 = Release|Any CPU
		{72B5F9E3-B979-4516-95C0-188BBF178331}.Release|ARM64.ActiveCfg = Release|Any CPU
		{72B5F9E3-B979-4516-95C0-188BBF178331}.Release|ARM64.Build.0 = Release|Any CPU
		{72B5F9E3-B979-4516-95C0-188BBF178331}.Release|x64.ActiveCfg = Release|Any CPU
		{72B5F9E3-B979-4516-95C0-188BBF178331}.Release|x64.Build.0 = Release|Any CPU
		{72B5F9E3-B979-4516-95C0-188BBF178331}.Release|x86.ActiveCfg = Release|Any CPU
		{72B5F9E3-B979-4516-95C0-188BBF178331}.Release|x86.Build.0 = Release|Any CPU
		{64021F1D-1F8C-488C-A729-1439BD84B94A}.Debug|Any CPU.ActiveCfg = Debug|Any CPU
		{64021F1D-1F8C-488C-A729-1439BD84B94A}.Debug|Any CPU.Build.0 = Debug|Any CPU
		{64021F1D-1F8C-488C-A729-1439BD84B94A}.Debug|ARM.ActiveCfg = Debug|Any CPU
		{64021F1D-1F8C-488C-A729-1439BD84B94A}.Debug|ARM.Build.0 = Debug|Any CPU
		{64021F1D-1F8C-488C-A729-1439BD84B94A}.Debug|ARM64.ActiveCfg = Debug|Any CPU
		{64021F1D-1F8C-488C-A729-1439BD84B94A}.Debug|ARM64.Build.0 = Debug|Any CPU
		{64021F1D-1F8C-488C-A729-1439BD84B94A}.Debug|x64.ActiveCfg = Debug|Any CPU
		{64021F1D-1F8C-488C-A729-1439BD84B94A}.Debug|x64.Build.0 = Debug|Any CPU
		{64021F1D-1F8C-488C-A729-1439BD84B94A}.Debug|x86.ActiveCfg = Debug|Any CPU
		{64021F1D-1F8C-488C-A729-1439BD84B94A}.Debug|x86.Build.0 = Debug|Any CPU
		{64021F1D-1F8C-488C-A729-1439BD84B94A}.Release|Any CPU.ActiveCfg = Release|Any CPU
		{64021F1D-1F8C-488C-A729-1439BD84B94A}.Release|Any CPU.Build.0 = Release|Any CPU
		{64021F1D-1F8C-488C-A729-1439BD84B94A}.Release|ARM.ActiveCfg = Release|Any CPU
		{64021F1D-1F8C-488C-A729-1439BD84B94A}.Release|ARM.Build.0 = Release|Any CPU
		{64021F1D-1F8C-488C-A729-1439BD84B94A}.Release|ARM64.ActiveCfg = Release|Any CPU
		{64021F1D-1F8C-488C-A729-1439BD84B94A}.Release|ARM64.Build.0 = Release|Any CPU
		{64021F1D-1F8C-488C-A729-1439BD84B94A}.Release|x64.ActiveCfg = Release|Any CPU
		{64021F1D-1F8C-488C-A729-1439BD84B94A}.Release|x64.Build.0 = Release|Any CPU
		{64021F1D-1F8C-488C-A729-1439BD84B94A}.Release|x86.ActiveCfg = Release|Any CPU
		{64021F1D-1F8C-488C-A729-1439BD84B94A}.Release|x86.Build.0 = Release|Any CPU
		{BA699DAD-25FA-4AAB-85FD-34D4E57DE920}.Debug|Any CPU.ActiveCfg = Debug|Any CPU
		{BA699DAD-25FA-4AAB-85FD-34D4E57DE920}.Debug|Any CPU.Build.0 = Debug|Any CPU
		{BA699DAD-25FA-4AAB-85FD-34D4E57DE920}.Debug|ARM.ActiveCfg = Debug|Any CPU
		{BA699DAD-25FA-4AAB-85FD-34D4E57DE920}.Debug|ARM.Build.0 = Debug|Any CPU
		{BA699DAD-25FA-4AAB-85FD-34D4E57DE920}.Debug|ARM64.ActiveCfg = Debug|Any CPU
		{BA699DAD-25FA-4AAB-85FD-34D4E57DE920}.Debug|ARM64.Build.0 = Debug|Any CPU
		{BA699DAD-25FA-4AAB-85FD-34D4E57DE920}.Debug|x64.ActiveCfg = Debug|Any CPU
		{BA699DAD-25FA-4AAB-85FD-34D4E57DE920}.Debug|x64.Build.0 = Debug|Any CPU
		{BA699DAD-25FA-4AAB-85FD-34D4E57DE920}.Debug|x86.ActiveCfg = Debug|Any CPU
		{BA699DAD-25FA-4AAB-85FD-34D4E57DE920}.Debug|x86.Build.0 = Debug|Any CPU
		{BA699DAD-25FA-4AAB-85FD-34D4E57DE920}.Release|Any CPU.ActiveCfg = Release|Any CPU
		{BA699DAD-25FA-4AAB-85FD-34D4E57DE920}.Release|Any CPU.Build.0 = Release|Any CPU
		{BA699DAD-25FA-4AAB-85FD-34D4E57DE920}.Release|ARM.ActiveCfg = Release|Any CPU
		{BA699DAD-25FA-4AAB-85FD-34D4E57DE920}.Release|ARM.Build.0 = Release|Any CPU
		{BA699DAD-25FA-4AAB-85FD-34D4E57DE920}.Release|ARM64.ActiveCfg = Release|Any CPU
		{BA699DAD-25FA-4AAB-85FD-34D4E57DE920}.Release|ARM64.Build.0 = Release|Any CPU
		{BA699DAD-25FA-4AAB-85FD-34D4E57DE920}.Release|x64.ActiveCfg = Release|Any CPU
		{BA699DAD-25FA-4AAB-85FD-34D4E57DE920}.Release|x64.Build.0 = Release|Any CPU
		{BA699DAD-25FA-4AAB-85FD-34D4E57DE920}.Release|x86.ActiveCfg = Release|Any CPU
		{BA699DAD-25FA-4AAB-85FD-34D4E57DE920}.Release|x86.Build.0 = Release|Any CPU
		{A7EC4CC5-3800-4104-BAEF-49E8016740CF}.Debug|Any CPU.ActiveCfg = Debug|Any CPU
		{A7EC4CC5-3800-4104-BAEF-49E8016740CF}.Debug|Any CPU.Build.0 = Debug|Any CPU
		{A7EC4CC5-3800-4104-BAEF-49E8016740CF}.Debug|ARM.ActiveCfg = Debug|Any CPU
		{A7EC4CC5-3800-4104-BAEF-49E8016740CF}.Debug|ARM.Build.0 = Debug|Any CPU
		{A7EC4CC5-3800-4104-BAEF-49E8016740CF}.Debug|ARM64.ActiveCfg = Debug|Any CPU
		{A7EC4CC5-3800-4104-BAEF-49E8016740CF}.Debug|ARM64.Build.0 = Debug|Any CPU
		{A7EC4CC5-3800-4104-BAEF-49E8016740CF}.Debug|x64.ActiveCfg = Debug|Any CPU
		{A7EC4CC5-3800-4104-BAEF-49E8016740CF}.Debug|x64.Build.0 = Debug|Any CPU
		{A7EC4CC5-3800-4104-BAEF-49E8016740CF}.Debug|x86.ActiveCfg = Debug|Any CPU
		{A7EC4CC5-3800-4104-BAEF-49E8016740CF}.Debug|x86.Build.0 = Debug|Any CPU
		{A7EC4CC5-3800-4104-BAEF-49E8016740CF}.Release|Any CPU.ActiveCfg = Release|Any CPU
		{A7EC4CC5-3800-4104-BAEF-49E8016740CF}.Release|Any CPU.Build.0 = Release|Any CPU
		{A7EC4CC5-3800-4104-BAEF-49E8016740CF}.Release|ARM.ActiveCfg = Release|Any CPU
		{A7EC4CC5-3800-4104-BAEF-49E8016740CF}.Release|ARM.Build.0 = Release|Any CPU
		{A7EC4CC5-3800-4104-BAEF-49E8016740CF}.Release|ARM64.ActiveCfg = Release|Any CPU
		{A7EC4CC5-3800-4104-BAEF-49E8016740CF}.Release|ARM64.Build.0 = Release|Any CPU
		{A7EC4CC5-3800-4104-BAEF-49E8016740CF}.Release|x64.ActiveCfg = Release|Any CPU
		{A7EC4CC5-3800-4104-BAEF-49E8016740CF}.Release|x64.Build.0 = Release|Any CPU
		{A7EC4CC5-3800-4104-BAEF-49E8016740CF}.Release|x86.ActiveCfg = Release|Any CPU
		{A7EC4CC5-3800-4104-BAEF-49E8016740CF}.Release|x86.Build.0 = Release|Any CPU
		{55930DA1-35A4-445A-8028-02D22AFF20DB}.Debug|Any CPU.ActiveCfg = Debug|Any CPU
		{55930DA1-35A4-445A-8028-02D22AFF20DB}.Debug|Any CPU.Build.0 = Debug|Any CPU
		{55930DA1-35A4-445A-8028-02D22AFF20DB}.Debug|ARM.ActiveCfg = Debug|Any CPU
		{55930DA1-35A4-445A-8028-02D22AFF20DB}.Debug|ARM.Build.0 = Debug|Any CPU
		{55930DA1-35A4-445A-8028-02D22AFF20DB}.Debug|ARM64.ActiveCfg = Debug|Any CPU
		{55930DA1-35A4-445A-8028-02D22AFF20DB}.Debug|ARM64.Build.0 = Debug|Any CPU
		{55930DA1-35A4-445A-8028-02D22AFF20DB}.Debug|x64.ActiveCfg = Debug|Any CPU
		{55930DA1-35A4-445A-8028-02D22AFF20DB}.Debug|x64.Build.0 = Debug|Any CPU
		{55930DA1-35A4-445A-8028-02D22AFF20DB}.Debug|x86.ActiveCfg = Debug|Any CPU
		{55930DA1-35A4-445A-8028-02D22AFF20DB}.Debug|x86.Build.0 = Debug|Any CPU
		{55930DA1-35A4-445A-8028-02D22AFF20DB}.Release|Any CPU.ActiveCfg = Release|Any CPU
		{55930DA1-35A4-445A-8028-02D22AFF20DB}.Release|Any CPU.Build.0 = Release|Any CPU
		{55930DA1-35A4-445A-8028-02D22AFF20DB}.Release|ARM.ActiveCfg = Release|Any CPU
		{55930DA1-35A4-445A-8028-02D22AFF20DB}.Release|ARM.Build.0 = Release|Any CPU
		{55930DA1-35A4-445A-8028-02D22AFF20DB}.Release|ARM64.ActiveCfg = Release|Any CPU
		{55930DA1-35A4-445A-8028-02D22AFF20DB}.Release|ARM64.Build.0 = Release|Any CPU
		{55930DA1-35A4-445A-8028-02D22AFF20DB}.Release|x64.ActiveCfg = Release|Any CPU
		{55930DA1-35A4-445A-8028-02D22AFF20DB}.Release|x64.Build.0 = Release|Any CPU
		{55930DA1-35A4-445A-8028-02D22AFF20DB}.Release|x86.ActiveCfg = Release|Any CPU
		{55930DA1-35A4-445A-8028-02D22AFF20DB}.Release|x86.Build.0 = Release|Any CPU
		{79AFD8FC-7789-47B7-B808-26E03D0F1E05}.Debug|Any CPU.ActiveCfg = Debug|Any CPU
		{79AFD8FC-7789-47B7-B808-26E03D0F1E05}.Debug|Any CPU.Build.0 = Debug|Any CPU
		{79AFD8FC-7789-47B7-B808-26E03D0F1E05}.Debug|ARM.ActiveCfg = Debug|Any CPU
		{79AFD8FC-7789-47B7-B808-26E03D0F1E05}.Debug|ARM.Build.0 = Debug|Any CPU
		{79AFD8FC-7789-47B7-B808-26E03D0F1E05}.Debug|ARM64.ActiveCfg = Debug|Any CPU
		{79AFD8FC-7789-47B7-B808-26E03D0F1E05}.Debug|ARM64.Build.0 = Debug|Any CPU
		{79AFD8FC-7789-47B7-B808-26E03D0F1E05}.Debug|x64.ActiveCfg = Debug|Any CPU
		{79AFD8FC-7789-47B7-B808-26E03D0F1E05}.Debug|x64.Build.0 = Debug|Any CPU
		{79AFD8FC-7789-47B7-B808-26E03D0F1E05}.Debug|x86.ActiveCfg = Debug|Any CPU
		{79AFD8FC-7789-47B7-B808-26E03D0F1E05}.Debug|x86.Build.0 = Debug|Any CPU
		{79AFD8FC-7789-47B7-B808-26E03D0F1E05}.Release|Any CPU.ActiveCfg = Release|Any CPU
		{79AFD8FC-7789-47B7-B808-26E03D0F1E05}.Release|Any CPU.Build.0 = Release|Any CPU
		{79AFD8FC-7789-47B7-B808-26E03D0F1E05}.Release|ARM.ActiveCfg = Release|Any CPU
		{79AFD8FC-7789-47B7-B808-26E03D0F1E05}.Release|ARM.Build.0 = Release|Any CPU
		{79AFD8FC-7789-47B7-B808-26E03D0F1E05}.Release|ARM64.ActiveCfg = Release|Any CPU
		{79AFD8FC-7789-47B7-B808-26E03D0F1E05}.Release|ARM64.Build.0 = Release|Any CPU
		{79AFD8FC-7789-47B7-B808-26E03D0F1E05}.Release|x64.ActiveCfg = Release|Any CPU
		{79AFD8FC-7789-47B7-B808-26E03D0F1E05}.Release|x64.Build.0 = Release|Any CPU
		{79AFD8FC-7789-47B7-B808-26E03D0F1E05}.Release|x86.ActiveCfg = Release|Any CPU
		{79AFD8FC-7789-47B7-B808-26E03D0F1E05}.Release|x86.Build.0 = Release|Any CPU
		{347CDC37-E140-42FA-8710-A0F3297D2B6B}.Debug|Any CPU.ActiveCfg = Debug|Any CPU
		{347CDC37-E140-42FA-8710-A0F3297D2B6B}.Debug|Any CPU.Build.0 = Debug|Any CPU
		{347CDC37-E140-42FA-8710-A0F3297D2B6B}.Debug|ARM.ActiveCfg = Debug|Any CPU
		{347CDC37-E140-42FA-8710-A0F3297D2B6B}.Debug|ARM.Build.0 = Debug|Any CPU
		{347CDC37-E140-42FA-8710-A0F3297D2B6B}.Debug|ARM64.ActiveCfg = Debug|Any CPU
		{347CDC37-E140-42FA-8710-A0F3297D2B6B}.Debug|ARM64.Build.0 = Debug|Any CPU
		{347CDC37-E140-42FA-8710-A0F3297D2B6B}.Debug|x64.ActiveCfg = Debug|Any CPU
		{347CDC37-E140-42FA-8710-A0F3297D2B6B}.Debug|x64.Build.0 = Debug|Any CPU
		{347CDC37-E140-42FA-8710-A0F3297D2B6B}.Debug|x86.ActiveCfg = Debug|Any CPU
		{347CDC37-E140-42FA-8710-A0F3297D2B6B}.Debug|x86.Build.0 = Debug|Any CPU
		{347CDC37-E140-42FA-8710-A0F3297D2B6B}.Release|Any CPU.ActiveCfg = Release|Any CPU
		{347CDC37-E140-42FA-8710-A0F3297D2B6B}.Release|Any CPU.Build.0 = Release|Any CPU
		{347CDC37-E140-42FA-8710-A0F3297D2B6B}.Release|ARM.ActiveCfg = Release|Any CPU
		{347CDC37-E140-42FA-8710-A0F3297D2B6B}.Release|ARM.Build.0 = Release|Any CPU
		{347CDC37-E140-42FA-8710-A0F3297D2B6B}.Release|ARM64.ActiveCfg = Release|Any CPU
		{347CDC37-E140-42FA-8710-A0F3297D2B6B}.Release|ARM64.Build.0 = Release|Any CPU
		{347CDC37-E140-42FA-8710-A0F3297D2B6B}.Release|x64.ActiveCfg = Release|Any CPU
		{347CDC37-E140-42FA-8710-A0F3297D2B6B}.Release|x64.Build.0 = Release|Any CPU
		{347CDC37-E140-42FA-8710-A0F3297D2B6B}.Release|x86.ActiveCfg = Release|Any CPU
		{347CDC37-E140-42FA-8710-A0F3297D2B6B}.Release|x86.Build.0 = Release|Any CPU
		{E35E04C2-0687-4800-99C1-48769A3BAFFF}.Debug|Any CPU.ActiveCfg = Debug|x86
		{E35E04C2-0687-4800-99C1-48769A3BAFFF}.Debug|ARM.ActiveCfg = Debug|ARM
		{E35E04C2-0687-4800-99C1-48769A3BAFFF}.Debug|ARM.Build.0 = Debug|ARM
		{E35E04C2-0687-4800-99C1-48769A3BAFFF}.Debug|ARM.Deploy.0 = Debug|ARM
		{E35E04C2-0687-4800-99C1-48769A3BAFFF}.Debug|ARM64.ActiveCfg = Debug|ARM64
		{E35E04C2-0687-4800-99C1-48769A3BAFFF}.Debug|ARM64.Build.0 = Debug|ARM64
		{E35E04C2-0687-4800-99C1-48769A3BAFFF}.Debug|ARM64.Deploy.0 = Debug|ARM64
		{E35E04C2-0687-4800-99C1-48769A3BAFFF}.Debug|x64.ActiveCfg = Debug|x64
		{E35E04C2-0687-4800-99C1-48769A3BAFFF}.Debug|x64.Build.0 = Debug|x64
		{E35E04C2-0687-4800-99C1-48769A3BAFFF}.Debug|x64.Deploy.0 = Debug|x64
		{E35E04C2-0687-4800-99C1-48769A3BAFFF}.Debug|x86.ActiveCfg = Debug|x86
		{E35E04C2-0687-4800-99C1-48769A3BAFFF}.Debug|x86.Build.0 = Debug|x86
		{E35E04C2-0687-4800-99C1-48769A3BAFFF}.Debug|x86.Deploy.0 = Debug|x86
		{E35E04C2-0687-4800-99C1-48769A3BAFFF}.Release|Any CPU.ActiveCfg = Release|x86
		{E35E04C2-0687-4800-99C1-48769A3BAFFF}.Release|ARM.ActiveCfg = Release|ARM
		{E35E04C2-0687-4800-99C1-48769A3BAFFF}.Release|ARM.Build.0 = Release|ARM
		{E35E04C2-0687-4800-99C1-48769A3BAFFF}.Release|ARM.Deploy.0 = Release|ARM
		{E35E04C2-0687-4800-99C1-48769A3BAFFF}.Release|ARM64.ActiveCfg = Release|ARM64
		{E35E04C2-0687-4800-99C1-48769A3BAFFF}.Release|ARM64.Build.0 = Release|ARM64
		{E35E04C2-0687-4800-99C1-48769A3BAFFF}.Release|ARM64.Deploy.0 = Release|ARM64
		{E35E04C2-0687-4800-99C1-48769A3BAFFF}.Release|x64.ActiveCfg = Release|x64
		{E35E04C2-0687-4800-99C1-48769A3BAFFF}.Release|x64.Build.0 = Release|x64
		{E35E04C2-0687-4800-99C1-48769A3BAFFF}.Release|x64.Deploy.0 = Release|x64
		{E35E04C2-0687-4800-99C1-48769A3BAFFF}.Release|x86.ActiveCfg = Release|x86
		{E35E04C2-0687-4800-99C1-48769A3BAFFF}.Release|x86.Build.0 = Release|x86
		{E35E04C2-0687-4800-99C1-48769A3BAFFF}.Release|x86.Deploy.0 = Release|x86
		{E2B20928-DAE2-4A9C-BDAF-D787B4F48391}.Debug|Any CPU.ActiveCfg = Debug|Any CPU
		{E2B20928-DAE2-4A9C-BDAF-D787B4F48391}.Debug|Any CPU.Build.0 = Debug|Any CPU
		{E2B20928-DAE2-4A9C-BDAF-D787B4F48391}.Debug|ARM.ActiveCfg = Debug|Any CPU
		{E2B20928-DAE2-4A9C-BDAF-D787B4F48391}.Debug|ARM.Build.0 = Debug|Any CPU
		{E2B20928-DAE2-4A9C-BDAF-D787B4F48391}.Debug|ARM64.ActiveCfg = Debug|Any CPU
		{E2B20928-DAE2-4A9C-BDAF-D787B4F48391}.Debug|ARM64.Build.0 = Debug|Any CPU
		{E2B20928-DAE2-4A9C-BDAF-D787B4F48391}.Debug|x64.ActiveCfg = Debug|Any CPU
		{E2B20928-DAE2-4A9C-BDAF-D787B4F48391}.Debug|x64.Build.0 = Debug|Any CPU
		{E2B20928-DAE2-4A9C-BDAF-D787B4F48391}.Debug|x86.ActiveCfg = Debug|Any CPU
		{E2B20928-DAE2-4A9C-BDAF-D787B4F48391}.Debug|x86.Build.0 = Debug|Any CPU
		{E2B20928-DAE2-4A9C-BDAF-D787B4F48391}.Release|Any CPU.ActiveCfg = Release|Any CPU
		{E2B20928-DAE2-4A9C-BDAF-D787B4F48391}.Release|Any CPU.Build.0 = Release|Any CPU
		{E2B20928-DAE2-4A9C-BDAF-D787B4F48391}.Release|ARM.ActiveCfg = Release|Any CPU
		{E2B20928-DAE2-4A9C-BDAF-D787B4F48391}.Release|ARM.Build.0 = Release|Any CPU
		{E2B20928-DAE2-4A9C-BDAF-D787B4F48391}.Release|ARM64.ActiveCfg = Release|Any CPU
		{E2B20928-DAE2-4A9C-BDAF-D787B4F48391}.Release|ARM64.Build.0 = Release|Any CPU
		{E2B20928-DAE2-4A9C-BDAF-D787B4F48391}.Release|x64.ActiveCfg = Release|Any CPU
		{E2B20928-DAE2-4A9C-BDAF-D787B4F48391}.Release|x64.Build.0 = Release|Any CPU
		{E2B20928-DAE2-4A9C-BDAF-D787B4F48391}.Release|x86.ActiveCfg = Release|Any CPU
		{E2B20928-DAE2-4A9C-BDAF-D787B4F48391}.Release|x86.Build.0 = Release|Any CPU
		{CF632609-DE29-4375-B887-F0EB2EB6FC80}.Debug|Any CPU.ActiveCfg = Debug|Any CPU
		{CF632609-DE29-4375-B887-F0EB2EB6FC80}.Debug|Any CPU.Build.0 = Debug|Any CPU
		{CF632609-DE29-4375-B887-F0EB2EB6FC80}.Debug|ARM.ActiveCfg = Debug|Any CPU
		{CF632609-DE29-4375-B887-F0EB2EB6FC80}.Debug|ARM.Build.0 = Debug|Any CPU
		{CF632609-DE29-4375-B887-F0EB2EB6FC80}.Debug|ARM64.ActiveCfg = Debug|Any CPU
		{CF632609-DE29-4375-B887-F0EB2EB6FC80}.Debug|ARM64.Build.0 = Debug|Any CPU
		{CF632609-DE29-4375-B887-F0EB2EB6FC80}.Debug|x64.ActiveCfg = Debug|Any CPU
		{CF632609-DE29-4375-B887-F0EB2EB6FC80}.Debug|x64.Build.0 = Debug|Any CPU
		{CF632609-DE29-4375-B887-F0EB2EB6FC80}.Debug|x86.ActiveCfg = Debug|Any CPU
		{CF632609-DE29-4375-B887-F0EB2EB6FC80}.Debug|x86.Build.0 = Debug|Any CPU
		{CF632609-DE29-4375-B887-F0EB2EB6FC80}.Release|Any CPU.ActiveCfg = Release|Any CPU
		{CF632609-DE29-4375-B887-F0EB2EB6FC80}.Release|Any CPU.Build.0 = Release|Any CPU
		{CF632609-DE29-4375-B887-F0EB2EB6FC80}.Release|ARM.ActiveCfg = Release|Any CPU
		{CF632609-DE29-4375-B887-F0EB2EB6FC80}.Release|ARM.Build.0 = Release|Any CPU
		{CF632609-DE29-4375-B887-F0EB2EB6FC80}.Release|ARM64.ActiveCfg = Release|Any CPU
		{CF632609-DE29-4375-B887-F0EB2EB6FC80}.Release|ARM64.Build.0 = Release|Any CPU
		{CF632609-DE29-4375-B887-F0EB2EB6FC80}.Release|x64.ActiveCfg = Release|Any CPU
		{CF632609-DE29-4375-B887-F0EB2EB6FC80}.Release|x64.Build.0 = Release|Any CPU
		{CF632609-DE29-4375-B887-F0EB2EB6FC80}.Release|x86.ActiveCfg = Release|Any CPU
		{CF632609-DE29-4375-B887-F0EB2EB6FC80}.Release|x86.Build.0 = Release|Any CPU
		{774FD8D5-CCC1-4EED-AA14-F7069BFAE5CE}.Debug|Any CPU.ActiveCfg = Debug|Any CPU
		{774FD8D5-CCC1-4EED-AA14-F7069BFAE5CE}.Debug|Any CPU.Build.0 = Debug|Any CPU
		{774FD8D5-CCC1-4EED-AA14-F7069BFAE5CE}.Debug|ARM.ActiveCfg = Debug|Any CPU
		{774FD8D5-CCC1-4EED-AA14-F7069BFAE5CE}.Debug|ARM.Build.0 = Debug|Any CPU
		{774FD8D5-CCC1-4EED-AA14-F7069BFAE5CE}.Debug|ARM64.ActiveCfg = Debug|Any CPU
		{774FD8D5-CCC1-4EED-AA14-F7069BFAE5CE}.Debug|ARM64.Build.0 = Debug|Any CPU
		{774FD8D5-CCC1-4EED-AA14-F7069BFAE5CE}.Debug|x64.ActiveCfg = Debug|Any CPU
		{774FD8D5-CCC1-4EED-AA14-F7069BFAE5CE}.Debug|x64.Build.0 = Debug|Any CPU
		{774FD8D5-CCC1-4EED-AA14-F7069BFAE5CE}.Debug|x86.ActiveCfg = Debug|Any CPU
		{774FD8D5-CCC1-4EED-AA14-F7069BFAE5CE}.Debug|x86.Build.0 = Debug|Any CPU
		{774FD8D5-CCC1-4EED-AA14-F7069BFAE5CE}.Release|Any CPU.ActiveCfg = Release|Any CPU
		{774FD8D5-CCC1-4EED-AA14-F7069BFAE5CE}.Release|Any CPU.Build.0 = Release|Any CPU
		{774FD8D5-CCC1-4EED-AA14-F7069BFAE5CE}.Release|ARM.ActiveCfg = Release|Any CPU
		{774FD8D5-CCC1-4EED-AA14-F7069BFAE5CE}.Release|ARM.Build.0 = Release|Any CPU
		{774FD8D5-CCC1-4EED-AA14-F7069BFAE5CE}.Release|ARM64.ActiveCfg = Release|Any CPU
		{774FD8D5-CCC1-4EED-AA14-F7069BFAE5CE}.Release|ARM64.Build.0 = Release|Any CPU
		{774FD8D5-CCC1-4EED-AA14-F7069BFAE5CE}.Release|x64.ActiveCfg = Release|Any CPU
		{774FD8D5-CCC1-4EED-AA14-F7069BFAE5CE}.Release|x64.Build.0 = Release|Any CPU
		{774FD8D5-CCC1-4EED-AA14-F7069BFAE5CE}.Release|x86.ActiveCfg = Release|Any CPU
		{774FD8D5-CCC1-4EED-AA14-F7069BFAE5CE}.Release|x86.Build.0 = Release|Any CPU
		{3038EDA8-3068-45AD-99A2-36986627B880}.Debug|Any CPU.ActiveCfg = Debug|Any CPU
		{3038EDA8-3068-45AD-99A2-36986627B880}.Debug|Any CPU.Build.0 = Debug|Any CPU
		{3038EDA8-3068-45AD-99A2-36986627B880}.Debug|ARM.ActiveCfg = Debug|Any CPU
		{3038EDA8-3068-45AD-99A2-36986627B880}.Debug|ARM.Build.0 = Debug|Any CPU
		{3038EDA8-3068-45AD-99A2-36986627B880}.Debug|ARM64.ActiveCfg = Debug|Any CPU
		{3038EDA8-3068-45AD-99A2-36986627B880}.Debug|ARM64.Build.0 = Debug|Any CPU
		{3038EDA8-3068-45AD-99A2-36986627B880}.Debug|x64.ActiveCfg = Debug|Any CPU
		{3038EDA8-3068-45AD-99A2-36986627B880}.Debug|x64.Build.0 = Debug|Any CPU
		{3038EDA8-3068-45AD-99A2-36986627B880}.Debug|x86.ActiveCfg = Debug|Any CPU
		{3038EDA8-3068-45AD-99A2-36986627B880}.Debug|x86.Build.0 = Debug|Any CPU
		{3038EDA8-3068-45AD-99A2-36986627B880}.Release|Any CPU.ActiveCfg = Release|Any CPU
		{3038EDA8-3068-45AD-99A2-36986627B880}.Release|Any CPU.Build.0 = Release|Any CPU
		{3038EDA8-3068-45AD-99A2-36986627B880}.Release|ARM.ActiveCfg = Release|Any CPU
		{3038EDA8-3068-45AD-99A2-36986627B880}.Release|ARM.Build.0 = Release|Any CPU
		{3038EDA8-3068-45AD-99A2-36986627B880}.Release|ARM64.ActiveCfg = Release|Any CPU
		{3038EDA8-3068-45AD-99A2-36986627B880}.Release|ARM64.Build.0 = Release|Any CPU
		{3038EDA8-3068-45AD-99A2-36986627B880}.Release|x64.ActiveCfg = Release|Any CPU
		{3038EDA8-3068-45AD-99A2-36986627B880}.Release|x64.Build.0 = Release|Any CPU
		{3038EDA8-3068-45AD-99A2-36986627B880}.Release|x86.ActiveCfg = Release|Any CPU
		{3038EDA8-3068-45AD-99A2-36986627B880}.Release|x86.Build.0 = Release|Any CPU
	EndGlobalSection
	GlobalSection(SolutionProperties) = preSolution
		HideSolutionNode = FALSE
	EndGlobalSection
	GlobalSection(NestedProjects) = preSolution
		{713AB96D-1EE2-45CA-A41E-47401EDCC656} = {01380FB8-F8A7-4416-AABA-5407574B7723}
		{AA0647A7-110F-4FB8-88F7-A902CBB240A3} = {01380FB8-F8A7-4416-AABA-5407574B7723}
		{3DE798A8-6B5D-457E-A200-67AAF6FEAE8C} = {01380FB8-F8A7-4416-AABA-5407574B7723}
		{0E535C3C-D2D7-4675-94D9-7E5548111F7D} = {01380FB8-F8A7-4416-AABA-5407574B7723}
		{C506553C-49CD-48FB-9E5C-CB48B10D6006} = {01380FB8-F8A7-4416-AABA-5407574B7723}
		{A3D57C41-6BB7-4826-AD16-6D9DE5736D6F} = {69149D0F-BB09-411B-88F0-A1E845058D70}
		{34CB8818-2A12-41FE-A8BD-80FBB225E87C} = {01380FB8-F8A7-4416-AABA-5407574B7723}
		{9D221A28-B726-4159-8C87-FCAAFECABD78} = {01380FB8-F8A7-4416-AABA-5407574B7723}
		{7C544F50-A3D5-4116-83B6-29199E41DA76} = {69149D0F-BB09-411B-88F0-A1E845058D70}
		{72B5F9E3-B979-4516-95C0-188BBF178331} = {01380FB8-F8A7-4416-AABA-5407574B7723}
		{64021F1D-1F8C-488C-A729-1439BD84B94A} = {69149D0F-BB09-411B-88F0-A1E845058D70}
		{BA699DAD-25FA-4AAB-85FD-34D4E57DE920} = {69149D0F-BB09-411B-88F0-A1E845058D70}
		{A7EC4CC5-3800-4104-BAEF-49E8016740CF} = {01380FB8-F8A7-4416-AABA-5407574B7723}
		{55930DA1-35A4-445A-8028-02D22AFF20DB} = {69149D0F-BB09-411B-88F0-A1E845058D70}
		{79AFD8FC-7789-47B7-B808-26E03D0F1E05} = {01380FB8-F8A7-4416-AABA-5407574B7723}
		{347CDC37-E140-42FA-8710-A0F3297D2B6B} = {01380FB8-F8A7-4416-AABA-5407574B7723}
		{E35E04C2-0687-4800-99C1-48769A3BAFFF} = {B7EC0D82-6637-45BD-BBB4-62D730C85529}
		{E2B20928-DAE2-4A9C-BDAF-D787B4F48391} = {01380FB8-F8A7-4416-AABA-5407574B7723}
		{CF632609-DE29-4375-B887-F0EB2EB6FC80} = {01380FB8-F8A7-4416-AABA-5407574B7723}
		{774FD8D5-CCC1-4EED-AA14-F7069BFAE5CE} = {01380FB8-F8A7-4416-AABA-5407574B7723}
		{3038EDA8-3068-45AD-99A2-36986627B880} = {01380FB8-F8A7-4416-AABA-5407574B7723}
	EndGlobalSection
	GlobalSection(ExtensibilityGlobals) = postSolution
		SolutionGuid = {3921AD86-E6C0-4436-8880-2D9EDFAD6151}
	EndGlobalSection
EndGlobal
