
Microsoft Visual Studio Solution File, Format Version 12.00
# Visual Studio 15
VisualStudioVersion = 15.0.27004.2005
MinimumVisualStudioVersion = 10.0.40219.1
Project("{2150E333-8FDC-42A3-9474-1A3956D46DE8}") = "Controls", "Controls", "{DD543EEB-8283-40E6-8BB4-3ED14274517B}"
EndProject
Project("{2150E333-8FDC-42A3-9474-1A3956D46DE8}") = "Common", "Common", "{2DB08E33-E63B-480B-8DB9-9B21C1CE9D6F}"
EndProject
Project("{9A19103F-16F7-4668-BE54-9A1E7A4F7556}") = "MADE.Controls", "MADE.Controls\MADE.Controls.csproj", "{136456A7-33B6-43A1-A124-7D9159CE7706}"
EndProject
Project("{FAE04EC0-301F-11D3-BF4B-00C04F79EFBC}") = "MADE.Controls.UWP", "MADE.Controls.UWP\MADE.Controls.UWP.csproj", "{2C70160A-FFDD-4532-9572-12398B1C0722}"
EndProject
Project("{FAE04EC0-301F-11D3-BF4B-00C04F79EFBC}") = "MADE.Controls.Android", "MADE.Controls.Android\MADE.Controls.Android.csproj", "{2FC17F7C-A6A8-44AF-B578-A03B7BFA5B65}"
EndProject
Project("{FAE04EC0-301F-11D3-BF4B-00C04F79EFBC}") = "MADE.Controls.iOS", "MADE.Controls.iOS\MADE.Controls.iOS.csproj", "{C7E54ACD-8B36-4318-A60C-D7EDDA63A26D}"
EndProject
Global
	GlobalSection(SolutionConfigurationPlatforms) = preSolution
		Debug|Any CPU = Debug|Any CPU
		Debug|ARM = Debug|ARM
		Debug|x64 = Debug|x64
		Debug|x86 = Debug|x86
		Release|Any CPU = Release|Any CPU
		Release|ARM = Release|ARM
		Release|x64 = Release|x64
		Release|x86 = Release|x86
	EndGlobalSection
	GlobalSection(ProjectConfigurationPlatforms) = postSolution
		{136456A7-33B6-43A1-A124-7D9159CE7706}.Debug|Any CPU.ActiveCfg = Debug|Any CPU
		{136456A7-33B6-43A1-A124-7D9159CE7706}.Debug|Any CPU.Build.0 = Debug|Any CPU
		{136456A7-33B6-43A1-A124-7D9159CE7706}.Debug|ARM.ActiveCfg = Debug|Any CPU
		{136456A7-33B6-43A1-A124-7D9159CE7706}.Debug|ARM.Build.0 = Debug|Any CPU
		{136456A7-33B6-43A1-A124-7D9159CE7706}.Debug|x64.ActiveCfg = Debug|Any CPU
		{136456A7-33B6-43A1-A124-7D9159CE7706}.Debug|x64.Build.0 = Debug|Any CPU
		{136456A7-33B6-43A1-A124-7D9159CE7706}.Debug|x86.ActiveCfg = Debug|Any CPU
		{136456A7-33B6-43A1-A124-7D9159CE7706}.Debug|x86.Build.0 = Debug|Any CPU
		{136456A7-33B6-43A1-A124-7D9159CE7706}.Release|Any CPU.ActiveCfg = Release|Any CPU
		{136456A7-33B6-43A1-A124-7D9159CE7706}.Release|Any CPU.Build.0 = Release|Any CPU
		{136456A7-33B6-43A1-A124-7D9159CE7706}.Release|ARM.ActiveCfg = Release|Any CPU
		{136456A7-33B6-43A1-A124-7D9159CE7706}.Release|ARM.Build.0 = Release|Any CPU
		{136456A7-33B6-43A1-A124-7D9159CE7706}.Release|x64.ActiveCfg = Release|Any CPU
		{136456A7-33B6-43A1-A124-7D9159CE7706}.Release|x64.Build.0 = Release|Any CPU
		{136456A7-33B6-43A1-A124-7D9159CE7706}.Release|x86.ActiveCfg = Release|Any CPU
		{136456A7-33B6-43A1-A124-7D9159CE7706}.Release|x86.Build.0 = Release|Any CPU
		{2C70160A-FFDD-4532-9572-12398B1C0722}.Debug|Any CPU.ActiveCfg = Debug|Any CPU
		{2C70160A-FFDD-4532-9572-12398B1C0722}.Debug|Any CPU.Build.0 = Debug|Any CPU
		{2C70160A-FFDD-4532-9572-12398B1C0722}.Debug|ARM.ActiveCfg = Debug|ARM
		{2C70160A-FFDD-4532-9572-12398B1C0722}.Debug|ARM.Build.0 = Debug|ARM
		{2C70160A-FFDD-4532-9572-12398B1C0722}.Debug|x64.ActiveCfg = Debug|x64
		{2C70160A-FFDD-4532-9572-12398B1C0722}.Debug|x64.Build.0 = Debug|x64
		{2C70160A-FFDD-4532-9572-12398B1C0722}.Debug|x86.ActiveCfg = Debug|x86
		{2C70160A-FFDD-4532-9572-12398B1C0722}.Debug|x86.Build.0 = Debug|x86
		{2C70160A-FFDD-4532-9572-12398B1C0722}.Release|Any CPU.ActiveCfg = Release|Any CPU
		{2C70160A-FFDD-4532-9572-12398B1C0722}.Release|Any CPU.Build.0 = Release|Any CPU
		{2C70160A-FFDD-4532-9572-12398B1C0722}.Release|ARM.ActiveCfg = Release|ARM
		{2C70160A-FFDD-4532-9572-12398B1C0722}.Release|ARM.Build.0 = Release|ARM
		{2C70160A-FFDD-4532-9572-12398B1C0722}.Release|x64.ActiveCfg = Release|x64
		{2C70160A-FFDD-4532-9572-12398B1C0722}.Release|x64.Build.0 = Release|x64
		{2C70160A-FFDD-4532-9572-12398B1C0722}.Release|x86.ActiveCfg = Release|x86
		{2C70160A-FFDD-4532-9572-12398B1C0722}.Release|x86.Build.0 = Release|x86
		{2FC17F7C-A6A8-44AF-B578-A03B7BFA5B65}.Debug|Any CPU.ActiveCfg = Debug|Any CPU
		{2FC17F7C-A6A8-44AF-B578-A03B7BFA5B65}.Debug|Any CPU.Build.0 = Debug|Any CPU
		{2FC17F7C-A6A8-44AF-B578-A03B7BFA5B65}.Debug|ARM.ActiveCfg = Debug|Any CPU
		{2FC17F7C-A6A8-44AF-B578-A03B7BFA5B65}.Debug|ARM.Build.0 = Debug|Any CPU
		{2FC17F7C-A6A8-44AF-B578-A03B7BFA5B65}.Debug|x64.ActiveCfg = Debug|Any CPU
		{2FC17F7C-A6A8-44AF-B578-A03B7BFA5B65}.Debug|x64.Build.0 = Debug|Any CPU
		{2FC17F7C-A6A8-44AF-B578-A03B7BFA5B65}.Debug|x86.ActiveCfg = Debug|Any CPU
		{2FC17F7C-A6A8-44AF-B578-A03B7BFA5B65}.Debug|x86.Build.0 = Debug|Any CPU
		{2FC17F7C-A6A8-44AF-B578-A03B7BFA5B65}.Release|Any CPU.ActiveCfg = Release|Any CPU
		{2FC17F7C-A6A8-44AF-B578-A03B7BFA5B65}.Release|Any CPU.Build.0 = Release|Any CPU
		{2FC17F7C-A6A8-44AF-B578-A03B7BFA5B65}.Release|ARM.ActiveCfg = Release|Any CPU
		{2FC17F7C-A6A8-44AF-B578-A03B7BFA5B65}.Release|ARM.Build.0 = Release|Any CPU
		{2FC17F7C-A6A8-44AF-B578-A03B7BFA5B65}.Release|x64.ActiveCfg = Release|Any CPU
		{2FC17F7C-A6A8-44AF-B578-A03B7BFA5B65}.Release|x64.Build.0 = Release|Any CPU
		{2FC17F7C-A6A8-44AF-B578-A03B7BFA5B65}.Release|x86.ActiveCfg = Release|Any CPU
		{2FC17F7C-A6A8-44AF-B578-A03B7BFA5B65}.Release|x86.Build.0 = Release|Any CPU
		{C7E54ACD-8B36-4318-A60C-D7EDDA63A26D}.Debug|Any CPU.ActiveCfg = Debug|Any CPU
		{C7E54ACD-8B36-4318-A60C-D7EDDA63A26D}.Debug|Any CPU.Build.0 = Debug|Any CPU
		{C7E54ACD-8B36-4318-A60C-D7EDDA63A26D}.Debug|ARM.ActiveCfg = Debug|Any CPU
		{C7E54ACD-8B36-4318-A60C-D7EDDA63A26D}.Debug|ARM.Build.0 = Debug|Any CPU
		{C7E54ACD-8B36-4318-A60C-D7EDDA63A26D}.Debug|x64.ActiveCfg = Debug|Any CPU
		{C7E54ACD-8B36-4318-A60C-D7EDDA63A26D}.Debug|x64.Build.0 = Debug|Any CPU
		{C7E54ACD-8B36-4318-A60C-D7EDDA63A26D}.Debug|x86.ActiveCfg = Debug|Any CPU
		{C7E54ACD-8B36-4318-A60C-D7EDDA63A26D}.Debug|x86.Build.0 = Debug|Any CPU
		{C7E54ACD-8B36-4318-A60C-D7EDDA63A26D}.Release|Any CPU.ActiveCfg = Release|Any CPU
		{C7E54ACD-8B36-4318-A60C-D7EDDA63A26D}.Release|Any CPU.Build.0 = Release|Any CPU
		{C7E54ACD-8B36-4318-A60C-D7EDDA63A26D}.Release|ARM.ActiveCfg = Release|Any CPU
		{C7E54ACD-8B36-4318-A60C-D7EDDA63A26D}.Release|ARM.Build.0 = Release|Any CPU
		{C7E54ACD-8B36-4318-A60C-D7EDDA63A26D}.Release|x64.ActiveCfg = Release|Any CPU
		{C7E54ACD-8B36-4318-A60C-D7EDDA63A26D}.Release|x64.Build.0 = Release|Any CPU
		{C7E54ACD-8B36-4318-A60C-D7EDDA63A26D}.Release|x86.ActiveCfg = Release|Any CPU
		{C7E54ACD-8B36-4318-A60C-D7EDDA63A26D}.Release|x86.Build.0 = Release|Any CPU
	EndGlobalSection
	GlobalSection(SolutionProperties) = preSolution
		HideSolutionNode = FALSE
	EndGlobalSection
	GlobalSection(NestedProjects) = preSolution
		{2DB08E33-E63B-480B-8DB9-9B21C1CE9D6F} = {DD543EEB-8283-40E6-8BB4-3ED14274517B}
		{136456A7-33B6-43A1-A124-7D9159CE7706} = {2DB08E33-E63B-480B-8DB9-9B21C1CE9D6F}
		{2C70160A-FFDD-4532-9572-12398B1C0722} = {2DB08E33-E63B-480B-8DB9-9B21C1CE9D6F}
		{2FC17F7C-A6A8-44AF-B578-A03B7BFA5B65} = {2DB08E33-E63B-480B-8DB9-9B21C1CE9D6F}
		{C7E54ACD-8B36-4318-A60C-D7EDDA63A26D} = {2DB08E33-E63B-480B-8DB9-9B21C1CE9D6F}
	EndGlobalSection
	GlobalSection(ExtensibilityGlobals) = postSolution
		SolutionGuid = {3921AD86-E6C0-4436-8880-2D9EDFAD6151}
	EndGlobalSection
EndGlobal
