
Microsoft Visual Studio Solution File, Format Version 12.00
# Visual Studio 15
VisualStudioVersion = 15.0.27130.2036
MinimumVisualStudioVersion = 10.0.40219.1
Project("{2150E333-8FDC-42A3-9474-1A3956D46DE8}") = "Tests", "Tests", "{16CEC8F1-3A12-4C75-8D65-A58B4CB47917}"
EndProject
Project("{2150E333-8FDC-42A3-9474-1A3956D46DE8}") = "Samples", "Samples", "{BEA51B94-B162-47D9-9822-394B2778A225}"
EndProject
Project("{FAE04EC0-301F-11D3-BF4B-00C04F79EFBC}") = "MADE.Samples.Android", "MADE.Samples.Android\MADE.Samples.Android.csproj", "{D3A5CB4E-7B83-43BF-89F4-FF562F815448}"
EndProject
Project("{9A19103F-16F7-4668-BE54-9A1E7A4F7556}") = "MADE.UnitTests", "MADE.UnitTests\MADE.UnitTests.csproj", "{4697E972-329C-4FB9-81E3-25833FA73924}"
EndProject
Project("{9A19103F-16F7-4668-BE54-9A1E7A4F7556}") = "MADE.App", "MADE.App\MADE.App.csproj", "{006114AA-3919-4393-B836-D03995C5E230}"
EndProject
Project("{9A19103F-16F7-4668-BE54-9A1E7A4F7556}") = "MADE.App.Mvvm", "MADE.App.Mvvm\MADE.App.Mvvm.csproj", "{CE1370AE-4985-41E2-8DCE-24B11A5EA177}"
EndProject
Project("{9A19103F-16F7-4668-BE54-9A1E7A4F7556}") = "MADE.App.Views.Navigation", "MADE.App.Views.Navigation\MADE.App.Views.Navigation.csproj", "{00ABF0E3-2AD1-4002-8527-920E9EA6A138}"
EndProject
Project("{FAE04EC0-301F-11D3-BF4B-00C04F79EFBC}") = "MADE.Samples.Windows", "MADE.Samples.Windows\MADE.Samples.Windows.csproj", "{1E87BE6D-F379-4437-B0FC-1A6E0BD990F7}"
EndProject
Project("{9A19103F-16F7-4668-BE54-9A1E7A4F7556}") = "MADE.App.Views.Navigation.MvvmLight", "MADE.App.Views.Navigation.MvvmLight\MADE.App.Views.Navigation.MvvmLight.csproj", "{CE2D8871-EE52-428D-978A-295883B4384A}"
EndProject
Project("{9A19103F-16F7-4668-BE54-9A1E7A4F7556}") = "MADE.Samples", "MADE.Samples\MADE.Samples.csproj", "{03CE46B2-F4FA-4375-A493-F9E37B352299}"
EndProject
Project("{9A19103F-16F7-4668-BE54-9A1E7A4F7556}") = "MADE.App.Views", "MADE.App.Views\MADE.App.Views.csproj", "{C3EA108D-5A26-402B-A14C-58AF985AA5C5}"
EndProject
Project("{9A19103F-16F7-4668-BE54-9A1E7A4F7556}") = "MADE.App.Design", "MADE.App.Design\MADE.App.Design.csproj", "{2373D259-1D56-44C5-A864-B3FDF3BF416A}"
EndProject
Project("{9A19103F-16F7-4668-BE54-9A1E7A4F7556}") = "MADE.App.Views.Xamarin.Forms", "MADE.App.Views.Xamarin.Forms\MADE.App.Views.Xamarin.Forms.csproj", "{C60DF964-C19D-467E-9503-F69B0284D13C}"
EndProject
Project("{9A19103F-16F7-4668-BE54-9A1E7A4F7556}") = "MADE.App.Views.Controls.HeaderedTextBlock", "MADE.App.Views.Controls.HeaderedTextBlock\MADE.App.Views.Controls.HeaderedTextBlock.csproj", "{0084C2B6-ECAC-478F-90E7-AB2664828223}"
EndProject
Project("{9A19103F-16F7-4668-BE54-9A1E7A4F7556}") = "MADE.App.Views.Controls.HeaderedTextBlock.Forms", "MADE.App.Views.Controls.HeaderedTextBlock.Forms\MADE.App.Views.Controls.HeaderedTextBlock.Forms.csproj", "{FB636A9A-BB83-4763-8C8C-3E0D5587DBB9}"
EndProject
Project("{2150E333-8FDC-42A3-9474-1A3956D46DE8}") = "Native", "Native", "{8DA65C86-AAD8-4FB2-B496-62C0A7C800D2}"
EndProject
Project("{2150E333-8FDC-42A3-9474-1A3956D46DE8}") = "Forms", "Forms", "{B608CE59-837F-4FEE-9257-451A976BC66B}"
EndProject
Project("{FAE04EC0-301F-11D3-BF4B-00C04F79EFBC}") = "MADE.Samples.Forms.Android", "MADE.Samples.Forms\MADE.Samples.Forms.Android\MADE.Samples.Forms.Android.csproj", "{8B761A7A-252F-4725-A43C-F58DF5FD59D4}"
EndProject
Project("{FAE04EC0-301F-11D3-BF4B-00C04F79EFBC}") = "MADE.Samples.Forms.iOS", "MADE.Samples.Forms\MADE.Samples.Forms.iOS\MADE.Samples.Forms.iOS.csproj", "{8539FBAE-34C0-47AE-8542-E8BED30AF17A}"
EndProject
Project("{FAE04EC0-301F-11D3-BF4B-00C04F79EFBC}") = "MADE.Samples.Forms.UWP", "MADE.Samples.Forms\MADE.Samples.Forms.UWP\MADE.Samples.Forms.UWP.csproj", "{B65F7D38-C515-4549-9FCA-05541D2F634A}"
EndProject
Project("{9A19103F-16F7-4668-BE54-9A1E7A4F7556}") = "MADE.Samples.Forms", "MADE.Samples.Forms\MADE.Samples.Forms\MADE.Samples.Forms.csproj", "{B7162E54-7958-43E0-B588-02163F68883B}"
EndProject
Project("{9A19103F-16F7-4668-BE54-9A1E7A4F7556}") = "MADE.App.Networking", "MADE.App.Networking\MADE.App.Networking.csproj", "{A509C0DD-BB0C-4624-AB74-82F4FBF5E38F}"
EndProject
Project("{9A19103F-16F7-4668-BE54-9A1E7A4F7556}") = "MADE.App.Diagnostics", "MADE.App.Diagnostics\MADE.App.Diagnostics.csproj", "{77FB7281-F600-4A08-943F-097FD10AE221}"
EndProject
Project("{FAE04EC0-301F-11D3-BF4B-00C04F79EFBC}") = "MADE.App.Views.Dialogs", "MADE.App.Views.Dialogs\MADE.App.Views.Dialogs.csproj", "{0257204F-7CEC-4083-AEE7-D501544508EE}"
EndProject
Global
	GlobalSection(SolutionConfigurationPlatforms) = preSolution
		Ad-Hoc|Any CPU = Ad-Hoc|Any CPU
		Ad-Hoc|ARM = Ad-Hoc|ARM
		Ad-Hoc|iPhone = Ad-Hoc|iPhone
		Ad-Hoc|iPhoneSimulator = Ad-Hoc|iPhoneSimulator
		Ad-Hoc|x64 = Ad-Hoc|x64
		Ad-Hoc|x86 = Ad-Hoc|x86
		AppStore|Any CPU = AppStore|Any CPU
		AppStore|ARM = AppStore|ARM
		AppStore|iPhone = AppStore|iPhone
		AppStore|iPhoneSimulator = AppStore|iPhoneSimulator
		AppStore|x64 = AppStore|x64
		AppStore|x86 = AppStore|x86
		Debug|Any CPU = Debug|Any CPU
		Debug|ARM = Debug|ARM
		Debug|iPhone = Debug|iPhone
		Debug|iPhoneSimulator = Debug|iPhoneSimulator
		Debug|x64 = Debug|x64
		Debug|x86 = Debug|x86
		Release|Any CPU = Release|Any CPU
		Release|ARM = Release|ARM
		Release|iPhone = Release|iPhone
		Release|iPhoneSimulator = Release|iPhoneSimulator
		Release|x64 = Release|x64
		Release|x86 = Release|x86
	EndGlobalSection
	GlobalSection(ProjectConfigurationPlatforms) = postSolution
		{D3A5CB4E-7B83-43BF-89F4-FF562F815448}.Ad-Hoc|Any CPU.ActiveCfg = Release|Any CPU
		{D3A5CB4E-7B83-43BF-89F4-FF562F815448}.Ad-Hoc|Any CPU.Build.0 = Release|Any CPU
		{D3A5CB4E-7B83-43BF-89F4-FF562F815448}.Ad-Hoc|Any CPU.Deploy.0 = Release|Any CPU
		{D3A5CB4E-7B83-43BF-89F4-FF562F815448}.Ad-Hoc|ARM.ActiveCfg = Release|Any CPU
		{D3A5CB4E-7B83-43BF-89F4-FF562F815448}.Ad-Hoc|ARM.Build.0 = Release|Any CPU
		{D3A5CB4E-7B83-43BF-89F4-FF562F815448}.Ad-Hoc|ARM.Deploy.0 = Release|Any CPU
		{D3A5CB4E-7B83-43BF-89F4-FF562F815448}.Ad-Hoc|iPhone.ActiveCfg = Release|Any CPU
		{D3A5CB4E-7B83-43BF-89F4-FF562F815448}.Ad-Hoc|iPhone.Build.0 = Release|Any CPU
		{D3A5CB4E-7B83-43BF-89F4-FF562F815448}.Ad-Hoc|iPhone.Deploy.0 = Release|Any CPU
		{D3A5CB4E-7B83-43BF-89F4-FF562F815448}.Ad-Hoc|iPhoneSimulator.ActiveCfg = Release|Any CPU
		{D3A5CB4E-7B83-43BF-89F4-FF562F815448}.Ad-Hoc|iPhoneSimulator.Build.0 = Release|Any CPU
		{D3A5CB4E-7B83-43BF-89F4-FF562F815448}.Ad-Hoc|iPhoneSimulator.Deploy.0 = Release|Any CPU
		{D3A5CB4E-7B83-43BF-89F4-FF562F815448}.Ad-Hoc|x64.ActiveCfg = Release|Any CPU
		{D3A5CB4E-7B83-43BF-89F4-FF562F815448}.Ad-Hoc|x64.Build.0 = Release|Any CPU
		{D3A5CB4E-7B83-43BF-89F4-FF562F815448}.Ad-Hoc|x64.Deploy.0 = Release|Any CPU
		{D3A5CB4E-7B83-43BF-89F4-FF562F815448}.Ad-Hoc|x86.ActiveCfg = Release|Any CPU
		{D3A5CB4E-7B83-43BF-89F4-FF562F815448}.Ad-Hoc|x86.Build.0 = Release|Any CPU
		{D3A5CB4E-7B83-43BF-89F4-FF562F815448}.Ad-Hoc|x86.Deploy.0 = Release|Any CPU
		{D3A5CB4E-7B83-43BF-89F4-FF562F815448}.AppStore|Any CPU.ActiveCfg = Release|Any CPU
		{D3A5CB4E-7B83-43BF-89F4-FF562F815448}.AppStore|Any CPU.Build.0 = Release|Any CPU
		{D3A5CB4E-7B83-43BF-89F4-FF562F815448}.AppStore|Any CPU.Deploy.0 = Release|Any CPU
		{D3A5CB4E-7B83-43BF-89F4-FF562F815448}.AppStore|ARM.ActiveCfg = Release|Any CPU
		{D3A5CB4E-7B83-43BF-89F4-FF562F815448}.AppStore|ARM.Build.0 = Release|Any CPU
		{D3A5CB4E-7B83-43BF-89F4-FF562F815448}.AppStore|ARM.Deploy.0 = Release|Any CPU
		{D3A5CB4E-7B83-43BF-89F4-FF562F815448}.AppStore|iPhone.ActiveCfg = Release|Any CPU
		{D3A5CB4E-7B83-43BF-89F4-FF562F815448}.AppStore|iPhone.Build.0 = Release|Any CPU
		{D3A5CB4E-7B83-43BF-89F4-FF562F815448}.AppStore|iPhone.Deploy.0 = Release|Any CPU
		{D3A5CB4E-7B83-43BF-89F4-FF562F815448}.AppStore|iPhoneSimulator.ActiveCfg = Release|Any CPU
		{D3A5CB4E-7B83-43BF-89F4-FF562F815448}.AppStore|iPhoneSimulator.Build.0 = Release|Any CPU
		{D3A5CB4E-7B83-43BF-89F4-FF562F815448}.AppStore|iPhoneSimulator.Deploy.0 = Release|Any CPU
		{D3A5CB4E-7B83-43BF-89F4-FF562F815448}.AppStore|x64.ActiveCfg = Release|Any CPU
		{D3A5CB4E-7B83-43BF-89F4-FF562F815448}.AppStore|x64.Build.0 = Release|Any CPU
		{D3A5CB4E-7B83-43BF-89F4-FF562F815448}.AppStore|x64.Deploy.0 = Release|Any CPU
		{D3A5CB4E-7B83-43BF-89F4-FF562F815448}.AppStore|x86.ActiveCfg = Release|Any CPU
		{D3A5CB4E-7B83-43BF-89F4-FF562F815448}.AppStore|x86.Build.0 = Release|Any CPU
		{D3A5CB4E-7B83-43BF-89F4-FF562F815448}.AppStore|x86.Deploy.0 = Release|Any CPU
		{D3A5CB4E-7B83-43BF-89F4-FF562F815448}.Debug|Any CPU.ActiveCfg = Debug|Any CPU
		{D3A5CB4E-7B83-43BF-89F4-FF562F815448}.Debug|Any CPU.Build.0 = Debug|Any CPU
		{D3A5CB4E-7B83-43BF-89F4-FF562F815448}.Debug|Any CPU.Deploy.0 = Debug|Any CPU
		{D3A5CB4E-7B83-43BF-89F4-FF562F815448}.Debug|ARM.ActiveCfg = Debug|Any CPU
		{D3A5CB4E-7B83-43BF-89F4-FF562F815448}.Debug|ARM.Build.0 = Debug|Any CPU
		{D3A5CB4E-7B83-43BF-89F4-FF562F815448}.Debug|ARM.Deploy.0 = Debug|Any CPU
		{D3A5CB4E-7B83-43BF-89F4-FF562F815448}.Debug|iPhone.ActiveCfg = Debug|Any CPU
		{D3A5CB4E-7B83-43BF-89F4-FF562F815448}.Debug|iPhone.Build.0 = Debug|Any CPU
		{D3A5CB4E-7B83-43BF-89F4-FF562F815448}.Debug|iPhone.Deploy.0 = Debug|Any CPU
		{D3A5CB4E-7B83-43BF-89F4-FF562F815448}.Debug|iPhoneSimulator.ActiveCfg = Debug|Any CPU
		{D3A5CB4E-7B83-43BF-89F4-FF562F815448}.Debug|iPhoneSimulator.Build.0 = Debug|Any CPU
		{D3A5CB4E-7B83-43BF-89F4-FF562F815448}.Debug|iPhoneSimulator.Deploy.0 = Debug|Any CPU
		{D3A5CB4E-7B83-43BF-89F4-FF562F815448}.Debug|x64.ActiveCfg = Debug|Any CPU
		{D3A5CB4E-7B83-43BF-89F4-FF562F815448}.Debug|x64.Build.0 = Debug|Any CPU
		{D3A5CB4E-7B83-43BF-89F4-FF562F815448}.Debug|x64.Deploy.0 = Debug|Any CPU
		{D3A5CB4E-7B83-43BF-89F4-FF562F815448}.Debug|x86.ActiveCfg = Debug|Any CPU
		{D3A5CB4E-7B83-43BF-89F4-FF562F815448}.Debug|x86.Build.0 = Debug|Any CPU
		{D3A5CB4E-7B83-43BF-89F4-FF562F815448}.Debug|x86.Deploy.0 = Debug|Any CPU
		{D3A5CB4E-7B83-43BF-89F4-FF562F815448}.Release|Any CPU.ActiveCfg = Release|Any CPU
		{D3A5CB4E-7B83-43BF-89F4-FF562F815448}.Release|Any CPU.Build.0 = Release|Any CPU
		{D3A5CB4E-7B83-43BF-89F4-FF562F815448}.Release|Any CPU.Deploy.0 = Release|Any CPU
		{D3A5CB4E-7B83-43BF-89F4-FF562F815448}.Release|ARM.ActiveCfg = Release|Any CPU
		{D3A5CB4E-7B83-43BF-89F4-FF562F815448}.Release|ARM.Build.0 = Release|Any CPU
		{D3A5CB4E-7B83-43BF-89F4-FF562F815448}.Release|ARM.Deploy.0 = Release|Any CPU
		{D3A5CB4E-7B83-43BF-89F4-FF562F815448}.Release|iPhone.ActiveCfg = Release|Any CPU
		{D3A5CB4E-7B83-43BF-89F4-FF562F815448}.Release|iPhone.Build.0 = Release|Any CPU
		{D3A5CB4E-7B83-43BF-89F4-FF562F815448}.Release|iPhone.Deploy.0 = Release|Any CPU
		{D3A5CB4E-7B83-43BF-89F4-FF562F815448}.Release|iPhoneSimulator.ActiveCfg = Release|Any CPU
		{D3A5CB4E-7B83-43BF-89F4-FF562F815448}.Release|iPhoneSimulator.Build.0 = Release|Any CPU
		{D3A5CB4E-7B83-43BF-89F4-FF562F815448}.Release|iPhoneSimulator.Deploy.0 = Release|Any CPU
		{D3A5CB4E-7B83-43BF-89F4-FF562F815448}.Release|x64.ActiveCfg = Release|Any CPU
		{D3A5CB4E-7B83-43BF-89F4-FF562F815448}.Release|x64.Build.0 = Release|Any CPU
		{D3A5CB4E-7B83-43BF-89F4-FF562F815448}.Release|x64.Deploy.0 = Release|Any CPU
		{D3A5CB4E-7B83-43BF-89F4-FF562F815448}.Release|x86.ActiveCfg = Release|Any CPU
		{D3A5CB4E-7B83-43BF-89F4-FF562F815448}.Release|x86.Build.0 = Release|Any CPU
		{D3A5CB4E-7B83-43BF-89F4-FF562F815448}.Release|x86.Deploy.0 = Release|Any CPU
		{4697E972-329C-4FB9-81E3-25833FA73924}.Ad-Hoc|Any CPU.ActiveCfg = Release|Any CPU
		{4697E972-329C-4FB9-81E3-25833FA73924}.Ad-Hoc|Any CPU.Build.0 = Release|Any CPU
		{4697E972-329C-4FB9-81E3-25833FA73924}.Ad-Hoc|ARM.ActiveCfg = Release|Any CPU
		{4697E972-329C-4FB9-81E3-25833FA73924}.Ad-Hoc|ARM.Build.0 = Release|Any CPU
		{4697E972-329C-4FB9-81E3-25833FA73924}.Ad-Hoc|iPhone.ActiveCfg = Release|Any CPU
		{4697E972-329C-4FB9-81E3-25833FA73924}.Ad-Hoc|iPhone.Build.0 = Release|Any CPU
		{4697E972-329C-4FB9-81E3-25833FA73924}.Ad-Hoc|iPhoneSimulator.ActiveCfg = Release|Any CPU
		{4697E972-329C-4FB9-81E3-25833FA73924}.Ad-Hoc|iPhoneSimulator.Build.0 = Release|Any CPU
		{4697E972-329C-4FB9-81E3-25833FA73924}.Ad-Hoc|x64.ActiveCfg = Release|Any CPU
		{4697E972-329C-4FB9-81E3-25833FA73924}.Ad-Hoc|x64.Build.0 = Release|Any CPU
		{4697E972-329C-4FB9-81E3-25833FA73924}.Ad-Hoc|x86.ActiveCfg = Release|Any CPU
		{4697E972-329C-4FB9-81E3-25833FA73924}.Ad-Hoc|x86.Build.0 = Release|Any CPU
		{4697E972-329C-4FB9-81E3-25833FA73924}.AppStore|Any CPU.ActiveCfg = Release|Any CPU
		{4697E972-329C-4FB9-81E3-25833FA73924}.AppStore|Any CPU.Build.0 = Release|Any CPU
		{4697E972-329C-4FB9-81E3-25833FA73924}.AppStore|ARM.ActiveCfg = Release|Any CPU
		{4697E972-329C-4FB9-81E3-25833FA73924}.AppStore|ARM.Build.0 = Release|Any CPU
		{4697E972-329C-4FB9-81E3-25833FA73924}.AppStore|iPhone.ActiveCfg = Release|Any CPU
		{4697E972-329C-4FB9-81E3-25833FA73924}.AppStore|iPhone.Build.0 = Release|Any CPU
		{4697E972-329C-4FB9-81E3-25833FA73924}.AppStore|iPhoneSimulator.ActiveCfg = Release|Any CPU
		{4697E972-329C-4FB9-81E3-25833FA73924}.AppStore|iPhoneSimulator.Build.0 = Release|Any CPU
		{4697E972-329C-4FB9-81E3-25833FA73924}.AppStore|x64.ActiveCfg = Release|Any CPU
		{4697E972-329C-4FB9-81E3-25833FA73924}.AppStore|x64.Build.0 = Release|Any CPU
		{4697E972-329C-4FB9-81E3-25833FA73924}.AppStore|x86.ActiveCfg = Release|Any CPU
		{4697E972-329C-4FB9-81E3-25833FA73924}.AppStore|x86.Build.0 = Release|Any CPU
		{4697E972-329C-4FB9-81E3-25833FA73924}.Debug|Any CPU.ActiveCfg = Debug|Any CPU
		{4697E972-329C-4FB9-81E3-25833FA73924}.Debug|Any CPU.Build.0 = Debug|Any CPU
		{4697E972-329C-4FB9-81E3-25833FA73924}.Debug|ARM.ActiveCfg = Debug|Any CPU
		{4697E972-329C-4FB9-81E3-25833FA73924}.Debug|ARM.Build.0 = Debug|Any CPU
		{4697E972-329C-4FB9-81E3-25833FA73924}.Debug|iPhone.ActiveCfg = Debug|Any CPU
		{4697E972-329C-4FB9-81E3-25833FA73924}.Debug|iPhone.Build.0 = Debug|Any CPU
		{4697E972-329C-4FB9-81E3-25833FA73924}.Debug|iPhoneSimulator.ActiveCfg = Debug|Any CPU
		{4697E972-329C-4FB9-81E3-25833FA73924}.Debug|iPhoneSimulator.Build.0 = Debug|Any CPU
		{4697E972-329C-4FB9-81E3-25833FA73924}.Debug|x64.ActiveCfg = Debug|Any CPU
		{4697E972-329C-4FB9-81E3-25833FA73924}.Debug|x64.Build.0 = Debug|Any CPU
		{4697E972-329C-4FB9-81E3-25833FA73924}.Debug|x86.ActiveCfg = Debug|Any CPU
		{4697E972-329C-4FB9-81E3-25833FA73924}.Debug|x86.Build.0 = Debug|Any CPU
		{4697E972-329C-4FB9-81E3-25833FA73924}.Release|Any CPU.ActiveCfg = Release|Any CPU
		{4697E972-329C-4FB9-81E3-25833FA73924}.Release|Any CPU.Build.0 = Release|Any CPU
		{4697E972-329C-4FB9-81E3-25833FA73924}.Release|ARM.ActiveCfg = Release|Any CPU
		{4697E972-329C-4FB9-81E3-25833FA73924}.Release|ARM.Build.0 = Release|Any CPU
		{4697E972-329C-4FB9-81E3-25833FA73924}.Release|iPhone.ActiveCfg = Release|Any CPU
		{4697E972-329C-4FB9-81E3-25833FA73924}.Release|iPhone.Build.0 = Release|Any CPU
		{4697E972-329C-4FB9-81E3-25833FA73924}.Release|iPhoneSimulator.ActiveCfg = Release|Any CPU
		{4697E972-329C-4FB9-81E3-25833FA73924}.Release|iPhoneSimulator.Build.0 = Release|Any CPU
		{4697E972-329C-4FB9-81E3-25833FA73924}.Release|x64.ActiveCfg = Release|Any CPU
		{4697E972-329C-4FB9-81E3-25833FA73924}.Release|x64.Build.0 = Release|Any CPU
		{4697E972-329C-4FB9-81E3-25833FA73924}.Release|x86.ActiveCfg = Release|Any CPU
		{4697E972-329C-4FB9-81E3-25833FA73924}.Release|x86.Build.0 = Release|Any CPU
		{006114AA-3919-4393-B836-D03995C5E230}.Ad-Hoc|Any CPU.ActiveCfg = Release|Any CPU
		{006114AA-3919-4393-B836-D03995C5E230}.Ad-Hoc|Any CPU.Build.0 = Release|Any CPU
		{006114AA-3919-4393-B836-D03995C5E230}.Ad-Hoc|ARM.ActiveCfg = Release|Any CPU
		{006114AA-3919-4393-B836-D03995C5E230}.Ad-Hoc|ARM.Build.0 = Release|Any CPU
		{006114AA-3919-4393-B836-D03995C5E230}.Ad-Hoc|iPhone.ActiveCfg = Release|Any CPU
		{006114AA-3919-4393-B836-D03995C5E230}.Ad-Hoc|iPhone.Build.0 = Release|Any CPU
		{006114AA-3919-4393-B836-D03995C5E230}.Ad-Hoc|iPhoneSimulator.ActiveCfg = Release|Any CPU
		{006114AA-3919-4393-B836-D03995C5E230}.Ad-Hoc|iPhoneSimulator.Build.0 = Release|Any CPU
		{006114AA-3919-4393-B836-D03995C5E230}.Ad-Hoc|x64.ActiveCfg = Release|Any CPU
		{006114AA-3919-4393-B836-D03995C5E230}.Ad-Hoc|x64.Build.0 = Release|Any CPU
		{006114AA-3919-4393-B836-D03995C5E230}.Ad-Hoc|x86.ActiveCfg = Release|Any CPU
		{006114AA-3919-4393-B836-D03995C5E230}.Ad-Hoc|x86.Build.0 = Release|Any CPU
		{006114AA-3919-4393-B836-D03995C5E230}.AppStore|Any CPU.ActiveCfg = Release|Any CPU
		{006114AA-3919-4393-B836-D03995C5E230}.AppStore|Any CPU.Build.0 = Release|Any CPU
		{006114AA-3919-4393-B836-D03995C5E230}.AppStore|ARM.ActiveCfg = Release|Any CPU
		{006114AA-3919-4393-B836-D03995C5E230}.AppStore|ARM.Build.0 = Release|Any CPU
		{006114AA-3919-4393-B836-D03995C5E230}.AppStore|iPhone.ActiveCfg = Release|Any CPU
		{006114AA-3919-4393-B836-D03995C5E230}.AppStore|iPhone.Build.0 = Release|Any CPU
		{006114AA-3919-4393-B836-D03995C5E230}.AppStore|iPhoneSimulator.ActiveCfg = Release|Any CPU
		{006114AA-3919-4393-B836-D03995C5E230}.AppStore|iPhoneSimulator.Build.0 = Release|Any CPU
		{006114AA-3919-4393-B836-D03995C5E230}.AppStore|x64.ActiveCfg = Release|Any CPU
		{006114AA-3919-4393-B836-D03995C5E230}.AppStore|x64.Build.0 = Release|Any CPU
		{006114AA-3919-4393-B836-D03995C5E230}.AppStore|x86.ActiveCfg = Release|Any CPU
		{006114AA-3919-4393-B836-D03995C5E230}.AppStore|x86.Build.0 = Release|Any CPU
		{006114AA-3919-4393-B836-D03995C5E230}.Debug|Any CPU.ActiveCfg = Debug|Any CPU
		{006114AA-3919-4393-B836-D03995C5E230}.Debug|Any CPU.Build.0 = Debug|Any CPU
		{006114AA-3919-4393-B836-D03995C5E230}.Debug|ARM.ActiveCfg = Debug|Any CPU
		{006114AA-3919-4393-B836-D03995C5E230}.Debug|ARM.Build.0 = Debug|Any CPU
		{006114AA-3919-4393-B836-D03995C5E230}.Debug|iPhone.ActiveCfg = Debug|Any CPU
		{006114AA-3919-4393-B836-D03995C5E230}.Debug|iPhone.Build.0 = Debug|Any CPU
		{006114AA-3919-4393-B836-D03995C5E230}.Debug|iPhoneSimulator.ActiveCfg = Debug|Any CPU
		{006114AA-3919-4393-B836-D03995C5E230}.Debug|iPhoneSimulator.Build.0 = Debug|Any CPU
		{006114AA-3919-4393-B836-D03995C5E230}.Debug|x64.ActiveCfg = Debug|Any CPU
		{006114AA-3919-4393-B836-D03995C5E230}.Debug|x64.Build.0 = Debug|Any CPU
		{006114AA-3919-4393-B836-D03995C5E230}.Debug|x86.ActiveCfg = Debug|Any CPU
		{006114AA-3919-4393-B836-D03995C5E230}.Debug|x86.Build.0 = Debug|Any CPU
		{006114AA-3919-4393-B836-D03995C5E230}.Release|Any CPU.ActiveCfg = Release|Any CPU
		{006114AA-3919-4393-B836-D03995C5E230}.Release|Any CPU.Build.0 = Release|Any CPU
		{006114AA-3919-4393-B836-D03995C5E230}.Release|ARM.ActiveCfg = Release|Any CPU
		{006114AA-3919-4393-B836-D03995C5E230}.Release|ARM.Build.0 = Release|Any CPU
		{006114AA-3919-4393-B836-D03995C5E230}.Release|iPhone.ActiveCfg = Release|Any CPU
		{006114AA-3919-4393-B836-D03995C5E230}.Release|iPhone.Build.0 = Release|Any CPU
		{006114AA-3919-4393-B836-D03995C5E230}.Release|iPhoneSimulator.ActiveCfg = Release|Any CPU
		{006114AA-3919-4393-B836-D03995C5E230}.Release|iPhoneSimulator.Build.0 = Release|Any CPU
		{006114AA-3919-4393-B836-D03995C5E230}.Release|x64.ActiveCfg = Release|Any CPU
		{006114AA-3919-4393-B836-D03995C5E230}.Release|x64.Build.0 = Release|Any CPU
		{006114AA-3919-4393-B836-D03995C5E230}.Release|x86.ActiveCfg = Release|Any CPU
		{006114AA-3919-4393-B836-D03995C5E230}.Release|x86.Build.0 = Release|Any CPU
		{CE1370AE-4985-41E2-8DCE-24B11A5EA177}.Ad-Hoc|Any CPU.ActiveCfg = Release|Any CPU
		{CE1370AE-4985-41E2-8DCE-24B11A5EA177}.Ad-Hoc|Any CPU.Build.0 = Release|Any CPU
		{CE1370AE-4985-41E2-8DCE-24B11A5EA177}.Ad-Hoc|ARM.ActiveCfg = Release|Any CPU
		{CE1370AE-4985-41E2-8DCE-24B11A5EA177}.Ad-Hoc|ARM.Build.0 = Release|Any CPU
		{CE1370AE-4985-41E2-8DCE-24B11A5EA177}.Ad-Hoc|iPhone.ActiveCfg = Release|Any CPU
		{CE1370AE-4985-41E2-8DCE-24B11A5EA177}.Ad-Hoc|iPhone.Build.0 = Release|Any CPU
		{CE1370AE-4985-41E2-8DCE-24B11A5EA177}.Ad-Hoc|iPhoneSimulator.ActiveCfg = Release|Any CPU
		{CE1370AE-4985-41E2-8DCE-24B11A5EA177}.Ad-Hoc|iPhoneSimulator.Build.0 = Release|Any CPU
		{CE1370AE-4985-41E2-8DCE-24B11A5EA177}.Ad-Hoc|x64.ActiveCfg = Release|Any CPU
		{CE1370AE-4985-41E2-8DCE-24B11A5EA177}.Ad-Hoc|x64.Build.0 = Release|Any CPU
		{CE1370AE-4985-41E2-8DCE-24B11A5EA177}.Ad-Hoc|x86.ActiveCfg = Release|Any CPU
		{CE1370AE-4985-41E2-8DCE-24B11A5EA177}.Ad-Hoc|x86.Build.0 = Release|Any CPU
		{CE1370AE-4985-41E2-8DCE-24B11A5EA177}.AppStore|Any CPU.ActiveCfg = Release|Any CPU
		{CE1370AE-4985-41E2-8DCE-24B11A5EA177}.AppStore|Any CPU.Build.0 = Release|Any CPU
		{CE1370AE-4985-41E2-8DCE-24B11A5EA177}.AppStore|ARM.ActiveCfg = Release|Any CPU
		{CE1370AE-4985-41E2-8DCE-24B11A5EA177}.AppStore|ARM.Build.0 = Release|Any CPU
		{CE1370AE-4985-41E2-8DCE-24B11A5EA177}.AppStore|iPhone.ActiveCfg = Release|Any CPU
		{CE1370AE-4985-41E2-8DCE-24B11A5EA177}.AppStore|iPhone.Build.0 = Release|Any CPU
		{CE1370AE-4985-41E2-8DCE-24B11A5EA177}.AppStore|iPhoneSimulator.ActiveCfg = Release|Any CPU
		{CE1370AE-4985-41E2-8DCE-24B11A5EA177}.AppStore|iPhoneSimulator.Build.0 = Release|Any CPU
		{CE1370AE-4985-41E2-8DCE-24B11A5EA177}.AppStore|x64.ActiveCfg = Release|Any CPU
		{CE1370AE-4985-41E2-8DCE-24B11A5EA177}.AppStore|x64.Build.0 = Release|Any CPU
		{CE1370AE-4985-41E2-8DCE-24B11A5EA177}.AppStore|x86.ActiveCfg = Release|Any CPU
		{CE1370AE-4985-41E2-8DCE-24B11A5EA177}.AppStore|x86.Build.0 = Release|Any CPU
		{CE1370AE-4985-41E2-8DCE-24B11A5EA177}.Debug|Any CPU.ActiveCfg = Debug|Any CPU
		{CE1370AE-4985-41E2-8DCE-24B11A5EA177}.Debug|Any CPU.Build.0 = Debug|Any CPU
		{CE1370AE-4985-41E2-8DCE-24B11A5EA177}.Debug|ARM.ActiveCfg = Debug|Any CPU
		{CE1370AE-4985-41E2-8DCE-24B11A5EA177}.Debug|ARM.Build.0 = Debug|Any CPU
		{CE1370AE-4985-41E2-8DCE-24B11A5EA177}.Debug|iPhone.ActiveCfg = Debug|Any CPU
		{CE1370AE-4985-41E2-8DCE-24B11A5EA177}.Debug|iPhone.Build.0 = Debug|Any CPU
		{CE1370AE-4985-41E2-8DCE-24B11A5EA177}.Debug|iPhoneSimulator.ActiveCfg = Debug|Any CPU
		{CE1370AE-4985-41E2-8DCE-24B11A5EA177}.Debug|iPhoneSimulator.Build.0 = Debug|Any CPU
		{CE1370AE-4985-41E2-8DCE-24B11A5EA177}.Debug|x64.ActiveCfg = Debug|Any CPU
		{CE1370AE-4985-41E2-8DCE-24B11A5EA177}.Debug|x64.Build.0 = Debug|Any CPU
		{CE1370AE-4985-41E2-8DCE-24B11A5EA177}.Debug|x86.ActiveCfg = Debug|Any CPU
		{CE1370AE-4985-41E2-8DCE-24B11A5EA177}.Debug|x86.Build.0 = Debug|Any CPU
		{CE1370AE-4985-41E2-8DCE-24B11A5EA177}.Release|Any CPU.ActiveCfg = Release|Any CPU
		{CE1370AE-4985-41E2-8DCE-24B11A5EA177}.Release|Any CPU.Build.0 = Release|Any CPU
		{CE1370AE-4985-41E2-8DCE-24B11A5EA177}.Release|ARM.ActiveCfg = Release|Any CPU
		{CE1370AE-4985-41E2-8DCE-24B11A5EA177}.Release|ARM.Build.0 = Release|Any CPU
		{CE1370AE-4985-41E2-8DCE-24B11A5EA177}.Release|iPhone.ActiveCfg = Release|Any CPU
		{CE1370AE-4985-41E2-8DCE-24B11A5EA177}.Release|iPhone.Build.0 = Release|Any CPU
		{CE1370AE-4985-41E2-8DCE-24B11A5EA177}.Release|iPhoneSimulator.ActiveCfg = Release|Any CPU
		{CE1370AE-4985-41E2-8DCE-24B11A5EA177}.Release|iPhoneSimulator.Build.0 = Release|Any CPU
		{CE1370AE-4985-41E2-8DCE-24B11A5EA177}.Release|x64.ActiveCfg = Release|Any CPU
		{CE1370AE-4985-41E2-8DCE-24B11A5EA177}.Release|x64.Build.0 = Release|Any CPU
		{CE1370AE-4985-41E2-8DCE-24B11A5EA177}.Release|x86.ActiveCfg = Release|Any CPU
		{CE1370AE-4985-41E2-8DCE-24B11A5EA177}.Release|x86.Build.0 = Release|Any CPU
		{00ABF0E3-2AD1-4002-8527-920E9EA6A138}.Ad-Hoc|Any CPU.ActiveCfg = Release|Any CPU
		{00ABF0E3-2AD1-4002-8527-920E9EA6A138}.Ad-Hoc|Any CPU.Build.0 = Release|Any CPU
		{00ABF0E3-2AD1-4002-8527-920E9EA6A138}.Ad-Hoc|ARM.ActiveCfg = Release|Any CPU
		{00ABF0E3-2AD1-4002-8527-920E9EA6A138}.Ad-Hoc|ARM.Build.0 = Release|Any CPU
		{00ABF0E3-2AD1-4002-8527-920E9EA6A138}.Ad-Hoc|iPhone.ActiveCfg = Release|Any CPU
		{00ABF0E3-2AD1-4002-8527-920E9EA6A138}.Ad-Hoc|iPhone.Build.0 = Release|Any CPU
		{00ABF0E3-2AD1-4002-8527-920E9EA6A138}.Ad-Hoc|iPhoneSimulator.ActiveCfg = Release|Any CPU
		{00ABF0E3-2AD1-4002-8527-920E9EA6A138}.Ad-Hoc|iPhoneSimulator.Build.0 = Release|Any CPU
		{00ABF0E3-2AD1-4002-8527-920E9EA6A138}.Ad-Hoc|x64.ActiveCfg = Release|Any CPU
		{00ABF0E3-2AD1-4002-8527-920E9EA6A138}.Ad-Hoc|x64.Build.0 = Release|Any CPU
		{00ABF0E3-2AD1-4002-8527-920E9EA6A138}.Ad-Hoc|x86.ActiveCfg = Release|Any CPU
		{00ABF0E3-2AD1-4002-8527-920E9EA6A138}.Ad-Hoc|x86.Build.0 = Release|Any CPU
		{00ABF0E3-2AD1-4002-8527-920E9EA6A138}.AppStore|Any CPU.ActiveCfg = Release|Any CPU
		{00ABF0E3-2AD1-4002-8527-920E9EA6A138}.AppStore|Any CPU.Build.0 = Release|Any CPU
		{00ABF0E3-2AD1-4002-8527-920E9EA6A138}.AppStore|ARM.ActiveCfg = Release|Any CPU
		{00ABF0E3-2AD1-4002-8527-920E9EA6A138}.AppStore|ARM.Build.0 = Release|Any CPU
		{00ABF0E3-2AD1-4002-8527-920E9EA6A138}.AppStore|iPhone.ActiveCfg = Release|Any CPU
		{00ABF0E3-2AD1-4002-8527-920E9EA6A138}.AppStore|iPhone.Build.0 = Release|Any CPU
		{00ABF0E3-2AD1-4002-8527-920E9EA6A138}.AppStore|iPhoneSimulator.ActiveCfg = Release|Any CPU
		{00ABF0E3-2AD1-4002-8527-920E9EA6A138}.AppStore|iPhoneSimulator.Build.0 = Release|Any CPU
		{00ABF0E3-2AD1-4002-8527-920E9EA6A138}.AppStore|x64.ActiveCfg = Release|Any CPU
		{00ABF0E3-2AD1-4002-8527-920E9EA6A138}.AppStore|x64.Build.0 = Release|Any CPU
		{00ABF0E3-2AD1-4002-8527-920E9EA6A138}.AppStore|x86.ActiveCfg = Release|Any CPU
		{00ABF0E3-2AD1-4002-8527-920E9EA6A138}.AppStore|x86.Build.0 = Release|Any CPU
		{00ABF0E3-2AD1-4002-8527-920E9EA6A138}.Debug|Any CPU.ActiveCfg = Debug|Any CPU
		{00ABF0E3-2AD1-4002-8527-920E9EA6A138}.Debug|Any CPU.Build.0 = Debug|Any CPU
		{00ABF0E3-2AD1-4002-8527-920E9EA6A138}.Debug|ARM.ActiveCfg = Debug|Any CPU
		{00ABF0E3-2AD1-4002-8527-920E9EA6A138}.Debug|ARM.Build.0 = Debug|Any CPU
		{00ABF0E3-2AD1-4002-8527-920E9EA6A138}.Debug|iPhone.ActiveCfg = Debug|Any CPU
		{00ABF0E3-2AD1-4002-8527-920E9EA6A138}.Debug|iPhone.Build.0 = Debug|Any CPU
		{00ABF0E3-2AD1-4002-8527-920E9EA6A138}.Debug|iPhoneSimulator.ActiveCfg = Debug|Any CPU
		{00ABF0E3-2AD1-4002-8527-920E9EA6A138}.Debug|iPhoneSimulator.Build.0 = Debug|Any CPU
		{00ABF0E3-2AD1-4002-8527-920E9EA6A138}.Debug|x64.ActiveCfg = Debug|Any CPU
		{00ABF0E3-2AD1-4002-8527-920E9EA6A138}.Debug|x64.Build.0 = Debug|Any CPU
		{00ABF0E3-2AD1-4002-8527-920E9EA6A138}.Debug|x86.ActiveCfg = Debug|Any CPU
		{00ABF0E3-2AD1-4002-8527-920E9EA6A138}.Debug|x86.Build.0 = Debug|Any CPU
		{00ABF0E3-2AD1-4002-8527-920E9EA6A138}.Release|Any CPU.ActiveCfg = Release|Any CPU
		{00ABF0E3-2AD1-4002-8527-920E9EA6A138}.Release|Any CPU.Build.0 = Release|Any CPU
		{00ABF0E3-2AD1-4002-8527-920E9EA6A138}.Release|ARM.ActiveCfg = Release|Any CPU
		{00ABF0E3-2AD1-4002-8527-920E9EA6A138}.Release|ARM.Build.0 = Release|Any CPU
		{00ABF0E3-2AD1-4002-8527-920E9EA6A138}.Release|iPhone.ActiveCfg = Release|Any CPU
		{00ABF0E3-2AD1-4002-8527-920E9EA6A138}.Release|iPhone.Build.0 = Release|Any CPU
		{00ABF0E3-2AD1-4002-8527-920E9EA6A138}.Release|iPhoneSimulator.ActiveCfg = Release|Any CPU
		{00ABF0E3-2AD1-4002-8527-920E9EA6A138}.Release|iPhoneSimulator.Build.0 = Release|Any CPU
		{00ABF0E3-2AD1-4002-8527-920E9EA6A138}.Release|x64.ActiveCfg = Release|Any CPU
		{00ABF0E3-2AD1-4002-8527-920E9EA6A138}.Release|x64.Build.0 = Release|Any CPU
		{00ABF0E3-2AD1-4002-8527-920E9EA6A138}.Release|x86.ActiveCfg = Release|Any CPU
		{00ABF0E3-2AD1-4002-8527-920E9EA6A138}.Release|x86.Build.0 = Release|Any CPU
		{1E87BE6D-F379-4437-B0FC-1A6E0BD990F7}.Ad-Hoc|Any CPU.ActiveCfg = Release|x64
		{1E87BE6D-F379-4437-B0FC-1A6E0BD990F7}.Ad-Hoc|Any CPU.Build.0 = Release|x64
		{1E87BE6D-F379-4437-B0FC-1A6E0BD990F7}.Ad-Hoc|Any CPU.Deploy.0 = Release|x64
		{1E87BE6D-F379-4437-B0FC-1A6E0BD990F7}.Ad-Hoc|ARM.ActiveCfg = Release|ARM
		{1E87BE6D-F379-4437-B0FC-1A6E0BD990F7}.Ad-Hoc|ARM.Build.0 = Release|ARM
		{1E87BE6D-F379-4437-B0FC-1A6E0BD990F7}.Ad-Hoc|ARM.Deploy.0 = Release|ARM
		{1E87BE6D-F379-4437-B0FC-1A6E0BD990F7}.Ad-Hoc|iPhone.ActiveCfg = Release|x64
		{1E87BE6D-F379-4437-B0FC-1A6E0BD990F7}.Ad-Hoc|iPhone.Build.0 = Release|x64
		{1E87BE6D-F379-4437-B0FC-1A6E0BD990F7}.Ad-Hoc|iPhone.Deploy.0 = Release|x64
		{1E87BE6D-F379-4437-B0FC-1A6E0BD990F7}.Ad-Hoc|iPhoneSimulator.ActiveCfg = Release|x64
		{1E87BE6D-F379-4437-B0FC-1A6E0BD990F7}.Ad-Hoc|iPhoneSimulator.Build.0 = Release|x64
		{1E87BE6D-F379-4437-B0FC-1A6E0BD990F7}.Ad-Hoc|iPhoneSimulator.Deploy.0 = Release|x64
		{1E87BE6D-F379-4437-B0FC-1A6E0BD990F7}.Ad-Hoc|x64.ActiveCfg = Release|x64
		{1E87BE6D-F379-4437-B0FC-1A6E0BD990F7}.Ad-Hoc|x64.Build.0 = Release|x64
		{1E87BE6D-F379-4437-B0FC-1A6E0BD990F7}.Ad-Hoc|x64.Deploy.0 = Release|x64
		{1E87BE6D-F379-4437-B0FC-1A6E0BD990F7}.Ad-Hoc|x86.ActiveCfg = Release|x86
		{1E87BE6D-F379-4437-B0FC-1A6E0BD990F7}.Ad-Hoc|x86.Build.0 = Release|x86
		{1E87BE6D-F379-4437-B0FC-1A6E0BD990F7}.Ad-Hoc|x86.Deploy.0 = Release|x86
		{1E87BE6D-F379-4437-B0FC-1A6E0BD990F7}.AppStore|Any CPU.ActiveCfg = Release|x64
		{1E87BE6D-F379-4437-B0FC-1A6E0BD990F7}.AppStore|Any CPU.Build.0 = Release|x64
		{1E87BE6D-F379-4437-B0FC-1A6E0BD990F7}.AppStore|Any CPU.Deploy.0 = Release|x64
		{1E87BE6D-F379-4437-B0FC-1A6E0BD990F7}.AppStore|ARM.ActiveCfg = Release|ARM
		{1E87BE6D-F379-4437-B0FC-1A6E0BD990F7}.AppStore|ARM.Build.0 = Release|ARM
		{1E87BE6D-F379-4437-B0FC-1A6E0BD990F7}.AppStore|ARM.Deploy.0 = Release|ARM
		{1E87BE6D-F379-4437-B0FC-1A6E0BD990F7}.AppStore|iPhone.ActiveCfg = Release|x64
		{1E87BE6D-F379-4437-B0FC-1A6E0BD990F7}.AppStore|iPhone.Build.0 = Release|x64
		{1E87BE6D-F379-4437-B0FC-1A6E0BD990F7}.AppStore|iPhone.Deploy.0 = Release|x64
		{1E87BE6D-F379-4437-B0FC-1A6E0BD990F7}.AppStore|iPhoneSimulator.ActiveCfg = Release|x64
		{1E87BE6D-F379-4437-B0FC-1A6E0BD990F7}.AppStore|iPhoneSimulator.Build.0 = Release|x64
		{1E87BE6D-F379-4437-B0FC-1A6E0BD990F7}.AppStore|iPhoneSimulator.Deploy.0 = Release|x64
		{1E87BE6D-F379-4437-B0FC-1A6E0BD990F7}.AppStore|x64.ActiveCfg = Release|x64
		{1E87BE6D-F379-4437-B0FC-1A6E0BD990F7}.AppStore|x64.Build.0 = Release|x64
		{1E87BE6D-F379-4437-B0FC-1A6E0BD990F7}.AppStore|x64.Deploy.0 = Release|x64
		{1E87BE6D-F379-4437-B0FC-1A6E0BD990F7}.AppStore|x86.ActiveCfg = Release|x86
		{1E87BE6D-F379-4437-B0FC-1A6E0BD990F7}.AppStore|x86.Build.0 = Release|x86
		{1E87BE6D-F379-4437-B0FC-1A6E0BD990F7}.AppStore|x86.Deploy.0 = Release|x86
		{1E87BE6D-F379-4437-B0FC-1A6E0BD990F7}.Debug|Any CPU.ActiveCfg = Debug|x86
		{1E87BE6D-F379-4437-B0FC-1A6E0BD990F7}.Debug|ARM.ActiveCfg = Debug|ARM
		{1E87BE6D-F379-4437-B0FC-1A6E0BD990F7}.Debug|ARM.Build.0 = Debug|ARM
		{1E87BE6D-F379-4437-B0FC-1A6E0BD990F7}.Debug|ARM.Deploy.0 = Debug|ARM
		{1E87BE6D-F379-4437-B0FC-1A6E0BD990F7}.Debug|iPhone.ActiveCfg = Debug|x86
		{1E87BE6D-F379-4437-B0FC-1A6E0BD990F7}.Debug|iPhoneSimulator.ActiveCfg = Debug|x86
		{1E87BE6D-F379-4437-B0FC-1A6E0BD990F7}.Debug|x64.ActiveCfg = Debug|x64
		{1E87BE6D-F379-4437-B0FC-1A6E0BD990F7}.Debug|x64.Build.0 = Debug|x64
		{1E87BE6D-F379-4437-B0FC-1A6E0BD990F7}.Debug|x64.Deploy.0 = Debug|x64
		{1E87BE6D-F379-4437-B0FC-1A6E0BD990F7}.Debug|x86.ActiveCfg = Debug|x86
		{1E87BE6D-F379-4437-B0FC-1A6E0BD990F7}.Debug|x86.Build.0 = Debug|x86
		{1E87BE6D-F379-4437-B0FC-1A6E0BD990F7}.Debug|x86.Deploy.0 = Debug|x86
		{1E87BE6D-F379-4437-B0FC-1A6E0BD990F7}.Release|Any CPU.ActiveCfg = Release|x86
		{1E87BE6D-F379-4437-B0FC-1A6E0BD990F7}.Release|ARM.ActiveCfg = Release|ARM
		{1E87BE6D-F379-4437-B0FC-1A6E0BD990F7}.Release|ARM.Build.0 = Release|ARM
		{1E87BE6D-F379-4437-B0FC-1A6E0BD990F7}.Release|ARM.Deploy.0 = Release|ARM
		{1E87BE6D-F379-4437-B0FC-1A6E0BD990F7}.Release|iPhone.ActiveCfg = Release|x86
		{1E87BE6D-F379-4437-B0FC-1A6E0BD990F7}.Release|iPhoneSimulator.ActiveCfg = Release|x86
		{1E87BE6D-F379-4437-B0FC-1A6E0BD990F7}.Release|x64.ActiveCfg = Release|x64
		{1E87BE6D-F379-4437-B0FC-1A6E0BD990F7}.Release|x64.Build.0 = Release|x64
		{1E87BE6D-F379-4437-B0FC-1A6E0BD990F7}.Release|x64.Deploy.0 = Release|x64
		{1E87BE6D-F379-4437-B0FC-1A6E0BD990F7}.Release|x86.ActiveCfg = Release|x86
		{1E87BE6D-F379-4437-B0FC-1A6E0BD990F7}.Release|x86.Build.0 = Release|x86
		{1E87BE6D-F379-4437-B0FC-1A6E0BD990F7}.Release|x86.Deploy.0 = Release|x86
		{CE2D8871-EE52-428D-978A-295883B4384A}.Ad-Hoc|Any CPU.ActiveCfg = Release|Any CPU
		{CE2D8871-EE52-428D-978A-295883B4384A}.Ad-Hoc|Any CPU.Build.0 = Release|Any CPU
		{CE2D8871-EE52-428D-978A-295883B4384A}.Ad-Hoc|ARM.ActiveCfg = Release|Any CPU
		{CE2D8871-EE52-428D-978A-295883B4384A}.Ad-Hoc|ARM.Build.0 = Release|Any CPU
		{CE2D8871-EE52-428D-978A-295883B4384A}.Ad-Hoc|iPhone.ActiveCfg = Release|Any CPU
		{CE2D8871-EE52-428D-978A-295883B4384A}.Ad-Hoc|iPhone.Build.0 = Release|Any CPU
		{CE2D8871-EE52-428D-978A-295883B4384A}.Ad-Hoc|iPhoneSimulator.ActiveCfg = Release|Any CPU
		{CE2D8871-EE52-428D-978A-295883B4384A}.Ad-Hoc|iPhoneSimulator.Build.0 = Release|Any CPU
		{CE2D8871-EE52-428D-978A-295883B4384A}.Ad-Hoc|x64.ActiveCfg = Release|Any CPU
		{CE2D8871-EE52-428D-978A-295883B4384A}.Ad-Hoc|x64.Build.0 = Release|Any CPU
		{CE2D8871-EE52-428D-978A-295883B4384A}.Ad-Hoc|x86.ActiveCfg = Release|Any CPU
		{CE2D8871-EE52-428D-978A-295883B4384A}.Ad-Hoc|x86.Build.0 = Release|Any CPU
		{CE2D8871-EE52-428D-978A-295883B4384A}.AppStore|Any CPU.ActiveCfg = Release|Any CPU
		{CE2D8871-EE52-428D-978A-295883B4384A}.AppStore|Any CPU.Build.0 = Release|Any CPU
		{CE2D8871-EE52-428D-978A-295883B4384A}.AppStore|ARM.ActiveCfg = Release|Any CPU
		{CE2D8871-EE52-428D-978A-295883B4384A}.AppStore|ARM.Build.0 = Release|Any CPU
		{CE2D8871-EE52-428D-978A-295883B4384A}.AppStore|iPhone.ActiveCfg = Release|Any CPU
		{CE2D8871-EE52-428D-978A-295883B4384A}.AppStore|iPhone.Build.0 = Release|Any CPU
		{CE2D8871-EE52-428D-978A-295883B4384A}.AppStore|iPhoneSimulator.ActiveCfg = Release|Any CPU
		{CE2D8871-EE52-428D-978A-295883B4384A}.AppStore|iPhoneSimulator.Build.0 = Release|Any CPU
		{CE2D8871-EE52-428D-978A-295883B4384A}.AppStore|x64.ActiveCfg = Release|Any CPU
		{CE2D8871-EE52-428D-978A-295883B4384A}.AppStore|x64.Build.0 = Release|Any CPU
		{CE2D8871-EE52-428D-978A-295883B4384A}.AppStore|x86.ActiveCfg = Release|Any CPU
		{CE2D8871-EE52-428D-978A-295883B4384A}.AppStore|x86.Build.0 = Release|Any CPU
		{CE2D8871-EE52-428D-978A-295883B4384A}.Debug|Any CPU.ActiveCfg = Debug|Any CPU
		{CE2D8871-EE52-428D-978A-295883B4384A}.Debug|Any CPU.Build.0 = Debug|Any CPU
		{CE2D8871-EE52-428D-978A-295883B4384A}.Debug|ARM.ActiveCfg = Debug|Any CPU
		{CE2D8871-EE52-428D-978A-295883B4384A}.Debug|ARM.Build.0 = Debug|Any CPU
		{CE2D8871-EE52-428D-978A-295883B4384A}.Debug|iPhone.ActiveCfg = Debug|Any CPU
		{CE2D8871-EE52-428D-978A-295883B4384A}.Debug|iPhone.Build.0 = Debug|Any CPU
		{CE2D8871-EE52-428D-978A-295883B4384A}.Debug|iPhoneSimulator.ActiveCfg = Debug|Any CPU
		{CE2D8871-EE52-428D-978A-295883B4384A}.Debug|iPhoneSimulator.Build.0 = Debug|Any CPU
		{CE2D8871-EE52-428D-978A-295883B4384A}.Debug|x64.ActiveCfg = Debug|Any CPU
		{CE2D8871-EE52-428D-978A-295883B4384A}.Debug|x64.Build.0 = Debug|Any CPU
		{CE2D8871-EE52-428D-978A-295883B4384A}.Debug|x86.ActiveCfg = Debug|Any CPU
		{CE2D8871-EE52-428D-978A-295883B4384A}.Debug|x86.Build.0 = Debug|Any CPU
		{CE2D8871-EE52-428D-978A-295883B4384A}.Release|Any CPU.ActiveCfg = Release|Any CPU
		{CE2D8871-EE52-428D-978A-295883B4384A}.Release|Any CPU.Build.0 = Release|Any CPU
		{CE2D8871-EE52-428D-978A-295883B4384A}.Release|ARM.ActiveCfg = Release|Any CPU
		{CE2D8871-EE52-428D-978A-295883B4384A}.Release|ARM.Build.0 = Release|Any CPU
		{CE2D8871-EE52-428D-978A-295883B4384A}.Release|iPhone.ActiveCfg = Release|Any CPU
		{CE2D8871-EE52-428D-978A-295883B4384A}.Release|iPhone.Build.0 = Release|Any CPU
		{CE2D8871-EE52-428D-978A-295883B4384A}.Release|iPhoneSimulator.ActiveCfg = Release|Any CPU
		{CE2D8871-EE52-428D-978A-295883B4384A}.Release|iPhoneSimulator.Build.0 = Release|Any CPU
		{CE2D8871-EE52-428D-978A-295883B4384A}.Release|x64.ActiveCfg = Release|Any CPU
		{CE2D8871-EE52-428D-978A-295883B4384A}.Release|x64.Build.0 = Release|Any CPU
		{CE2D8871-EE52-428D-978A-295883B4384A}.Release|x86.ActiveCfg = Release|Any CPU
		{CE2D8871-EE52-428D-978A-295883B4384A}.Release|x86.Build.0 = Release|Any CPU
		{03CE46B2-F4FA-4375-A493-F9E37B352299}.Ad-Hoc|Any CPU.ActiveCfg = Release|Any CPU
		{03CE46B2-F4FA-4375-A493-F9E37B352299}.Ad-Hoc|Any CPU.Build.0 = Release|Any CPU
		{03CE46B2-F4FA-4375-A493-F9E37B352299}.Ad-Hoc|ARM.ActiveCfg = Release|Any CPU
		{03CE46B2-F4FA-4375-A493-F9E37B352299}.Ad-Hoc|ARM.Build.0 = Release|Any CPU
		{03CE46B2-F4FA-4375-A493-F9E37B352299}.Ad-Hoc|iPhone.ActiveCfg = Release|Any CPU
		{03CE46B2-F4FA-4375-A493-F9E37B352299}.Ad-Hoc|iPhone.Build.0 = Release|Any CPU
		{03CE46B2-F4FA-4375-A493-F9E37B352299}.Ad-Hoc|iPhoneSimulator.ActiveCfg = Release|Any CPU
		{03CE46B2-F4FA-4375-A493-F9E37B352299}.Ad-Hoc|iPhoneSimulator.Build.0 = Release|Any CPU
		{03CE46B2-F4FA-4375-A493-F9E37B352299}.Ad-Hoc|x64.ActiveCfg = Release|Any CPU
		{03CE46B2-F4FA-4375-A493-F9E37B352299}.Ad-Hoc|x64.Build.0 = Release|Any CPU
		{03CE46B2-F4FA-4375-A493-F9E37B352299}.Ad-Hoc|x86.ActiveCfg = Release|Any CPU
		{03CE46B2-F4FA-4375-A493-F9E37B352299}.Ad-Hoc|x86.Build.0 = Release|Any CPU
		{03CE46B2-F4FA-4375-A493-F9E37B352299}.AppStore|Any CPU.ActiveCfg = Release|Any CPU
		{03CE46B2-F4FA-4375-A493-F9E37B352299}.AppStore|Any CPU.Build.0 = Release|Any CPU
		{03CE46B2-F4FA-4375-A493-F9E37B352299}.AppStore|ARM.ActiveCfg = Release|Any CPU
		{03CE46B2-F4FA-4375-A493-F9E37B352299}.AppStore|ARM.Build.0 = Release|Any CPU
		{03CE46B2-F4FA-4375-A493-F9E37B352299}.AppStore|iPhone.ActiveCfg = Release|Any CPU
		{03CE46B2-F4FA-4375-A493-F9E37B352299}.AppStore|iPhone.Build.0 = Release|Any CPU
		{03CE46B2-F4FA-4375-A493-F9E37B352299}.AppStore|iPhoneSimulator.ActiveCfg = Release|Any CPU
		{03CE46B2-F4FA-4375-A493-F9E37B352299}.AppStore|iPhoneSimulator.Build.0 = Release|Any CPU
		{03CE46B2-F4FA-4375-A493-F9E37B352299}.AppStore|x64.ActiveCfg = Release|Any CPU
		{03CE46B2-F4FA-4375-A493-F9E37B352299}.AppStore|x64.Build.0 = Release|Any CPU
		{03CE46B2-F4FA-4375-A493-F9E37B352299}.AppStore|x86.ActiveCfg = Release|Any CPU
		{03CE46B2-F4FA-4375-A493-F9E37B352299}.AppStore|x86.Build.0 = Release|Any CPU
		{03CE46B2-F4FA-4375-A493-F9E37B352299}.Debug|Any CPU.ActiveCfg = Debug|Any CPU
		{03CE46B2-F4FA-4375-A493-F9E37B352299}.Debug|Any CPU.Build.0 = Debug|Any CPU
		{03CE46B2-F4FA-4375-A493-F9E37B352299}.Debug|ARM.ActiveCfg = Debug|Any CPU
		{03CE46B2-F4FA-4375-A493-F9E37B352299}.Debug|ARM.Build.0 = Debug|Any CPU
		{03CE46B2-F4FA-4375-A493-F9E37B352299}.Debug|iPhone.ActiveCfg = Debug|Any CPU
		{03CE46B2-F4FA-4375-A493-F9E37B352299}.Debug|iPhone.Build.0 = Debug|Any CPU
		{03CE46B2-F4FA-4375-A493-F9E37B352299}.Debug|iPhoneSimulator.ActiveCfg = Debug|Any CPU
		{03CE46B2-F4FA-4375-A493-F9E37B352299}.Debug|iPhoneSimulator.Build.0 = Debug|Any CPU
		{03CE46B2-F4FA-4375-A493-F9E37B352299}.Debug|x64.ActiveCfg = Debug|Any CPU
		{03CE46B2-F4FA-4375-A493-F9E37B352299}.Debug|x64.Build.0 = Debug|Any CPU
		{03CE46B2-F4FA-4375-A493-F9E37B352299}.Debug|x86.ActiveCfg = Debug|Any CPU
		{03CE46B2-F4FA-4375-A493-F9E37B352299}.Debug|x86.Build.0 = Debug|Any CPU
		{03CE46B2-F4FA-4375-A493-F9E37B352299}.Release|Any CPU.ActiveCfg = Release|Any CPU
		{03CE46B2-F4FA-4375-A493-F9E37B352299}.Release|Any CPU.Build.0 = Release|Any CPU
		{03CE46B2-F4FA-4375-A493-F9E37B352299}.Release|ARM.ActiveCfg = Release|Any CPU
		{03CE46B2-F4FA-4375-A493-F9E37B352299}.Release|ARM.Build.0 = Release|Any CPU
		{03CE46B2-F4FA-4375-A493-F9E37B352299}.Release|iPhone.ActiveCfg = Release|Any CPU
		{03CE46B2-F4FA-4375-A493-F9E37B352299}.Release|iPhone.Build.0 = Release|Any CPU
		{03CE46B2-F4FA-4375-A493-F9E37B352299}.Release|iPhoneSimulator.ActiveCfg = Release|Any CPU
		{03CE46B2-F4FA-4375-A493-F9E37B352299}.Release|iPhoneSimulator.Build.0 = Release|Any CPU
		{03CE46B2-F4FA-4375-A493-F9E37B352299}.Release|x64.ActiveCfg = Release|Any CPU
		{03CE46B2-F4FA-4375-A493-F9E37B352299}.Release|x64.Build.0 = Release|Any CPU
		{03CE46B2-F4FA-4375-A493-F9E37B352299}.Release|x86.ActiveCfg = Release|Any CPU
		{03CE46B2-F4FA-4375-A493-F9E37B352299}.Release|x86.Build.0 = Release|Any CPU
		{C3EA108D-5A26-402B-A14C-58AF985AA5C5}.Ad-Hoc|Any CPU.ActiveCfg = Release|Any CPU
		{C3EA108D-5A26-402B-A14C-58AF985AA5C5}.Ad-Hoc|Any CPU.Build.0 = Release|Any CPU
		{C3EA108D-5A26-402B-A14C-58AF985AA5C5}.Ad-Hoc|ARM.ActiveCfg = Release|Any CPU
		{C3EA108D-5A26-402B-A14C-58AF985AA5C5}.Ad-Hoc|ARM.Build.0 = Release|Any CPU
		{C3EA108D-5A26-402B-A14C-58AF985AA5C5}.Ad-Hoc|iPhone.ActiveCfg = Release|Any CPU
		{C3EA108D-5A26-402B-A14C-58AF985AA5C5}.Ad-Hoc|iPhone.Build.0 = Release|Any CPU
		{C3EA108D-5A26-402B-A14C-58AF985AA5C5}.Ad-Hoc|iPhoneSimulator.ActiveCfg = Release|Any CPU
		{C3EA108D-5A26-402B-A14C-58AF985AA5C5}.Ad-Hoc|iPhoneSimulator.Build.0 = Release|Any CPU
		{C3EA108D-5A26-402B-A14C-58AF985AA5C5}.Ad-Hoc|x64.ActiveCfg = Release|Any CPU
		{C3EA108D-5A26-402B-A14C-58AF985AA5C5}.Ad-Hoc|x64.Build.0 = Release|Any CPU
		{C3EA108D-5A26-402B-A14C-58AF985AA5C5}.Ad-Hoc|x86.ActiveCfg = Release|Any CPU
		{C3EA108D-5A26-402B-A14C-58AF985AA5C5}.Ad-Hoc|x86.Build.0 = Release|Any CPU
		{C3EA108D-5A26-402B-A14C-58AF985AA5C5}.AppStore|Any CPU.ActiveCfg = Release|Any CPU
		{C3EA108D-5A26-402B-A14C-58AF985AA5C5}.AppStore|Any CPU.Build.0 = Release|Any CPU
		{C3EA108D-5A26-402B-A14C-58AF985AA5C5}.AppStore|ARM.ActiveCfg = Release|Any CPU
		{C3EA108D-5A26-402B-A14C-58AF985AA5C5}.AppStore|ARM.Build.0 = Release|Any CPU
		{C3EA108D-5A26-402B-A14C-58AF985AA5C5}.AppStore|iPhone.ActiveCfg = Release|Any CPU
		{C3EA108D-5A26-402B-A14C-58AF985AA5C5}.AppStore|iPhone.Build.0 = Release|Any CPU
		{C3EA108D-5A26-402B-A14C-58AF985AA5C5}.AppStore|iPhoneSimulator.ActiveCfg = Release|Any CPU
		{C3EA108D-5A26-402B-A14C-58AF985AA5C5}.AppStore|iPhoneSimulator.Build.0 = Release|Any CPU
		{C3EA108D-5A26-402B-A14C-58AF985AA5C5}.AppStore|x64.ActiveCfg = Release|Any CPU
		{C3EA108D-5A26-402B-A14C-58AF985AA5C5}.AppStore|x64.Build.0 = Release|Any CPU
		{C3EA108D-5A26-402B-A14C-58AF985AA5C5}.AppStore|x86.ActiveCfg = Release|Any CPU
		{C3EA108D-5A26-402B-A14C-58AF985AA5C5}.AppStore|x86.Build.0 = Release|Any CPU
		{C3EA108D-5A26-402B-A14C-58AF985AA5C5}.Debug|Any CPU.ActiveCfg = Debug|Any CPU
		{C3EA108D-5A26-402B-A14C-58AF985AA5C5}.Debug|Any CPU.Build.0 = Debug|Any CPU
		{C3EA108D-5A26-402B-A14C-58AF985AA5C5}.Debug|ARM.ActiveCfg = Debug|Any CPU
		{C3EA108D-5A26-402B-A14C-58AF985AA5C5}.Debug|ARM.Build.0 = Debug|Any CPU
		{C3EA108D-5A26-402B-A14C-58AF985AA5C5}.Debug|iPhone.ActiveCfg = Debug|Any CPU
		{C3EA108D-5A26-402B-A14C-58AF985AA5C5}.Debug|iPhone.Build.0 = Debug|Any CPU
		{C3EA108D-5A26-402B-A14C-58AF985AA5C5}.Debug|iPhoneSimulator.ActiveCfg = Debug|Any CPU
		{C3EA108D-5A26-402B-A14C-58AF985AA5C5}.Debug|iPhoneSimulator.Build.0 = Debug|Any CPU
		{C3EA108D-5A26-402B-A14C-58AF985AA5C5}.Debug|x64.ActiveCfg = Debug|Any CPU
		{C3EA108D-5A26-402B-A14C-58AF985AA5C5}.Debug|x64.Build.0 = Debug|Any CPU
		{C3EA108D-5A26-402B-A14C-58AF985AA5C5}.Debug|x86.ActiveCfg = Debug|Any CPU
		{C3EA108D-5A26-402B-A14C-58AF985AA5C5}.Debug|x86.Build.0 = Debug|Any CPU
		{C3EA108D-5A26-402B-A14C-58AF985AA5C5}.Release|Any CPU.ActiveCfg = Release|Any CPU
		{C3EA108D-5A26-402B-A14C-58AF985AA5C5}.Release|Any CPU.Build.0 = Release|Any CPU
		{C3EA108D-5A26-402B-A14C-58AF985AA5C5}.Release|ARM.ActiveCfg = Release|Any CPU
		{C3EA108D-5A26-402B-A14C-58AF985AA5C5}.Release|ARM.Build.0 = Release|Any CPU
		{C3EA108D-5A26-402B-A14C-58AF985AA5C5}.Release|iPhone.ActiveCfg = Release|Any CPU
		{C3EA108D-5A26-402B-A14C-58AF985AA5C5}.Release|iPhone.Build.0 = Release|Any CPU
		{C3EA108D-5A26-402B-A14C-58AF985AA5C5}.Release|iPhoneSimulator.ActiveCfg = Release|Any CPU
		{C3EA108D-5A26-402B-A14C-58AF985AA5C5}.Release|iPhoneSimulator.Build.0 = Release|Any CPU
		{C3EA108D-5A26-402B-A14C-58AF985AA5C5}.Release|x64.ActiveCfg = Release|Any CPU
		{C3EA108D-5A26-402B-A14C-58AF985AA5C5}.Release|x64.Build.0 = Release|Any CPU
		{C3EA108D-5A26-402B-A14C-58AF985AA5C5}.Release|x86.ActiveCfg = Release|Any CPU
		{C3EA108D-5A26-402B-A14C-58AF985AA5C5}.Release|x86.Build.0 = Release|Any CPU
		{2373D259-1D56-44C5-A864-B3FDF3BF416A}.Ad-Hoc|Any CPU.ActiveCfg = Release|Any CPU
		{2373D259-1D56-44C5-A864-B3FDF3BF416A}.Ad-Hoc|Any CPU.Build.0 = Release|Any CPU
		{2373D259-1D56-44C5-A864-B3FDF3BF416A}.Ad-Hoc|ARM.ActiveCfg = Release|Any CPU
		{2373D259-1D56-44C5-A864-B3FDF3BF416A}.Ad-Hoc|ARM.Build.0 = Release|Any CPU
		{2373D259-1D56-44C5-A864-B3FDF3BF416A}.Ad-Hoc|iPhone.ActiveCfg = Release|Any CPU
		{2373D259-1D56-44C5-A864-B3FDF3BF416A}.Ad-Hoc|iPhone.Build.0 = Release|Any CPU
		{2373D259-1D56-44C5-A864-B3FDF3BF416A}.Ad-Hoc|iPhoneSimulator.ActiveCfg = Release|Any CPU
		{2373D259-1D56-44C5-A864-B3FDF3BF416A}.Ad-Hoc|iPhoneSimulator.Build.0 = Release|Any CPU
		{2373D259-1D56-44C5-A864-B3FDF3BF416A}.Ad-Hoc|x64.ActiveCfg = Release|Any CPU
		{2373D259-1D56-44C5-A864-B3FDF3BF416A}.Ad-Hoc|x64.Build.0 = Release|Any CPU
		{2373D259-1D56-44C5-A864-B3FDF3BF416A}.Ad-Hoc|x86.ActiveCfg = Release|Any CPU
		{2373D259-1D56-44C5-A864-B3FDF3BF416A}.Ad-Hoc|x86.Build.0 = Release|Any CPU
		{2373D259-1D56-44C5-A864-B3FDF3BF416A}.AppStore|Any CPU.ActiveCfg = Release|Any CPU
		{2373D259-1D56-44C5-A864-B3FDF3BF416A}.AppStore|Any CPU.Build.0 = Release|Any CPU
		{2373D259-1D56-44C5-A864-B3FDF3BF416A}.AppStore|ARM.ActiveCfg = Release|Any CPU
		{2373D259-1D56-44C5-A864-B3FDF3BF416A}.AppStore|ARM.Build.0 = Release|Any CPU
		{2373D259-1D56-44C5-A864-B3FDF3BF416A}.AppStore|iPhone.ActiveCfg = Release|Any CPU
		{2373D259-1D56-44C5-A864-B3FDF3BF416A}.AppStore|iPhone.Build.0 = Release|Any CPU
		{2373D259-1D56-44C5-A864-B3FDF3BF416A}.AppStore|iPhoneSimulator.ActiveCfg = Release|Any CPU
		{2373D259-1D56-44C5-A864-B3FDF3BF416A}.AppStore|iPhoneSimulator.Build.0 = Release|Any CPU
		{2373D259-1D56-44C5-A864-B3FDF3BF416A}.AppStore|x64.ActiveCfg = Release|Any CPU
		{2373D259-1D56-44C5-A864-B3FDF3BF416A}.AppStore|x64.Build.0 = Release|Any CPU
		{2373D259-1D56-44C5-A864-B3FDF3BF416A}.AppStore|x86.ActiveCfg = Release|Any CPU
		{2373D259-1D56-44C5-A864-B3FDF3BF416A}.AppStore|x86.Build.0 = Release|Any CPU
		{2373D259-1D56-44C5-A864-B3FDF3BF416A}.Debug|Any CPU.ActiveCfg = Debug|Any CPU
		{2373D259-1D56-44C5-A864-B3FDF3BF416A}.Debug|Any CPU.Build.0 = Debug|Any CPU
		{2373D259-1D56-44C5-A864-B3FDF3BF416A}.Debug|ARM.ActiveCfg = Debug|Any CPU
		{2373D259-1D56-44C5-A864-B3FDF3BF416A}.Debug|ARM.Build.0 = Debug|Any CPU
		{2373D259-1D56-44C5-A864-B3FDF3BF416A}.Debug|iPhone.ActiveCfg = Debug|Any CPU
		{2373D259-1D56-44C5-A864-B3FDF3BF416A}.Debug|iPhone.Build.0 = Debug|Any CPU
		{2373D259-1D56-44C5-A864-B3FDF3BF416A}.Debug|iPhoneSimulator.ActiveCfg = Debug|Any CPU
		{2373D259-1D56-44C5-A864-B3FDF3BF416A}.Debug|iPhoneSimulator.Build.0 = Debug|Any CPU
		{2373D259-1D56-44C5-A864-B3FDF3BF416A}.Debug|x64.ActiveCfg = Debug|Any CPU
		{2373D259-1D56-44C5-A864-B3FDF3BF416A}.Debug|x64.Build.0 = Debug|Any CPU
		{2373D259-1D56-44C5-A864-B3FDF3BF416A}.Debug|x86.ActiveCfg = Debug|Any CPU
		{2373D259-1D56-44C5-A864-B3FDF3BF416A}.Debug|x86.Build.0 = Debug|Any CPU
		{2373D259-1D56-44C5-A864-B3FDF3BF416A}.Release|Any CPU.ActiveCfg = Release|Any CPU
		{2373D259-1D56-44C5-A864-B3FDF3BF416A}.Release|Any CPU.Build.0 = Release|Any CPU
		{2373D259-1D56-44C5-A864-B3FDF3BF416A}.Release|ARM.ActiveCfg = Release|Any CPU
		{2373D259-1D56-44C5-A864-B3FDF3BF416A}.Release|ARM.Build.0 = Release|Any CPU
		{2373D259-1D56-44C5-A864-B3FDF3BF416A}.Release|iPhone.ActiveCfg = Release|Any CPU
		{2373D259-1D56-44C5-A864-B3FDF3BF416A}.Release|iPhone.Build.0 = Release|Any CPU
		{2373D259-1D56-44C5-A864-B3FDF3BF416A}.Release|iPhoneSimulator.ActiveCfg = Release|Any CPU
		{2373D259-1D56-44C5-A864-B3FDF3BF416A}.Release|iPhoneSimulator.Build.0 = Release|Any CPU
		{2373D259-1D56-44C5-A864-B3FDF3BF416A}.Release|x64.ActiveCfg = Release|Any CPU
		{2373D259-1D56-44C5-A864-B3FDF3BF416A}.Release|x64.Build.0 = Release|Any CPU
		{2373D259-1D56-44C5-A864-B3FDF3BF416A}.Release|x86.ActiveCfg = Release|Any CPU
		{2373D259-1D56-44C5-A864-B3FDF3BF416A}.Release|x86.Build.0 = Release|Any CPU
		{C60DF964-C19D-467E-9503-F69B0284D13C}.Ad-Hoc|Any CPU.ActiveCfg = Release|Any CPU
		{C60DF964-C19D-467E-9503-F69B0284D13C}.Ad-Hoc|Any CPU.Build.0 = Release|Any CPU
		{C60DF964-C19D-467E-9503-F69B0284D13C}.Ad-Hoc|ARM.ActiveCfg = Release|Any CPU
		{C60DF964-C19D-467E-9503-F69B0284D13C}.Ad-Hoc|ARM.Build.0 = Release|Any CPU
		{C60DF964-C19D-467E-9503-F69B0284D13C}.Ad-Hoc|iPhone.ActiveCfg = Release|Any CPU
		{C60DF964-C19D-467E-9503-F69B0284D13C}.Ad-Hoc|iPhone.Build.0 = Release|Any CPU
		{C60DF964-C19D-467E-9503-F69B0284D13C}.Ad-Hoc|iPhoneSimulator.ActiveCfg = Release|Any CPU
		{C60DF964-C19D-467E-9503-F69B0284D13C}.Ad-Hoc|iPhoneSimulator.Build.0 = Release|Any CPU
		{C60DF964-C19D-467E-9503-F69B0284D13C}.Ad-Hoc|x64.ActiveCfg = Release|Any CPU
		{C60DF964-C19D-467E-9503-F69B0284D13C}.Ad-Hoc|x64.Build.0 = Release|Any CPU
		{C60DF964-C19D-467E-9503-F69B0284D13C}.Ad-Hoc|x86.ActiveCfg = Release|Any CPU
		{C60DF964-C19D-467E-9503-F69B0284D13C}.Ad-Hoc|x86.Build.0 = Release|Any CPU
		{C60DF964-C19D-467E-9503-F69B0284D13C}.AppStore|Any CPU.ActiveCfg = Release|Any CPU
		{C60DF964-C19D-467E-9503-F69B0284D13C}.AppStore|Any CPU.Build.0 = Release|Any CPU
		{C60DF964-C19D-467E-9503-F69B0284D13C}.AppStore|ARM.ActiveCfg = Release|Any CPU
		{C60DF964-C19D-467E-9503-F69B0284D13C}.AppStore|ARM.Build.0 = Release|Any CPU
		{C60DF964-C19D-467E-9503-F69B0284D13C}.AppStore|iPhone.ActiveCfg = Release|Any CPU
		{C60DF964-C19D-467E-9503-F69B0284D13C}.AppStore|iPhone.Build.0 = Release|Any CPU
		{C60DF964-C19D-467E-9503-F69B0284D13C}.AppStore|iPhoneSimulator.ActiveCfg = Release|Any CPU
		{C60DF964-C19D-467E-9503-F69B0284D13C}.AppStore|iPhoneSimulator.Build.0 = Release|Any CPU
		{C60DF964-C19D-467E-9503-F69B0284D13C}.AppStore|x64.ActiveCfg = Release|Any CPU
		{C60DF964-C19D-467E-9503-F69B0284D13C}.AppStore|x64.Build.0 = Release|Any CPU
		{C60DF964-C19D-467E-9503-F69B0284D13C}.AppStore|x86.ActiveCfg = Release|Any CPU
		{C60DF964-C19D-467E-9503-F69B0284D13C}.AppStore|x86.Build.0 = Release|Any CPU
		{C60DF964-C19D-467E-9503-F69B0284D13C}.Debug|Any CPU.ActiveCfg = Debug|Any CPU
		{C60DF964-C19D-467E-9503-F69B0284D13C}.Debug|Any CPU.Build.0 = Debug|Any CPU
		{C60DF964-C19D-467E-9503-F69B0284D13C}.Debug|ARM.ActiveCfg = Debug|Any CPU
		{C60DF964-C19D-467E-9503-F69B0284D13C}.Debug|ARM.Build.0 = Debug|Any CPU
		{C60DF964-C19D-467E-9503-F69B0284D13C}.Debug|iPhone.ActiveCfg = Debug|Any CPU
		{C60DF964-C19D-467E-9503-F69B0284D13C}.Debug|iPhone.Build.0 = Debug|Any CPU
		{C60DF964-C19D-467E-9503-F69B0284D13C}.Debug|iPhoneSimulator.ActiveCfg = Debug|Any CPU
		{C60DF964-C19D-467E-9503-F69B0284D13C}.Debug|iPhoneSimulator.Build.0 = Debug|Any CPU
		{C60DF964-C19D-467E-9503-F69B0284D13C}.Debug|x64.ActiveCfg = Debug|Any CPU
		{C60DF964-C19D-467E-9503-F69B0284D13C}.Debug|x64.Build.0 = Debug|Any CPU
		{C60DF964-C19D-467E-9503-F69B0284D13C}.Debug|x86.ActiveCfg = Debug|Any CPU
		{C60DF964-C19D-467E-9503-F69B0284D13C}.Debug|x86.Build.0 = Debug|Any CPU
		{C60DF964-C19D-467E-9503-F69B0284D13C}.Release|Any CPU.ActiveCfg = Release|Any CPU
		{C60DF964-C19D-467E-9503-F69B0284D13C}.Release|Any CPU.Build.0 = Release|Any CPU
		{C60DF964-C19D-467E-9503-F69B0284D13C}.Release|ARM.ActiveCfg = Release|Any CPU
		{C60DF964-C19D-467E-9503-F69B0284D13C}.Release|ARM.Build.0 = Release|Any CPU
		{C60DF964-C19D-467E-9503-F69B0284D13C}.Release|iPhone.ActiveCfg = Release|Any CPU
		{C60DF964-C19D-467E-9503-F69B0284D13C}.Release|iPhone.Build.0 = Release|Any CPU
		{C60DF964-C19D-467E-9503-F69B0284D13C}.Release|iPhoneSimulator.ActiveCfg = Release|Any CPU
		{C60DF964-C19D-467E-9503-F69B0284D13C}.Release|iPhoneSimulator.Build.0 = Release|Any CPU
		{C60DF964-C19D-467E-9503-F69B0284D13C}.Release|x64.ActiveCfg = Release|Any CPU
		{C60DF964-C19D-467E-9503-F69B0284D13C}.Release|x64.Build.0 = Release|Any CPU
		{C60DF964-C19D-467E-9503-F69B0284D13C}.Release|x86.ActiveCfg = Release|Any CPU
		{C60DF964-C19D-467E-9503-F69B0284D13C}.Release|x86.Build.0 = Release|Any CPU
		{0084C2B6-ECAC-478F-90E7-AB2664828223}.Ad-Hoc|Any CPU.ActiveCfg = Release|Any CPU
		{0084C2B6-ECAC-478F-90E7-AB2664828223}.Ad-Hoc|Any CPU.Build.0 = Release|Any CPU
		{0084C2B6-ECAC-478F-90E7-AB2664828223}.Ad-Hoc|ARM.ActiveCfg = Release|Any CPU
		{0084C2B6-ECAC-478F-90E7-AB2664828223}.Ad-Hoc|ARM.Build.0 = Release|Any CPU
		{0084C2B6-ECAC-478F-90E7-AB2664828223}.Ad-Hoc|iPhone.ActiveCfg = Release|Any CPU
		{0084C2B6-ECAC-478F-90E7-AB2664828223}.Ad-Hoc|iPhone.Build.0 = Release|Any CPU
		{0084C2B6-ECAC-478F-90E7-AB2664828223}.Ad-Hoc|iPhoneSimulator.ActiveCfg = Release|Any CPU
		{0084C2B6-ECAC-478F-90E7-AB2664828223}.Ad-Hoc|iPhoneSimulator.Build.0 = Release|Any CPU
		{0084C2B6-ECAC-478F-90E7-AB2664828223}.Ad-Hoc|x64.ActiveCfg = Release|Any CPU
		{0084C2B6-ECAC-478F-90E7-AB2664828223}.Ad-Hoc|x64.Build.0 = Release|Any CPU
		{0084C2B6-ECAC-478F-90E7-AB2664828223}.Ad-Hoc|x86.ActiveCfg = Release|Any CPU
		{0084C2B6-ECAC-478F-90E7-AB2664828223}.Ad-Hoc|x86.Build.0 = Release|Any CPU
		{0084C2B6-ECAC-478F-90E7-AB2664828223}.AppStore|Any CPU.ActiveCfg = Release|Any CPU
		{0084C2B6-ECAC-478F-90E7-AB2664828223}.AppStore|Any CPU.Build.0 = Release|Any CPU
		{0084C2B6-ECAC-478F-90E7-AB2664828223}.AppStore|ARM.ActiveCfg = Release|Any CPU
		{0084C2B6-ECAC-478F-90E7-AB2664828223}.AppStore|ARM.Build.0 = Release|Any CPU
		{0084C2B6-ECAC-478F-90E7-AB2664828223}.AppStore|iPhone.ActiveCfg = Release|Any CPU
		{0084C2B6-ECAC-478F-90E7-AB2664828223}.AppStore|iPhone.Build.0 = Release|Any CPU
		{0084C2B6-ECAC-478F-90E7-AB2664828223}.AppStore|iPhoneSimulator.ActiveCfg = Release|Any CPU
		{0084C2B6-ECAC-478F-90E7-AB2664828223}.AppStore|iPhoneSimulator.Build.0 = Release|Any CPU
		{0084C2B6-ECAC-478F-90E7-AB2664828223}.AppStore|x64.ActiveCfg = Release|Any CPU
		{0084C2B6-ECAC-478F-90E7-AB2664828223}.AppStore|x64.Build.0 = Release|Any CPU
		{0084C2B6-ECAC-478F-90E7-AB2664828223}.AppStore|x86.ActiveCfg = Release|Any CPU
		{0084C2B6-ECAC-478F-90E7-AB2664828223}.AppStore|x86.Build.0 = Release|Any CPU
		{0084C2B6-ECAC-478F-90E7-AB2664828223}.Debug|Any CPU.ActiveCfg = Debug|Any CPU
		{0084C2B6-ECAC-478F-90E7-AB2664828223}.Debug|Any CPU.Build.0 = Debug|Any CPU
		{0084C2B6-ECAC-478F-90E7-AB2664828223}.Debug|ARM.ActiveCfg = Debug|Any CPU
		{0084C2B6-ECAC-478F-90E7-AB2664828223}.Debug|ARM.Build.0 = Debug|Any CPU
		{0084C2B6-ECAC-478F-90E7-AB2664828223}.Debug|iPhone.ActiveCfg = Debug|Any CPU
		{0084C2B6-ECAC-478F-90E7-AB2664828223}.Debug|iPhone.Build.0 = Debug|Any CPU
		{0084C2B6-ECAC-478F-90E7-AB2664828223}.Debug|iPhoneSimulator.ActiveCfg = Debug|Any CPU
		{0084C2B6-ECAC-478F-90E7-AB2664828223}.Debug|iPhoneSimulator.Build.0 = Debug|Any CPU
		{0084C2B6-ECAC-478F-90E7-AB2664828223}.Debug|x64.ActiveCfg = Debug|Any CPU
		{0084C2B6-ECAC-478F-90E7-AB2664828223}.Debug|x64.Build.0 = Debug|Any CPU
		{0084C2B6-ECAC-478F-90E7-AB2664828223}.Debug|x86.ActiveCfg = Debug|Any CPU
		{0084C2B6-ECAC-478F-90E7-AB2664828223}.Debug|x86.Build.0 = Debug|Any CPU
		{0084C2B6-ECAC-478F-90E7-AB2664828223}.Release|Any CPU.ActiveCfg = Release|Any CPU
		{0084C2B6-ECAC-478F-90E7-AB2664828223}.Release|Any CPU.Build.0 = Release|Any CPU
		{0084C2B6-ECAC-478F-90E7-AB2664828223}.Release|ARM.ActiveCfg = Release|Any CPU
		{0084C2B6-ECAC-478F-90E7-AB2664828223}.Release|ARM.Build.0 = Release|Any CPU
		{0084C2B6-ECAC-478F-90E7-AB2664828223}.Release|iPhone.ActiveCfg = Release|Any CPU
		{0084C2B6-ECAC-478F-90E7-AB2664828223}.Release|iPhone.Build.0 = Release|Any CPU
		{0084C2B6-ECAC-478F-90E7-AB2664828223}.Release|iPhoneSimulator.ActiveCfg = Release|Any CPU
		{0084C2B6-ECAC-478F-90E7-AB2664828223}.Release|iPhoneSimulator.Build.0 = Release|Any CPU
		{0084C2B6-ECAC-478F-90E7-AB2664828223}.Release|x64.ActiveCfg = Release|Any CPU
		{0084C2B6-ECAC-478F-90E7-AB2664828223}.Release|x64.Build.0 = Release|Any CPU
		{0084C2B6-ECAC-478F-90E7-AB2664828223}.Release|x86.ActiveCfg = Release|Any CPU
		{0084C2B6-ECAC-478F-90E7-AB2664828223}.Release|x86.Build.0 = Release|Any CPU
		{FB636A9A-BB83-4763-8C8C-3E0D5587DBB9}.Ad-Hoc|Any CPU.ActiveCfg = Debug|Any CPU
		{FB636A9A-BB83-4763-8C8C-3E0D5587DBB9}.Ad-Hoc|Any CPU.Build.0 = Debug|Any CPU
		{FB636A9A-BB83-4763-8C8C-3E0D5587DBB9}.Ad-Hoc|ARM.ActiveCfg = Debug|Any CPU
		{FB636A9A-BB83-4763-8C8C-3E0D5587DBB9}.Ad-Hoc|ARM.Build.0 = Debug|Any CPU
		{FB636A9A-BB83-4763-8C8C-3E0D5587DBB9}.Ad-Hoc|iPhone.ActiveCfg = Debug|Any CPU
		{FB636A9A-BB83-4763-8C8C-3E0D5587DBB9}.Ad-Hoc|iPhone.Build.0 = Debug|Any CPU
		{FB636A9A-BB83-4763-8C8C-3E0D5587DBB9}.Ad-Hoc|iPhoneSimulator.ActiveCfg = Debug|Any CPU
		{FB636A9A-BB83-4763-8C8C-3E0D5587DBB9}.Ad-Hoc|iPhoneSimulator.Build.0 = Debug|Any CPU
		{FB636A9A-BB83-4763-8C8C-3E0D5587DBB9}.Ad-Hoc|x64.ActiveCfg = Debug|Any CPU
		{FB636A9A-BB83-4763-8C8C-3E0D5587DBB9}.Ad-Hoc|x64.Build.0 = Debug|Any CPU
		{FB636A9A-BB83-4763-8C8C-3E0D5587DBB9}.Ad-Hoc|x86.ActiveCfg = Debug|Any CPU
		{FB636A9A-BB83-4763-8C8C-3E0D5587DBB9}.Ad-Hoc|x86.Build.0 = Debug|Any CPU
		{FB636A9A-BB83-4763-8C8C-3E0D5587DBB9}.AppStore|Any CPU.ActiveCfg = Debug|Any CPU
		{FB636A9A-BB83-4763-8C8C-3E0D5587DBB9}.AppStore|Any CPU.Build.0 = Debug|Any CPU
		{FB636A9A-BB83-4763-8C8C-3E0D5587DBB9}.AppStore|ARM.ActiveCfg = Debug|Any CPU
		{FB636A9A-BB83-4763-8C8C-3E0D5587DBB9}.AppStore|ARM.Build.0 = Debug|Any CPU
		{FB636A9A-BB83-4763-8C8C-3E0D5587DBB9}.AppStore|iPhone.ActiveCfg = Debug|Any CPU
		{FB636A9A-BB83-4763-8C8C-3E0D5587DBB9}.AppStore|iPhone.Build.0 = Debug|Any CPU
		{FB636A9A-BB83-4763-8C8C-3E0D5587DBB9}.AppStore|iPhoneSimulator.ActiveCfg = Debug|Any CPU
		{FB636A9A-BB83-4763-8C8C-3E0D5587DBB9}.AppStore|iPhoneSimulator.Build.0 = Debug|Any CPU
		{FB636A9A-BB83-4763-8C8C-3E0D5587DBB9}.AppStore|x64.ActiveCfg = Debug|Any CPU
		{FB636A9A-BB83-4763-8C8C-3E0D5587DBB9}.AppStore|x64.Build.0 = Debug|Any CPU
		{FB636A9A-BB83-4763-8C8C-3E0D5587DBB9}.AppStore|x86.ActiveCfg = Debug|Any CPU
		{FB636A9A-BB83-4763-8C8C-3E0D5587DBB9}.AppStore|x86.Build.0 = Debug|Any CPU
		{FB636A9A-BB83-4763-8C8C-3E0D5587DBB9}.Debug|Any CPU.ActiveCfg = Debug|Any CPU
		{FB636A9A-BB83-4763-8C8C-3E0D5587DBB9}.Debug|Any CPU.Build.0 = Debug|Any CPU
		{FB636A9A-BB83-4763-8C8C-3E0D5587DBB9}.Debug|ARM.ActiveCfg = Debug|Any CPU
		{FB636A9A-BB83-4763-8C8C-3E0D5587DBB9}.Debug|ARM.Build.0 = Debug|Any CPU
		{FB636A9A-BB83-4763-8C8C-3E0D5587DBB9}.Debug|iPhone.ActiveCfg = Debug|Any CPU
		{FB636A9A-BB83-4763-8C8C-3E0D5587DBB9}.Debug|iPhone.Build.0 = Debug|Any CPU
		{FB636A9A-BB83-4763-8C8C-3E0D5587DBB9}.Debug|iPhoneSimulator.ActiveCfg = Debug|Any CPU
		{FB636A9A-BB83-4763-8C8C-3E0D5587DBB9}.Debug|iPhoneSimulator.Build.0 = Debug|Any CPU
		{FB636A9A-BB83-4763-8C8C-3E0D5587DBB9}.Debug|x64.ActiveCfg = Debug|Any CPU
		{FB636A9A-BB83-4763-8C8C-3E0D5587DBB9}.Debug|x64.Build.0 = Debug|Any CPU
		{FB636A9A-BB83-4763-8C8C-3E0D5587DBB9}.Debug|x86.ActiveCfg = Debug|Any CPU
		{FB636A9A-BB83-4763-8C8C-3E0D5587DBB9}.Debug|x86.Build.0 = Debug|Any CPU
		{FB636A9A-BB83-4763-8C8C-3E0D5587DBB9}.Release|Any CPU.ActiveCfg = Release|Any CPU
		{FB636A9A-BB83-4763-8C8C-3E0D5587DBB9}.Release|Any CPU.Build.0 = Release|Any CPU
		{FB636A9A-BB83-4763-8C8C-3E0D5587DBB9}.Release|ARM.ActiveCfg = Release|Any CPU
		{FB636A9A-BB83-4763-8C8C-3E0D5587DBB9}.Release|ARM.Build.0 = Release|Any CPU
		{FB636A9A-BB83-4763-8C8C-3E0D5587DBB9}.Release|iPhone.ActiveCfg = Release|Any CPU
		{FB636A9A-BB83-4763-8C8C-3E0D5587DBB9}.Release|iPhone.Build.0 = Release|Any CPU
		{FB636A9A-BB83-4763-8C8C-3E0D5587DBB9}.Release|iPhoneSimulator.ActiveCfg = Release|Any CPU
		{FB636A9A-BB83-4763-8C8C-3E0D5587DBB9}.Release|iPhoneSimulator.Build.0 = Release|Any CPU
		{FB636A9A-BB83-4763-8C8C-3E0D5587DBB9}.Release|x64.ActiveCfg = Release|Any CPU
		{FB636A9A-BB83-4763-8C8C-3E0D5587DBB9}.Release|x64.Build.0 = Release|Any CPU
		{FB636A9A-BB83-4763-8C8C-3E0D5587DBB9}.Release|x86.ActiveCfg = Release|Any CPU
		{FB636A9A-BB83-4763-8C8C-3E0D5587DBB9}.Release|x86.Build.0 = Release|Any CPU
		{8B761A7A-252F-4725-A43C-F58DF5FD59D4}.Ad-Hoc|Any CPU.ActiveCfg = Release|Any CPU
		{8B761A7A-252F-4725-A43C-F58DF5FD59D4}.Ad-Hoc|Any CPU.Build.0 = Release|Any CPU
		{8B761A7A-252F-4725-A43C-F58DF5FD59D4}.Ad-Hoc|Any CPU.Deploy.0 = Release|Any CPU
		{8B761A7A-252F-4725-A43C-F58DF5FD59D4}.Ad-Hoc|ARM.ActiveCfg = Release|Any CPU
		{8B761A7A-252F-4725-A43C-F58DF5FD59D4}.Ad-Hoc|ARM.Build.0 = Release|Any CPU
		{8B761A7A-252F-4725-A43C-F58DF5FD59D4}.Ad-Hoc|ARM.Deploy.0 = Release|Any CPU
		{8B761A7A-252F-4725-A43C-F58DF5FD59D4}.Ad-Hoc|iPhone.ActiveCfg = Release|Any CPU
		{8B761A7A-252F-4725-A43C-F58DF5FD59D4}.Ad-Hoc|iPhone.Build.0 = Release|Any CPU
		{8B761A7A-252F-4725-A43C-F58DF5FD59D4}.Ad-Hoc|iPhone.Deploy.0 = Release|Any CPU
		{8B761A7A-252F-4725-A43C-F58DF5FD59D4}.Ad-Hoc|iPhoneSimulator.ActiveCfg = Release|Any CPU
		{8B761A7A-252F-4725-A43C-F58DF5FD59D4}.Ad-Hoc|iPhoneSimulator.Build.0 = Release|Any CPU
		{8B761A7A-252F-4725-A43C-F58DF5FD59D4}.Ad-Hoc|iPhoneSimulator.Deploy.0 = Release|Any CPU
		{8B761A7A-252F-4725-A43C-F58DF5FD59D4}.Ad-Hoc|x64.ActiveCfg = Release|Any CPU
		{8B761A7A-252F-4725-A43C-F58DF5FD59D4}.Ad-Hoc|x64.Build.0 = Release|Any CPU
		{8B761A7A-252F-4725-A43C-F58DF5FD59D4}.Ad-Hoc|x64.Deploy.0 = Release|Any CPU
		{8B761A7A-252F-4725-A43C-F58DF5FD59D4}.Ad-Hoc|x86.ActiveCfg = Release|Any CPU
		{8B761A7A-252F-4725-A43C-F58DF5FD59D4}.Ad-Hoc|x86.Build.0 = Release|Any CPU
		{8B761A7A-252F-4725-A43C-F58DF5FD59D4}.Ad-Hoc|x86.Deploy.0 = Release|Any CPU
		{8B761A7A-252F-4725-A43C-F58DF5FD59D4}.AppStore|Any CPU.ActiveCfg = Release|Any CPU
		{8B761A7A-252F-4725-A43C-F58DF5FD59D4}.AppStore|Any CPU.Build.0 = Release|Any CPU
		{8B761A7A-252F-4725-A43C-F58DF5FD59D4}.AppStore|Any CPU.Deploy.0 = Release|Any CPU
		{8B761A7A-252F-4725-A43C-F58DF5FD59D4}.AppStore|ARM.ActiveCfg = Release|Any CPU
		{8B761A7A-252F-4725-A43C-F58DF5FD59D4}.AppStore|ARM.Build.0 = Release|Any CPU
		{8B761A7A-252F-4725-A43C-F58DF5FD59D4}.AppStore|ARM.Deploy.0 = Release|Any CPU
		{8B761A7A-252F-4725-A43C-F58DF5FD59D4}.AppStore|iPhone.ActiveCfg = Release|Any CPU
		{8B761A7A-252F-4725-A43C-F58DF5FD59D4}.AppStore|iPhone.Build.0 = Release|Any CPU
		{8B761A7A-252F-4725-A43C-F58DF5FD59D4}.AppStore|iPhone.Deploy.0 = Release|Any CPU
		{8B761A7A-252F-4725-A43C-F58DF5FD59D4}.AppStore|iPhoneSimulator.ActiveCfg = Release|Any CPU
		{8B761A7A-252F-4725-A43C-F58DF5FD59D4}.AppStore|iPhoneSimulator.Build.0 = Release|Any CPU
		{8B761A7A-252F-4725-A43C-F58DF5FD59D4}.AppStore|iPhoneSimulator.Deploy.0 = Release|Any CPU
		{8B761A7A-252F-4725-A43C-F58DF5FD59D4}.AppStore|x64.ActiveCfg = Release|Any CPU
		{8B761A7A-252F-4725-A43C-F58DF5FD59D4}.AppStore|x64.Build.0 = Release|Any CPU
		{8B761A7A-252F-4725-A43C-F58DF5FD59D4}.AppStore|x64.Deploy.0 = Release|Any CPU
		{8B761A7A-252F-4725-A43C-F58DF5FD59D4}.AppStore|x86.ActiveCfg = Release|Any CPU
		{8B761A7A-252F-4725-A43C-F58DF5FD59D4}.AppStore|x86.Build.0 = Release|Any CPU
		{8B761A7A-252F-4725-A43C-F58DF5FD59D4}.AppStore|x86.Deploy.0 = Release|Any CPU
		{8B761A7A-252F-4725-A43C-F58DF5FD59D4}.Debug|Any CPU.ActiveCfg = Debug|Any CPU
		{8B761A7A-252F-4725-A43C-F58DF5FD59D4}.Debug|Any CPU.Build.0 = Debug|Any CPU
		{8B761A7A-252F-4725-A43C-F58DF5FD59D4}.Debug|Any CPU.Deploy.0 = Debug|Any CPU
		{8B761A7A-252F-4725-A43C-F58DF5FD59D4}.Debug|ARM.ActiveCfg = Debug|Any CPU
		{8B761A7A-252F-4725-A43C-F58DF5FD59D4}.Debug|ARM.Build.0 = Debug|Any CPU
		{8B761A7A-252F-4725-A43C-F58DF5FD59D4}.Debug|ARM.Deploy.0 = Debug|Any CPU
		{8B761A7A-252F-4725-A43C-F58DF5FD59D4}.Debug|iPhone.ActiveCfg = Debug|Any CPU
		{8B761A7A-252F-4725-A43C-F58DF5FD59D4}.Debug|iPhone.Build.0 = Debug|Any CPU
		{8B761A7A-252F-4725-A43C-F58DF5FD59D4}.Debug|iPhone.Deploy.0 = Debug|Any CPU
		{8B761A7A-252F-4725-A43C-F58DF5FD59D4}.Debug|iPhoneSimulator.ActiveCfg = Debug|Any CPU
		{8B761A7A-252F-4725-A43C-F58DF5FD59D4}.Debug|iPhoneSimulator.Build.0 = Debug|Any CPU
		{8B761A7A-252F-4725-A43C-F58DF5FD59D4}.Debug|iPhoneSimulator.Deploy.0 = Debug|Any CPU
		{8B761A7A-252F-4725-A43C-F58DF5FD59D4}.Debug|x64.ActiveCfg = Debug|Any CPU
		{8B761A7A-252F-4725-A43C-F58DF5FD59D4}.Debug|x64.Build.0 = Debug|Any CPU
		{8B761A7A-252F-4725-A43C-F58DF5FD59D4}.Debug|x64.Deploy.0 = Debug|Any CPU
		{8B761A7A-252F-4725-A43C-F58DF5FD59D4}.Debug|x86.ActiveCfg = Debug|Any CPU
		{8B761A7A-252F-4725-A43C-F58DF5FD59D4}.Debug|x86.Build.0 = Debug|Any CPU
		{8B761A7A-252F-4725-A43C-F58DF5FD59D4}.Debug|x86.Deploy.0 = Debug|Any CPU
		{8B761A7A-252F-4725-A43C-F58DF5FD59D4}.Release|Any CPU.ActiveCfg = Release|Any CPU
		{8B761A7A-252F-4725-A43C-F58DF5FD59D4}.Release|Any CPU.Build.0 = Release|Any CPU
		{8B761A7A-252F-4725-A43C-F58DF5FD59D4}.Release|Any CPU.Deploy.0 = Release|Any CPU
		{8B761A7A-252F-4725-A43C-F58DF5FD59D4}.Release|ARM.ActiveCfg = Release|Any CPU
		{8B761A7A-252F-4725-A43C-F58DF5FD59D4}.Release|ARM.Build.0 = Release|Any CPU
		{8B761A7A-252F-4725-A43C-F58DF5FD59D4}.Release|ARM.Deploy.0 = Release|Any CPU
		{8B761A7A-252F-4725-A43C-F58DF5FD59D4}.Release|iPhone.ActiveCfg = Release|Any CPU
		{8B761A7A-252F-4725-A43C-F58DF5FD59D4}.Release|iPhone.Build.0 = Release|Any CPU
		{8B761A7A-252F-4725-A43C-F58DF5FD59D4}.Release|iPhone.Deploy.0 = Release|Any CPU
		{8B761A7A-252F-4725-A43C-F58DF5FD59D4}.Release|iPhoneSimulator.ActiveCfg = Release|Any CPU
		{8B761A7A-252F-4725-A43C-F58DF5FD59D4}.Release|iPhoneSimulator.Build.0 = Release|Any CPU
		{8B761A7A-252F-4725-A43C-F58DF5FD59D4}.Release|iPhoneSimulator.Deploy.0 = Release|Any CPU
		{8B761A7A-252F-4725-A43C-F58DF5FD59D4}.Release|x64.ActiveCfg = Release|Any CPU
		{8B761A7A-252F-4725-A43C-F58DF5FD59D4}.Release|x64.Build.0 = Release|Any CPU
		{8B761A7A-252F-4725-A43C-F58DF5FD59D4}.Release|x64.Deploy.0 = Release|Any CPU
		{8B761A7A-252F-4725-A43C-F58DF5FD59D4}.Release|x86.ActiveCfg = Release|Any CPU
		{8B761A7A-252F-4725-A43C-F58DF5FD59D4}.Release|x86.Build.0 = Release|Any CPU
		{8B761A7A-252F-4725-A43C-F58DF5FD59D4}.Release|x86.Deploy.0 = Release|Any CPU
		{8539FBAE-34C0-47AE-8542-E8BED30AF17A}.Ad-Hoc|Any CPU.ActiveCfg = Ad-Hoc|iPhone
		{8539FBAE-34C0-47AE-8542-E8BED30AF17A}.Ad-Hoc|ARM.ActiveCfg = Ad-Hoc|iPhone
		{8539FBAE-34C0-47AE-8542-E8BED30AF17A}.Ad-Hoc|iPhone.ActiveCfg = Ad-Hoc|iPhone
		{8539FBAE-34C0-47AE-8542-E8BED30AF17A}.Ad-Hoc|iPhone.Build.0 = Ad-Hoc|iPhone
		{8539FBAE-34C0-47AE-8542-E8BED30AF17A}.Ad-Hoc|iPhoneSimulator.ActiveCfg = Ad-Hoc|iPhoneSimulator
		{8539FBAE-34C0-47AE-8542-E8BED30AF17A}.Ad-Hoc|iPhoneSimulator.Build.0 = Ad-Hoc|iPhoneSimulator
		{8539FBAE-34C0-47AE-8542-E8BED30AF17A}.Ad-Hoc|x64.ActiveCfg = Ad-Hoc|iPhone
		{8539FBAE-34C0-47AE-8542-E8BED30AF17A}.Ad-Hoc|x86.ActiveCfg = Ad-Hoc|iPhone
		{8539FBAE-34C0-47AE-8542-E8BED30AF17A}.AppStore|Any CPU.ActiveCfg = AppStore|iPhone
		{8539FBAE-34C0-47AE-8542-E8BED30AF17A}.AppStore|ARM.ActiveCfg = AppStore|iPhone
		{8539FBAE-34C0-47AE-8542-E8BED30AF17A}.AppStore|iPhone.ActiveCfg = AppStore|iPhone
		{8539FBAE-34C0-47AE-8542-E8BED30AF17A}.AppStore|iPhone.Build.0 = AppStore|iPhone
		{8539FBAE-34C0-47AE-8542-E8BED30AF17A}.AppStore|iPhoneSimulator.ActiveCfg = AppStore|iPhoneSimulator
		{8539FBAE-34C0-47AE-8542-E8BED30AF17A}.AppStore|iPhoneSimulator.Build.0 = AppStore|iPhoneSimulator
		{8539FBAE-34C0-47AE-8542-E8BED30AF17A}.AppStore|x64.ActiveCfg = AppStore|iPhone
		{8539FBAE-34C0-47AE-8542-E8BED30AF17A}.AppStore|x86.ActiveCfg = AppStore|iPhone
		{8539FBAE-34C0-47AE-8542-E8BED30AF17A}.Debug|Any CPU.ActiveCfg = Debug|iPhone
		{8539FBAE-34C0-47AE-8542-E8BED30AF17A}.Debug|ARM.ActiveCfg = Debug|iPhone
		{8539FBAE-34C0-47AE-8542-E8BED30AF17A}.Debug|iPhone.ActiveCfg = Debug|iPhone
		{8539FBAE-34C0-47AE-8542-E8BED30AF17A}.Debug|iPhone.Build.0 = Debug|iPhone
		{8539FBAE-34C0-47AE-8542-E8BED30AF17A}.Debug|iPhoneSimulator.ActiveCfg = Debug|iPhoneSimulator
		{8539FBAE-34C0-47AE-8542-E8BED30AF17A}.Debug|iPhoneSimulator.Build.0 = Debug|iPhoneSimulator
		{8539FBAE-34C0-47AE-8542-E8BED30AF17A}.Debug|x64.ActiveCfg = Debug|iPhone
		{8539FBAE-34C0-47AE-8542-E8BED30AF17A}.Debug|x86.ActiveCfg = Debug|iPhone
		{8539FBAE-34C0-47AE-8542-E8BED30AF17A}.Release|Any CPU.ActiveCfg = Release|iPhone
		{8539FBAE-34C0-47AE-8542-E8BED30AF17A}.Release|ARM.ActiveCfg = Release|iPhone
		{8539FBAE-34C0-47AE-8542-E8BED30AF17A}.Release|iPhone.ActiveCfg = Release|iPhone
		{8539FBAE-34C0-47AE-8542-E8BED30AF17A}.Release|iPhone.Build.0 = Release|iPhone
		{8539FBAE-34C0-47AE-8542-E8BED30AF17A}.Release|iPhoneSimulator.ActiveCfg = Release|iPhoneSimulator
		{8539FBAE-34C0-47AE-8542-E8BED30AF17A}.Release|iPhoneSimulator.Build.0 = Release|iPhoneSimulator
		{8539FBAE-34C0-47AE-8542-E8BED30AF17A}.Release|x64.ActiveCfg = Release|iPhone
		{8539FBAE-34C0-47AE-8542-E8BED30AF17A}.Release|x86.ActiveCfg = Release|iPhone
		{B65F7D38-C515-4549-9FCA-05541D2F634A}.Ad-Hoc|Any CPU.ActiveCfg = Release|x86
		{B65F7D38-C515-4549-9FCA-05541D2F634A}.Ad-Hoc|Any CPU.Build.0 = Release|x86
		{B65F7D38-C515-4549-9FCA-05541D2F634A}.Ad-Hoc|Any CPU.Deploy.0 = Release|x86
		{B65F7D38-C515-4549-9FCA-05541D2F634A}.Ad-Hoc|ARM.ActiveCfg = Release|ARM
		{B65F7D38-C515-4549-9FCA-05541D2F634A}.Ad-Hoc|ARM.Build.0 = Release|ARM
		{B65F7D38-C515-4549-9FCA-05541D2F634A}.Ad-Hoc|ARM.Deploy.0 = Release|ARM
		{B65F7D38-C515-4549-9FCA-05541D2F634A}.Ad-Hoc|iPhone.ActiveCfg = Release|x86
		{B65F7D38-C515-4549-9FCA-05541D2F634A}.Ad-Hoc|iPhone.Build.0 = Release|x86
		{B65F7D38-C515-4549-9FCA-05541D2F634A}.Ad-Hoc|iPhone.Deploy.0 = Release|x86
		{B65F7D38-C515-4549-9FCA-05541D2F634A}.Ad-Hoc|iPhoneSimulator.ActiveCfg = Release|x86
		{B65F7D38-C515-4549-9FCA-05541D2F634A}.Ad-Hoc|iPhoneSimulator.Build.0 = Release|x86
		{B65F7D38-C515-4549-9FCA-05541D2F634A}.Ad-Hoc|iPhoneSimulator.Deploy.0 = Release|x86
		{B65F7D38-C515-4549-9FCA-05541D2F634A}.Ad-Hoc|x64.ActiveCfg = Release|x64
		{B65F7D38-C515-4549-9FCA-05541D2F634A}.Ad-Hoc|x64.Build.0 = Release|x64
		{B65F7D38-C515-4549-9FCA-05541D2F634A}.Ad-Hoc|x64.Deploy.0 = Release|x64
		{B65F7D38-C515-4549-9FCA-05541D2F634A}.Ad-Hoc|x86.ActiveCfg = Release|x86
		{B65F7D38-C515-4549-9FCA-05541D2F634A}.Ad-Hoc|x86.Build.0 = Release|x86
		{B65F7D38-C515-4549-9FCA-05541D2F634A}.Ad-Hoc|x86.Deploy.0 = Release|x86
		{B65F7D38-C515-4549-9FCA-05541D2F634A}.AppStore|Any CPU.ActiveCfg = Release|x86
		{B65F7D38-C515-4549-9FCA-05541D2F634A}.AppStore|Any CPU.Build.0 = Release|x86
		{B65F7D38-C515-4549-9FCA-05541D2F634A}.AppStore|Any CPU.Deploy.0 = Release|x86
		{B65F7D38-C515-4549-9FCA-05541D2F634A}.AppStore|ARM.ActiveCfg = Release|ARM
		{B65F7D38-C515-4549-9FCA-05541D2F634A}.AppStore|ARM.Build.0 = Release|ARM
		{B65F7D38-C515-4549-9FCA-05541D2F634A}.AppStore|ARM.Deploy.0 = Release|ARM
		{B65F7D38-C515-4549-9FCA-05541D2F634A}.AppStore|iPhone.ActiveCfg = Release|x86
		{B65F7D38-C515-4549-9FCA-05541D2F634A}.AppStore|iPhone.Build.0 = Release|x86
		{B65F7D38-C515-4549-9FCA-05541D2F634A}.AppStore|iPhone.Deploy.0 = Release|x86
		{B65F7D38-C515-4549-9FCA-05541D2F634A}.AppStore|iPhoneSimulator.ActiveCfg = Release|x86
		{B65F7D38-C515-4549-9FCA-05541D2F634A}.AppStore|iPhoneSimulator.Build.0 = Release|x86
		{B65F7D38-C515-4549-9FCA-05541D2F634A}.AppStore|iPhoneSimulator.Deploy.0 = Release|x86
		{B65F7D38-C515-4549-9FCA-05541D2F634A}.AppStore|x64.ActiveCfg = Release|x64
		{B65F7D38-C515-4549-9FCA-05541D2F634A}.AppStore|x64.Build.0 = Release|x64
		{B65F7D38-C515-4549-9FCA-05541D2F634A}.AppStore|x64.Deploy.0 = Release|x64
		{B65F7D38-C515-4549-9FCA-05541D2F634A}.AppStore|x86.ActiveCfg = Release|x86
		{B65F7D38-C515-4549-9FCA-05541D2F634A}.AppStore|x86.Build.0 = Release|x86
		{B65F7D38-C515-4549-9FCA-05541D2F634A}.AppStore|x86.Deploy.0 = Release|x86
		{B65F7D38-C515-4549-9FCA-05541D2F634A}.Debug|Any CPU.ActiveCfg = Debug|x86
		{B65F7D38-C515-4549-9FCA-05541D2F634A}.Debug|ARM.ActiveCfg = Debug|ARM
		{B65F7D38-C515-4549-9FCA-05541D2F634A}.Debug|ARM.Build.0 = Debug|ARM
		{B65F7D38-C515-4549-9FCA-05541D2F634A}.Debug|ARM.Deploy.0 = Debug|ARM
		{B65F7D38-C515-4549-9FCA-05541D2F634A}.Debug|iPhone.ActiveCfg = Debug|x86
		{B65F7D38-C515-4549-9FCA-05541D2F634A}.Debug|iPhoneSimulator.ActiveCfg = Debug|x86
		{B65F7D38-C515-4549-9FCA-05541D2F634A}.Debug|x64.ActiveCfg = Debug|x64
		{B65F7D38-C515-4549-9FCA-05541D2F634A}.Debug|x64.Build.0 = Debug|x64
		{B65F7D38-C515-4549-9FCA-05541D2F634A}.Debug|x64.Deploy.0 = Debug|x64
		{B65F7D38-C515-4549-9FCA-05541D2F634A}.Debug|x86.ActiveCfg = Debug|x86
		{B65F7D38-C515-4549-9FCA-05541D2F634A}.Debug|x86.Build.0 = Debug|x86
		{B65F7D38-C515-4549-9FCA-05541D2F634A}.Debug|x86.Deploy.0 = Debug|x86
		{B65F7D38-C515-4549-9FCA-05541D2F634A}.Release|Any CPU.ActiveCfg = Release|x86
		{B65F7D38-C515-4549-9FCA-05541D2F634A}.Release|ARM.ActiveCfg = Release|ARM
		{B65F7D38-C515-4549-9FCA-05541D2F634A}.Release|ARM.Build.0 = Release|ARM
		{B65F7D38-C515-4549-9FCA-05541D2F634A}.Release|ARM.Deploy.0 = Release|ARM
		{B65F7D38-C515-4549-9FCA-05541D2F634A}.Release|iPhone.ActiveCfg = Release|x86
		{B65F7D38-C515-4549-9FCA-05541D2F634A}.Release|iPhoneSimulator.ActiveCfg = Release|x86
		{B65F7D38-C515-4549-9FCA-05541D2F634A}.Release|x64.ActiveCfg = Release|x64
		{B65F7D38-C515-4549-9FCA-05541D2F634A}.Release|x64.Build.0 = Release|x64
		{B65F7D38-C515-4549-9FCA-05541D2F634A}.Release|x64.Deploy.0 = Release|x64
		{B65F7D38-C515-4549-9FCA-05541D2F634A}.Release|x86.ActiveCfg = Release|x86
		{B65F7D38-C515-4549-9FCA-05541D2F634A}.Release|x86.Build.0 = Release|x86
		{B65F7D38-C515-4549-9FCA-05541D2F634A}.Release|x86.Deploy.0 = Release|x86
		{B7162E54-7958-43E0-B588-02163F68883B}.Ad-Hoc|Any CPU.ActiveCfg = Debug|Any CPU
		{B7162E54-7958-43E0-B588-02163F68883B}.Ad-Hoc|Any CPU.Build.0 = Debug|Any CPU
		{B7162E54-7958-43E0-B588-02163F68883B}.Ad-Hoc|ARM.ActiveCfg = Debug|Any CPU
		{B7162E54-7958-43E0-B588-02163F68883B}.Ad-Hoc|ARM.Build.0 = Debug|Any CPU
		{B7162E54-7958-43E0-B588-02163F68883B}.Ad-Hoc|iPhone.ActiveCfg = Debug|Any CPU
		{B7162E54-7958-43E0-B588-02163F68883B}.Ad-Hoc|iPhone.Build.0 = Debug|Any CPU
		{B7162E54-7958-43E0-B588-02163F68883B}.Ad-Hoc|iPhoneSimulator.ActiveCfg = Debug|Any CPU
		{B7162E54-7958-43E0-B588-02163F68883B}.Ad-Hoc|iPhoneSimulator.Build.0 = Debug|Any CPU
		{B7162E54-7958-43E0-B588-02163F68883B}.Ad-Hoc|x64.ActiveCfg = Debug|Any CPU
		{B7162E54-7958-43E0-B588-02163F68883B}.Ad-Hoc|x64.Build.0 = Debug|Any CPU
		{B7162E54-7958-43E0-B588-02163F68883B}.Ad-Hoc|x86.ActiveCfg = Debug|Any CPU
		{B7162E54-7958-43E0-B588-02163F68883B}.Ad-Hoc|x86.Build.0 = Debug|Any CPU
		{B7162E54-7958-43E0-B588-02163F68883B}.AppStore|Any CPU.ActiveCfg = Debug|Any CPU
		{B7162E54-7958-43E0-B588-02163F68883B}.AppStore|Any CPU.Build.0 = Debug|Any CPU
		{B7162E54-7958-43E0-B588-02163F68883B}.AppStore|ARM.ActiveCfg = Debug|Any CPU
		{B7162E54-7958-43E0-B588-02163F68883B}.AppStore|ARM.Build.0 = Debug|Any CPU
		{B7162E54-7958-43E0-B588-02163F68883B}.AppStore|iPhone.ActiveCfg = Debug|Any CPU
		{B7162E54-7958-43E0-B588-02163F68883B}.AppStore|iPhone.Build.0 = Debug|Any CPU
		{B7162E54-7958-43E0-B588-02163F68883B}.AppStore|iPhoneSimulator.ActiveCfg = Debug|Any CPU
		{B7162E54-7958-43E0-B588-02163F68883B}.AppStore|iPhoneSimulator.Build.0 = Debug|Any CPU
		{B7162E54-7958-43E0-B588-02163F68883B}.AppStore|x64.ActiveCfg = Debug|Any CPU
		{B7162E54-7958-43E0-B588-02163F68883B}.AppStore|x64.Build.0 = Debug|Any CPU
		{B7162E54-7958-43E0-B588-02163F68883B}.AppStore|x86.ActiveCfg = Debug|Any CPU
		{B7162E54-7958-43E0-B588-02163F68883B}.AppStore|x86.Build.0 = Debug|Any CPU
		{B7162E54-7958-43E0-B588-02163F68883B}.Debug|Any CPU.ActiveCfg = Debug|Any CPU
		{B7162E54-7958-43E0-B588-02163F68883B}.Debug|Any CPU.Build.0 = Debug|Any CPU
		{B7162E54-7958-43E0-B588-02163F68883B}.Debug|ARM.ActiveCfg = Debug|Any CPU
		{B7162E54-7958-43E0-B588-02163F68883B}.Debug|ARM.Build.0 = Debug|Any CPU
		{B7162E54-7958-43E0-B588-02163F68883B}.Debug|iPhone.ActiveCfg = Debug|Any CPU
		{B7162E54-7958-43E0-B588-02163F68883B}.Debug|iPhone.Build.0 = Debug|Any CPU
		{B7162E54-7958-43E0-B588-02163F68883B}.Debug|iPhoneSimulator.ActiveCfg = Debug|Any CPU
		{B7162E54-7958-43E0-B588-02163F68883B}.Debug|iPhoneSimulator.Build.0 = Debug|Any CPU
		{B7162E54-7958-43E0-B588-02163F68883B}.Debug|x64.ActiveCfg = Debug|Any CPU
		{B7162E54-7958-43E0-B588-02163F68883B}.Debug|x64.Build.0 = Debug|Any CPU
		{B7162E54-7958-43E0-B588-02163F68883B}.Debug|x86.ActiveCfg = Debug|Any CPU
		{B7162E54-7958-43E0-B588-02163F68883B}.Debug|x86.Build.0 = Debug|Any CPU
		{B7162E54-7958-43E0-B588-02163F68883B}.Release|Any CPU.ActiveCfg = Release|Any CPU
		{B7162E54-7958-43E0-B588-02163F68883B}.Release|Any CPU.Build.0 = Release|Any CPU
		{B7162E54-7958-43E0-B588-02163F68883B}.Release|ARM.ActiveCfg = Release|Any CPU
		{B7162E54-7958-43E0-B588-02163F68883B}.Release|ARM.Build.0 = Release|Any CPU
		{B7162E54-7958-43E0-B588-02163F68883B}.Release|iPhone.ActiveCfg = Release|Any CPU
		{B7162E54-7958-43E0-B588-02163F68883B}.Release|iPhone.Build.0 = Release|Any CPU
		{B7162E54-7958-43E0-B588-02163F68883B}.Release|iPhoneSimulator.ActiveCfg = Release|Any CPU
		{B7162E54-7958-43E0-B588-02163F68883B}.Release|iPhoneSimulator.Build.0 = Release|Any CPU
		{B7162E54-7958-43E0-B588-02163F68883B}.Release|x64.ActiveCfg = Release|Any CPU
		{B7162E54-7958-43E0-B588-02163F68883B}.Release|x64.Build.0 = Release|Any CPU
		{B7162E54-7958-43E0-B588-02163F68883B}.Release|x86.ActiveCfg = Release|Any CPU
		{B7162E54-7958-43E0-B588-02163F68883B}.Release|x86.Build.0 = Release|Any CPU
		{A509C0DD-BB0C-4624-AB74-82F4FBF5E38F}.Ad-Hoc|Any CPU.ActiveCfg = Release|Any CPU
		{A509C0DD-BB0C-4624-AB74-82F4FBF5E38F}.Ad-Hoc|Any CPU.Build.0 = Release|Any CPU
		{A509C0DD-BB0C-4624-AB74-82F4FBF5E38F}.Ad-Hoc|ARM.ActiveCfg = Release|Any CPU
		{A509C0DD-BB0C-4624-AB74-82F4FBF5E38F}.Ad-Hoc|ARM.Build.0 = Release|Any CPU
		{A509C0DD-BB0C-4624-AB74-82F4FBF5E38F}.Ad-Hoc|iPhone.ActiveCfg = Release|Any CPU
		{A509C0DD-BB0C-4624-AB74-82F4FBF5E38F}.Ad-Hoc|iPhone.Build.0 = Release|Any CPU
		{A509C0DD-BB0C-4624-AB74-82F4FBF5E38F}.Ad-Hoc|iPhoneSimulator.ActiveCfg = Release|Any CPU
		{A509C0DD-BB0C-4624-AB74-82F4FBF5E38F}.Ad-Hoc|iPhoneSimulator.Build.0 = Release|Any CPU
		{A509C0DD-BB0C-4624-AB74-82F4FBF5E38F}.Ad-Hoc|x64.ActiveCfg = Release|Any CPU
		{A509C0DD-BB0C-4624-AB74-82F4FBF5E38F}.Ad-Hoc|x64.Build.0 = Release|Any CPU
		{A509C0DD-BB0C-4624-AB74-82F4FBF5E38F}.Ad-Hoc|x86.ActiveCfg = Release|Any CPU
		{A509C0DD-BB0C-4624-AB74-82F4FBF5E38F}.Ad-Hoc|x86.Build.0 = Release|Any CPU
		{A509C0DD-BB0C-4624-AB74-82F4FBF5E38F}.AppStore|Any CPU.ActiveCfg = Release|Any CPU
		{A509C0DD-BB0C-4624-AB74-82F4FBF5E38F}.AppStore|Any CPU.Build.0 = Release|Any CPU
		{A509C0DD-BB0C-4624-AB74-82F4FBF5E38F}.AppStore|ARM.ActiveCfg = Release|Any CPU
		{A509C0DD-BB0C-4624-AB74-82F4FBF5E38F}.AppStore|ARM.Build.0 = Release|Any CPU
		{A509C0DD-BB0C-4624-AB74-82F4FBF5E38F}.AppStore|iPhone.ActiveCfg = Release|Any CPU
		{A509C0DD-BB0C-4624-AB74-82F4FBF5E38F}.AppStore|iPhone.Build.0 = Release|Any CPU
		{A509C0DD-BB0C-4624-AB74-82F4FBF5E38F}.AppStore|iPhoneSimulator.ActiveCfg = Release|Any CPU
		{A509C0DD-BB0C-4624-AB74-82F4FBF5E38F}.AppStore|iPhoneSimulator.Build.0 = Release|Any CPU
		{A509C0DD-BB0C-4624-AB74-82F4FBF5E38F}.AppStore|x64.ActiveCfg = Release|Any CPU
		{A509C0DD-BB0C-4624-AB74-82F4FBF5E38F}.AppStore|x64.Build.0 = Release|Any CPU
		{A509C0DD-BB0C-4624-AB74-82F4FBF5E38F}.AppStore|x86.ActiveCfg = Release|Any CPU
		{A509C0DD-BB0C-4624-AB74-82F4FBF5E38F}.AppStore|x86.Build.0 = Release|Any CPU
		{A509C0DD-BB0C-4624-AB74-82F4FBF5E38F}.Debug|Any CPU.ActiveCfg = Debug|Any CPU
		{A509C0DD-BB0C-4624-AB74-82F4FBF5E38F}.Debug|Any CPU.Build.0 = Debug|Any CPU
		{A509C0DD-BB0C-4624-AB74-82F4FBF5E38F}.Debug|ARM.ActiveCfg = Debug|Any CPU
		{A509C0DD-BB0C-4624-AB74-82F4FBF5E38F}.Debug|ARM.Build.0 = Debug|Any CPU
		{A509C0DD-BB0C-4624-AB74-82F4FBF5E38F}.Debug|iPhone.ActiveCfg = Debug|Any CPU
		{A509C0DD-BB0C-4624-AB74-82F4FBF5E38F}.Debug|iPhone.Build.0 = Debug|Any CPU
		{A509C0DD-BB0C-4624-AB74-82F4FBF5E38F}.Debug|iPhoneSimulator.ActiveCfg = Debug|Any CPU
		{A509C0DD-BB0C-4624-AB74-82F4FBF5E38F}.Debug|iPhoneSimulator.Build.0 = Debug|Any CPU
		{A509C0DD-BB0C-4624-AB74-82F4FBF5E38F}.Debug|x64.ActiveCfg = Debug|Any CPU
		{A509C0DD-BB0C-4624-AB74-82F4FBF5E38F}.Debug|x64.Build.0 = Debug|Any CPU
		{A509C0DD-BB0C-4624-AB74-82F4FBF5E38F}.Debug|x86.ActiveCfg = Debug|Any CPU
		{A509C0DD-BB0C-4624-AB74-82F4FBF5E38F}.Debug|x86.Build.0 = Debug|Any CPU
		{A509C0DD-BB0C-4624-AB74-82F4FBF5E38F}.Release|Any CPU.ActiveCfg = Release|Any CPU
		{A509C0DD-BB0C-4624-AB74-82F4FBF5E38F}.Release|Any CPU.Build.0 = Release|Any CPU
		{A509C0DD-BB0C-4624-AB74-82F4FBF5E38F}.Release|ARM.ActiveCfg = Release|Any CPU
		{A509C0DD-BB0C-4624-AB74-82F4FBF5E38F}.Release|ARM.Build.0 = Release|Any CPU
		{A509C0DD-BB0C-4624-AB74-82F4FBF5E38F}.Release|iPhone.ActiveCfg = Release|Any CPU
		{A509C0DD-BB0C-4624-AB74-82F4FBF5E38F}.Release|iPhone.Build.0 = Release|Any CPU
		{A509C0DD-BB0C-4624-AB74-82F4FBF5E38F}.Release|iPhoneSimulator.ActiveCfg = Release|Any CPU
		{A509C0DD-BB0C-4624-AB74-82F4FBF5E38F}.Release|iPhoneSimulator.Build.0 = Release|Any CPU
		{A509C0DD-BB0C-4624-AB74-82F4FBF5E38F}.Release|x64.ActiveCfg = Release|Any CPU
		{A509C0DD-BB0C-4624-AB74-82F4FBF5E38F}.Release|x64.Build.0 = Release|Any CPU
		{A509C0DD-BB0C-4624-AB74-82F4FBF5E38F}.Release|x86.ActiveCfg = Release|Any CPU
		{A509C0DD-BB0C-4624-AB74-82F4FBF5E38F}.Release|x86.Build.0 = Release|Any CPU
		{77FB7281-F600-4A08-943F-097FD10AE221}.Ad-Hoc|Any CPU.ActiveCfg = Debug|Any CPU
		{77FB7281-F600-4A08-943F-097FD10AE221}.Ad-Hoc|Any CPU.Build.0 = Debug|Any CPU
		{77FB7281-F600-4A08-943F-097FD10AE221}.Ad-Hoc|ARM.ActiveCfg = Debug|Any CPU
		{77FB7281-F600-4A08-943F-097FD10AE221}.Ad-Hoc|ARM.Build.0 = Debug|Any CPU
		{77FB7281-F600-4A08-943F-097FD10AE221}.Ad-Hoc|iPhone.ActiveCfg = Debug|Any CPU
		{77FB7281-F600-4A08-943F-097FD10AE221}.Ad-Hoc|iPhone.Build.0 = Debug|Any CPU
		{77FB7281-F600-4A08-943F-097FD10AE221}.Ad-Hoc|iPhoneSimulator.ActiveCfg = Debug|Any CPU
		{77FB7281-F600-4A08-943F-097FD10AE221}.Ad-Hoc|iPhoneSimulator.Build.0 = Debug|Any CPU
		{77FB7281-F600-4A08-943F-097FD10AE221}.Ad-Hoc|x64.ActiveCfg = Debug|Any CPU
		{77FB7281-F600-4A08-943F-097FD10AE221}.Ad-Hoc|x64.Build.0 = Debug|Any CPU
		{77FB7281-F600-4A08-943F-097FD10AE221}.Ad-Hoc|x86.ActiveCfg = Debug|Any CPU
		{77FB7281-F600-4A08-943F-097FD10AE221}.Ad-Hoc|x86.Build.0 = Debug|Any CPU
		{77FB7281-F600-4A08-943F-097FD10AE221}.AppStore|Any CPU.ActiveCfg = Debug|Any CPU
		{77FB7281-F600-4A08-943F-097FD10AE221}.AppStore|Any CPU.Build.0 = Debug|Any CPU
		{77FB7281-F600-4A08-943F-097FD10AE221}.AppStore|ARM.ActiveCfg = Debug|Any CPU
		{77FB7281-F600-4A08-943F-097FD10AE221}.AppStore|ARM.Build.0 = Debug|Any CPU
		{77FB7281-F600-4A08-943F-097FD10AE221}.AppStore|iPhone.ActiveCfg = Debug|Any CPU
		{77FB7281-F600-4A08-943F-097FD10AE221}.AppStore|iPhone.Build.0 = Debug|Any CPU
		{77FB7281-F600-4A08-943F-097FD10AE221}.AppStore|iPhoneSimulator.ActiveCfg = Debug|Any CPU
		{77FB7281-F600-4A08-943F-097FD10AE221}.AppStore|iPhoneSimulator.Build.0 = Debug|Any CPU
		{77FB7281-F600-4A08-943F-097FD10AE221}.AppStore|x64.ActiveCfg = Debug|Any CPU
		{77FB7281-F600-4A08-943F-097FD10AE221}.AppStore|x64.Build.0 = Debug|Any CPU
		{77FB7281-F600-4A08-943F-097FD10AE221}.AppStore|x86.ActiveCfg = Debug|Any CPU
		{77FB7281-F600-4A08-943F-097FD10AE221}.AppStore|x86.Build.0 = Debug|Any CPU
		{77FB7281-F600-4A08-943F-097FD10AE221}.Debug|Any CPU.ActiveCfg = Debug|Any CPU
		{77FB7281-F600-4A08-943F-097FD10AE221}.Debug|Any CPU.Build.0 = Debug|Any CPU
		{77FB7281-F600-4A08-943F-097FD10AE221}.Debug|ARM.ActiveCfg = Debug|Any CPU
		{77FB7281-F600-4A08-943F-097FD10AE221}.Debug|ARM.Build.0 = Debug|Any CPU
		{77FB7281-F600-4A08-943F-097FD10AE221}.Debug|iPhone.ActiveCfg = Debug|Any CPU
		{77FB7281-F600-4A08-943F-097FD10AE221}.Debug|iPhone.Build.0 = Debug|Any CPU
		{77FB7281-F600-4A08-943F-097FD10AE221}.Debug|iPhoneSimulator.ActiveCfg = Debug|Any CPU
		{77FB7281-F600-4A08-943F-097FD10AE221}.Debug|iPhoneSimulator.Build.0 = Debug|Any CPU
		{77FB7281-F600-4A08-943F-097FD10AE221}.Debug|x64.ActiveCfg = Debug|Any CPU
		{77FB7281-F600-4A08-943F-097FD10AE221}.Debug|x64.Build.0 = Debug|Any CPU
		{77FB7281-F600-4A08-943F-097FD10AE221}.Debug|x86.ActiveCfg = Debug|Any CPU
		{77FB7281-F600-4A08-943F-097FD10AE221}.Debug|x86.Build.0 = Debug|Any CPU
		{77FB7281-F600-4A08-943F-097FD10AE221}.Release|Any CPU.ActiveCfg = Release|Any CPU
		{77FB7281-F600-4A08-943F-097FD10AE221}.Release|Any CPU.Build.0 = Release|Any CPU
		{77FB7281-F600-4A08-943F-097FD10AE221}.Release|ARM.ActiveCfg = Release|Any CPU
		{77FB7281-F600-4A08-943F-097FD10AE221}.Release|ARM.Build.0 = Release|Any CPU
		{77FB7281-F600-4A08-943F-097FD10AE221}.Release|iPhone.ActiveCfg = Release|Any CPU
		{77FB7281-F600-4A08-943F-097FD10AE221}.Release|iPhone.Build.0 = Release|Any CPU
		{77FB7281-F600-4A08-943F-097FD10AE221}.Release|iPhoneSimulator.ActiveCfg = Release|Any CPU
		{77FB7281-F600-4A08-943F-097FD10AE221}.Release|iPhoneSimulator.Build.0 = Release|Any CPU
		{77FB7281-F600-4A08-943F-097FD10AE221}.Release|x64.ActiveCfg = Release|Any CPU
		{77FB7281-F600-4A08-943F-097FD10AE221}.Release|x64.Build.0 = Release|Any CPU
		{77FB7281-F600-4A08-943F-097FD10AE221}.Release|x86.ActiveCfg = Release|Any CPU
		{77FB7281-F600-4A08-943F-097FD10AE221}.Release|x86.Build.0 = Release|Any CPU
		{0257204F-7CEC-4083-AEE7-D501544508EE}.Ad-Hoc|Any CPU.ActiveCfg = Debug|Any CPU
		{0257204F-7CEC-4083-AEE7-D501544508EE}.Ad-Hoc|Any CPU.Build.0 = Debug|Any CPU
		{0257204F-7CEC-4083-AEE7-D501544508EE}.Ad-Hoc|ARM.ActiveCfg = Debug|Any CPU
		{0257204F-7CEC-4083-AEE7-D501544508EE}.Ad-Hoc|ARM.Build.0 = Debug|Any CPU
		{0257204F-7CEC-4083-AEE7-D501544508EE}.Ad-Hoc|iPhone.ActiveCfg = Debug|Any CPU
		{0257204F-7CEC-4083-AEE7-D501544508EE}.Ad-Hoc|iPhone.Build.0 = Debug|Any CPU
		{0257204F-7CEC-4083-AEE7-D501544508EE}.Ad-Hoc|iPhoneSimulator.ActiveCfg = Debug|Any CPU
		{0257204F-7CEC-4083-AEE7-D501544508EE}.Ad-Hoc|iPhoneSimulator.Build.0 = Debug|Any CPU
		{0257204F-7CEC-4083-AEE7-D501544508EE}.Ad-Hoc|x64.ActiveCfg = Debug|Any CPU
		{0257204F-7CEC-4083-AEE7-D501544508EE}.Ad-Hoc|x64.Build.0 = Debug|Any CPU
		{0257204F-7CEC-4083-AEE7-D501544508EE}.Ad-Hoc|x86.ActiveCfg = Debug|Any CPU
		{0257204F-7CEC-4083-AEE7-D501544508EE}.Ad-Hoc|x86.Build.0 = Debug|Any CPU
		{0257204F-7CEC-4083-AEE7-D501544508EE}.AppStore|Any CPU.ActiveCfg = Debug|Any CPU
		{0257204F-7CEC-4083-AEE7-D501544508EE}.AppStore|Any CPU.Build.0 = Debug|Any CPU
		{0257204F-7CEC-4083-AEE7-D501544508EE}.AppStore|ARM.ActiveCfg = Debug|Any CPU
		{0257204F-7CEC-4083-AEE7-D501544508EE}.AppStore|ARM.Build.0 = Debug|Any CPU
		{0257204F-7CEC-4083-AEE7-D501544508EE}.AppStore|iPhone.ActiveCfg = Debug|Any CPU
		{0257204F-7CEC-4083-AEE7-D501544508EE}.AppStore|iPhone.Build.0 = Debug|Any CPU
		{0257204F-7CEC-4083-AEE7-D501544508EE}.AppStore|iPhoneSimulator.ActiveCfg = Debug|Any CPU
		{0257204F-7CEC-4083-AEE7-D501544508EE}.AppStore|iPhoneSimulator.Build.0 = Debug|Any CPU
		{0257204F-7CEC-4083-AEE7-D501544508EE}.AppStore|x64.ActiveCfg = Debug|Any CPU
		{0257204F-7CEC-4083-AEE7-D501544508EE}.AppStore|x64.Build.0 = Debug|Any CPU
		{0257204F-7CEC-4083-AEE7-D501544508EE}.AppStore|x86.ActiveCfg = Debug|Any CPU
		{0257204F-7CEC-4083-AEE7-D501544508EE}.AppStore|x86.Build.0 = Debug|Any CPU
		{0257204F-7CEC-4083-AEE7-D501544508EE}.Debug|Any CPU.ActiveCfg = Debug|Any CPU
		{0257204F-7CEC-4083-AEE7-D501544508EE}.Debug|Any CPU.Build.0 = Debug|Any CPU
		{0257204F-7CEC-4083-AEE7-D501544508EE}.Debug|ARM.ActiveCfg = Debug|Any CPU
		{0257204F-7CEC-4083-AEE7-D501544508EE}.Debug|ARM.Build.0 = Debug|Any CPU
		{0257204F-7CEC-4083-AEE7-D501544508EE}.Debug|iPhone.ActiveCfg = Debug|Any CPU
		{0257204F-7CEC-4083-AEE7-D501544508EE}.Debug|iPhone.Build.0 = Debug|Any CPU
		{0257204F-7CEC-4083-AEE7-D501544508EE}.Debug|iPhoneSimulator.ActiveCfg = Debug|Any CPU
		{0257204F-7CEC-4083-AEE7-D501544508EE}.Debug|iPhoneSimulator.Build.0 = Debug|Any CPU
		{0257204F-7CEC-4083-AEE7-D501544508EE}.Debug|x64.ActiveCfg = Debug|Any CPU
		{0257204F-7CEC-4083-AEE7-D501544508EE}.Debug|x64.Build.0 = Debug|Any CPU
		{0257204F-7CEC-4083-AEE7-D501544508EE}.Debug|x86.ActiveCfg = Debug|Any CPU
		{0257204F-7CEC-4083-AEE7-D501544508EE}.Debug|x86.Build.0 = Debug|Any CPU
		{0257204F-7CEC-4083-AEE7-D501544508EE}.Release|Any CPU.ActiveCfg = Release|Any CPU
		{0257204F-7CEC-4083-AEE7-D501544508EE}.Release|Any CPU.Build.0 = Release|Any CPU
		{0257204F-7CEC-4083-AEE7-D501544508EE}.Release|ARM.ActiveCfg = Release|Any CPU
		{0257204F-7CEC-4083-AEE7-D501544508EE}.Release|ARM.Build.0 = Release|Any CPU
		{0257204F-7CEC-4083-AEE7-D501544508EE}.Release|iPhone.ActiveCfg = Release|Any CPU
		{0257204F-7CEC-4083-AEE7-D501544508EE}.Release|iPhone.Build.0 = Release|Any CPU
		{0257204F-7CEC-4083-AEE7-D501544508EE}.Release|iPhoneSimulator.ActiveCfg = Release|Any CPU
		{0257204F-7CEC-4083-AEE7-D501544508EE}.Release|iPhoneSimulator.Build.0 = Release|Any CPU
		{0257204F-7CEC-4083-AEE7-D501544508EE}.Release|x64.ActiveCfg = Release|Any CPU
		{0257204F-7CEC-4083-AEE7-D501544508EE}.Release|x64.Build.0 = Release|Any CPU
		{0257204F-7CEC-4083-AEE7-D501544508EE}.Release|x86.ActiveCfg = Release|Any CPU
		{0257204F-7CEC-4083-AEE7-D501544508EE}.Release|x86.Build.0 = Release|Any CPU
	EndGlobalSection
	GlobalSection(SolutionProperties) = preSolution
		HideSolutionNode = FALSE
	EndGlobalSection
	GlobalSection(NestedProjects) = preSolution
		{D3A5CB4E-7B83-43BF-89F4-FF562F815448} = {8DA65C86-AAD8-4FB2-B496-62C0A7C800D2}
		{4697E972-329C-4FB9-81E3-25833FA73924} = {16CEC8F1-3A12-4C75-8D65-A58B4CB47917}
		{1E87BE6D-F379-4437-B0FC-1A6E0BD990F7} = {8DA65C86-AAD8-4FB2-B496-62C0A7C800D2}
		{03CE46B2-F4FA-4375-A493-F9E37B352299} = {BEA51B94-B162-47D9-9822-394B2778A225}
		{8DA65C86-AAD8-4FB2-B496-62C0A7C800D2} = {BEA51B94-B162-47D9-9822-394B2778A225}
		{B608CE59-837F-4FEE-9257-451A976BC66B} = {BEA51B94-B162-47D9-9822-394B2778A225}
		{8B761A7A-252F-4725-A43C-F58DF5FD59D4} = {B608CE59-837F-4FEE-9257-451A976BC66B}
		{8539FBAE-34C0-47AE-8542-E8BED30AF17A} = {B608CE59-837F-4FEE-9257-451A976BC66B}
		{B65F7D38-C515-4549-9FCA-05541D2F634A} = {B608CE59-837F-4FEE-9257-451A976BC66B}
		{B7162E54-7958-43E0-B588-02163F68883B} = {B608CE59-837F-4FEE-9257-451A976BC66B}
	EndGlobalSection
	GlobalSection(ExtensibilityGlobals) = postSolution
		SolutionGuid = {3921AD86-E6C0-4436-8880-2D9EDFAD6151}
	EndGlobalSection
EndGlobal
