
Microsoft Visual Studio Solution File, Format Version 12.00
# Visual Studio 15
VisualStudioVersion = 15.0.27130.2036
MinimumVisualStudioVersion = 10.0.40219.1
Project("{2150E333-8FDC-42A3-9474-1A3956D46DE8}") = "Tests", "Tests", "{16CEC8F1-3A12-4C75-8D65-A58B4CB47917}"
EndProject
Project("{2150E333-8FDC-42A3-9474-1A3956D46DE8}") = "Samples", "Samples", "{BEA51B94-B162-47D9-9822-394B2778A225}"
EndProject
Project("{FAE04EC0-301F-11D3-BF4B-00C04F79EFBC}") = "MADE.Samples.Windows", "MADE.Samples.Windows\MADE.Samples.Windows.csproj", "{1E87BE6D-F379-4437-B0FC-1A6E0BD990F7}"
EndProject
Project("{FAE04EC0-301F-11D3-BF4B-00C04F79EFBC}") = "MADE.Samples.Android", "MADE.Samples.Android\MADE.Samples.Android.csproj", "{D3A5CB4E-7B83-43BF-89F4-FF562F815448}"
EndProject
Project("{9A19103F-16F7-4668-BE54-9A1E7A4F7556}") = "MADE.UnitTests", "MADE.UnitTests\MADE.UnitTests.csproj", "{4697E972-329C-4FB9-81E3-25833FA73924}"
EndProject
Project("{9A19103F-16F7-4668-BE54-9A1E7A4F7556}") = "MADE.App", "MADE.App\MADE.App.csproj", "{006114AA-3919-4393-B836-D03995C5E230}"
EndProject
Project("{9A19103F-16F7-4668-BE54-9A1E7A4F7556}") = "MADE.App.Views", "MADE.App.Views\MADE.App.Views.csproj", "{58A202BC-F697-4E19-AB5F-5013C5203B6B}"
EndProject
Project("{9A19103F-16F7-4668-BE54-9A1E7A4F7556}") = "MADE.App.Mvvm", "MADE.App.Mvvm\MADE.App.Mvvm.csproj", "{CE1370AE-4985-41E2-8DCE-24B11A5EA177}"
EndProject
Global
	GlobalSection(SolutionConfigurationPlatforms) = preSolution
		Debug|Any CPU = Debug|Any CPU
		Debug|ARM = Debug|ARM
		Debug|x64 = Debug|x64
		Debug|x86 = Debug|x86
		Release|Any CPU = Release|Any CPU
		Release|ARM = Release|ARM
		Release|x64 = Release|x64
		Release|x86 = Release|x86
	EndGlobalSection
	GlobalSection(ProjectConfigurationPlatforms) = postSolution
		{1E87BE6D-F379-4437-B0FC-1A6E0BD990F7}.Debug|Any CPU.ActiveCfg = Debug|x86
		{1E87BE6D-F379-4437-B0FC-1A6E0BD990F7}.Debug|ARM.ActiveCfg = Debug|ARM
		{1E87BE6D-F379-4437-B0FC-1A6E0BD990F7}.Debug|ARM.Build.0 = Debug|ARM
		{1E87BE6D-F379-4437-B0FC-1A6E0BD990F7}.Debug|ARM.Deploy.0 = Debug|ARM
		{1E87BE6D-F379-4437-B0FC-1A6E0BD990F7}.Debug|x64.ActiveCfg = Debug|x64
		{1E87BE6D-F379-4437-B0FC-1A6E0BD990F7}.Debug|x64.Build.0 = Debug|x64
		{1E87BE6D-F379-4437-B0FC-1A6E0BD990F7}.Debug|x64.Deploy.0 = Debug|x64
		{1E87BE6D-F379-4437-B0FC-1A6E0BD990F7}.Debug|x86.ActiveCfg = Debug|x86
		{1E87BE6D-F379-4437-B0FC-1A6E0BD990F7}.Debug|x86.Build.0 = Debug|x86
		{1E87BE6D-F379-4437-B0FC-1A6E0BD990F7}.Debug|x86.Deploy.0 = Debug|x86
		{1E87BE6D-F379-4437-B0FC-1A6E0BD990F7}.Release|Any CPU.ActiveCfg = Release|x86
		{1E87BE6D-F379-4437-B0FC-1A6E0BD990F7}.Release|ARM.ActiveCfg = Release|ARM
		{1E87BE6D-F379-4437-B0FC-1A6E0BD990F7}.Release|ARM.Build.0 = Release|ARM
		{1E87BE6D-F379-4437-B0FC-1A6E0BD990F7}.Release|ARM.Deploy.0 = Release|ARM
		{1E87BE6D-F379-4437-B0FC-1A6E0BD990F7}.Release|x64.ActiveCfg = Release|x64
		{1E87BE6D-F379-4437-B0FC-1A6E0BD990F7}.Release|x64.Build.0 = Release|x64
		{1E87BE6D-F379-4437-B0FC-1A6E0BD990F7}.Release|x64.Deploy.0 = Release|x64
		{1E87BE6D-F379-4437-B0FC-1A6E0BD990F7}.Release|x86.ActiveCfg = Release|x86
		{1E87BE6D-F379-4437-B0FC-1A6E0BD990F7}.Release|x86.Build.0 = Release|x86
		{1E87BE6D-F379-4437-B0FC-1A6E0BD990F7}.Release|x86.Deploy.0 = Release|x86
		{D3A5CB4E-7B83-43BF-89F4-FF562F815448}.Debug|Any CPU.ActiveCfg = Debug|Any CPU
		{D3A5CB4E-7B83-43BF-89F4-FF562F815448}.Debug|Any CPU.Build.0 = Debug|Any CPU
		{D3A5CB4E-7B83-43BF-89F4-FF562F815448}.Debug|Any CPU.Deploy.0 = Debug|Any CPU
		{D3A5CB4E-7B83-43BF-89F4-FF562F815448}.Debug|ARM.ActiveCfg = Debug|Any CPU
		{D3A5CB4E-7B83-43BF-89F4-FF562F815448}.Debug|ARM.Build.0 = Debug|Any CPU
		{D3A5CB4E-7B83-43BF-89F4-FF562F815448}.Debug|ARM.Deploy.0 = Debug|Any CPU
		{D3A5CB4E-7B83-43BF-89F4-FF562F815448}.Debug|x64.ActiveCfg = Debug|Any CPU
		{D3A5CB4E-7B83-43BF-89F4-FF562F815448}.Debug|x64.Build.0 = Debug|Any CPU
		{D3A5CB4E-7B83-43BF-89F4-FF562F815448}.Debug|x64.Deploy.0 = Debug|Any CPU
		{D3A5CB4E-7B83-43BF-89F4-FF562F815448}.Debug|x86.ActiveCfg = Debug|Any CPU
		{D3A5CB4E-7B83-43BF-89F4-FF562F815448}.Debug|x86.Build.0 = Debug|Any CPU
		{D3A5CB4E-7B83-43BF-89F4-FF562F815448}.Debug|x86.Deploy.0 = Debug|Any CPU
		{D3A5CB4E-7B83-43BF-89F4-FF562F815448}.Release|Any CPU.ActiveCfg = Release|Any CPU
		{D3A5CB4E-7B83-43BF-89F4-FF562F815448}.Release|Any CPU.Build.0 = Release|Any CPU
		{D3A5CB4E-7B83-43BF-89F4-FF562F815448}.Release|Any CPU.Deploy.0 = Release|Any CPU
		{D3A5CB4E-7B83-43BF-89F4-FF562F815448}.Release|ARM.ActiveCfg = Release|Any CPU
		{D3A5CB4E-7B83-43BF-89F4-FF562F815448}.Release|ARM.Build.0 = Release|Any CPU
		{D3A5CB4E-7B83-43BF-89F4-FF562F815448}.Release|ARM.Deploy.0 = Release|Any CPU
		{D3A5CB4E-7B83-43BF-89F4-FF562F815448}.Release|x64.ActiveCfg = Release|Any CPU
		{D3A5CB4E-7B83-43BF-89F4-FF562F815448}.Release|x64.Build.0 = Release|Any CPU
		{D3A5CB4E-7B83-43BF-89F4-FF562F815448}.Release|x64.Deploy.0 = Release|Any CPU
		{D3A5CB4E-7B83-43BF-89F4-FF562F815448}.Release|x86.ActiveCfg = Release|Any CPU
		{D3A5CB4E-7B83-43BF-89F4-FF562F815448}.Release|x86.Build.0 = Release|Any CPU
		{D3A5CB4E-7B83-43BF-89F4-FF562F815448}.Release|x86.Deploy.0 = Release|Any CPU
		{4697E972-329C-4FB9-81E3-25833FA73924}.Debug|Any CPU.ActiveCfg = Debug|Any CPU
		{4697E972-329C-4FB9-81E3-25833FA73924}.Debug|Any CPU.Build.0 = Debug|Any CPU
		{4697E972-329C-4FB9-81E3-25833FA73924}.Debug|ARM.ActiveCfg = Debug|Any CPU
		{4697E972-329C-4FB9-81E3-25833FA73924}.Debug|ARM.Build.0 = Debug|Any CPU
		{4697E972-329C-4FB9-81E3-25833FA73924}.Debug|x64.ActiveCfg = Debug|Any CPU
		{4697E972-329C-4FB9-81E3-25833FA73924}.Debug|x64.Build.0 = Debug|Any CPU
		{4697E972-329C-4FB9-81E3-25833FA73924}.Debug|x86.ActiveCfg = Debug|Any CPU
		{4697E972-329C-4FB9-81E3-25833FA73924}.Debug|x86.Build.0 = Debug|Any CPU
		{4697E972-329C-4FB9-81E3-25833FA73924}.Release|Any CPU.ActiveCfg = Release|Any CPU
		{4697E972-329C-4FB9-81E3-25833FA73924}.Release|Any CPU.Build.0 = Release|Any CPU
		{4697E972-329C-4FB9-81E3-25833FA73924}.Release|ARM.ActiveCfg = Release|Any CPU
		{4697E972-329C-4FB9-81E3-25833FA73924}.Release|ARM.Build.0 = Release|Any CPU
		{4697E972-329C-4FB9-81E3-25833FA73924}.Release|x64.ActiveCfg = Release|Any CPU
		{4697E972-329C-4FB9-81E3-25833FA73924}.Release|x64.Build.0 = Release|Any CPU
		{4697E972-329C-4FB9-81E3-25833FA73924}.Release|x86.ActiveCfg = Release|Any CPU
		{4697E972-329C-4FB9-81E3-25833FA73924}.Release|x86.Build.0 = Release|Any CPU
		{006114AA-3919-4393-B836-D03995C5E230}.Debug|Any CPU.ActiveCfg = Debug|Any CPU
		{006114AA-3919-4393-B836-D03995C5E230}.Debug|Any CPU.Build.0 = Debug|Any CPU
		{006114AA-3919-4393-B836-D03995C5E230}.Debug|ARM.ActiveCfg = Debug|Any CPU
		{006114AA-3919-4393-B836-D03995C5E230}.Debug|ARM.Build.0 = Debug|Any CPU
		{006114AA-3919-4393-B836-D03995C5E230}.Debug|x64.ActiveCfg = Debug|Any CPU
		{006114AA-3919-4393-B836-D03995C5E230}.Debug|x64.Build.0 = Debug|Any CPU
		{006114AA-3919-4393-B836-D03995C5E230}.Debug|x86.ActiveCfg = Debug|Any CPU
		{006114AA-3919-4393-B836-D03995C5E230}.Debug|x86.Build.0 = Debug|Any CPU
		{006114AA-3919-4393-B836-D03995C5E230}.Release|Any CPU.ActiveCfg = Release|Any CPU
		{006114AA-3919-4393-B836-D03995C5E230}.Release|Any CPU.Build.0 = Release|Any CPU
		{006114AA-3919-4393-B836-D03995C5E230}.Release|ARM.ActiveCfg = Release|Any CPU
		{006114AA-3919-4393-B836-D03995C5E230}.Release|ARM.Build.0 = Release|Any CPU
		{006114AA-3919-4393-B836-D03995C5E230}.Release|x64.ActiveCfg = Release|Any CPU
		{006114AA-3919-4393-B836-D03995C5E230}.Release|x64.Build.0 = Release|Any CPU
		{006114AA-3919-4393-B836-D03995C5E230}.Release|x86.ActiveCfg = Release|Any CPU
		{006114AA-3919-4393-B836-D03995C5E230}.Release|x86.Build.0 = Release|Any CPU
		{58A202BC-F697-4E19-AB5F-5013C5203B6B}.Debug|Any CPU.ActiveCfg = Debug|Any CPU
		{58A202BC-F697-4E19-AB5F-5013C5203B6B}.Debug|Any CPU.Build.0 = Debug|Any CPU
		{58A202BC-F697-4E19-AB5F-5013C5203B6B}.Debug|ARM.ActiveCfg = Debug|Any CPU
		{58A202BC-F697-4E19-AB5F-5013C5203B6B}.Debug|ARM.Build.0 = Debug|Any CPU
		{58A202BC-F697-4E19-AB5F-5013C5203B6B}.Debug|x64.ActiveCfg = Debug|Any CPU
		{58A202BC-F697-4E19-AB5F-5013C5203B6B}.Debug|x64.Build.0 = Debug|Any CPU
		{58A202BC-F697-4E19-AB5F-5013C5203B6B}.Debug|x86.ActiveCfg = Debug|Any CPU
		{58A202BC-F697-4E19-AB5F-5013C5203B6B}.Debug|x86.Build.0 = Debug|Any CPU
		{58A202BC-F697-4E19-AB5F-5013C5203B6B}.Release|Any CPU.ActiveCfg = Release|Any CPU
		{58A202BC-F697-4E19-AB5F-5013C5203B6B}.Release|Any CPU.Build.0 = Release|Any CPU
		{58A202BC-F697-4E19-AB5F-5013C5203B6B}.Release|ARM.ActiveCfg = Release|Any CPU
		{58A202BC-F697-4E19-AB5F-5013C5203B6B}.Release|ARM.Build.0 = Release|Any CPU
		{58A202BC-F697-4E19-AB5F-5013C5203B6B}.Release|x64.ActiveCfg = Release|Any CPU
		{58A202BC-F697-4E19-AB5F-5013C5203B6B}.Release|x64.Build.0 = Release|Any CPU
		{58A202BC-F697-4E19-AB5F-5013C5203B6B}.Release|x86.ActiveCfg = Release|Any CPU
		{58A202BC-F697-4E19-AB5F-5013C5203B6B}.Release|x86.Build.0 = Release|Any CPU
		{CE1370AE-4985-41E2-8DCE-24B11A5EA177}.Debug|Any CPU.ActiveCfg = Debug|Any CPU
		{CE1370AE-4985-41E2-8DCE-24B11A5EA177}.Debug|Any CPU.Build.0 = Debug|Any CPU
		{CE1370AE-4985-41E2-8DCE-24B11A5EA177}.Debug|ARM.ActiveCfg = Debug|Any CPU
		{CE1370AE-4985-41E2-8DCE-24B11A5EA177}.Debug|ARM.Build.0 = Debug|Any CPU
		{CE1370AE-4985-41E2-8DCE-24B11A5EA177}.Debug|x64.ActiveCfg = Debug|Any CPU
		{CE1370AE-4985-41E2-8DCE-24B11A5EA177}.Debug|x64.Build.0 = Debug|Any CPU
		{CE1370AE-4985-41E2-8DCE-24B11A5EA177}.Debug|x86.ActiveCfg = Debug|Any CPU
		{CE1370AE-4985-41E2-8DCE-24B11A5EA177}.Debug|x86.Build.0 = Debug|Any CPU
		{CE1370AE-4985-41E2-8DCE-24B11A5EA177}.Release|Any CPU.ActiveCfg = Release|Any CPU
		{CE1370AE-4985-41E2-8DCE-24B11A5EA177}.Release|Any CPU.Build.0 = Release|Any CPU
		{CE1370AE-4985-41E2-8DCE-24B11A5EA177}.Release|ARM.ActiveCfg = Release|Any CPU
		{CE1370AE-4985-41E2-8DCE-24B11A5EA177}.Release|ARM.Build.0 = Release|Any CPU
		{CE1370AE-4985-41E2-8DCE-24B11A5EA177}.Release|x64.ActiveCfg = Release|Any CPU
		{CE1370AE-4985-41E2-8DCE-24B11A5EA177}.Release|x64.Build.0 = Release|Any CPU
		{CE1370AE-4985-41E2-8DCE-24B11A5EA177}.Release|x86.ActiveCfg = Release|Any CPU
		{CE1370AE-4985-41E2-8DCE-24B11A5EA177}.Release|x86.Build.0 = Release|Any CPU
	EndGlobalSection
	GlobalSection(SolutionProperties) = preSolution
		HideSolutionNode = FALSE
	EndGlobalSection
	GlobalSection(NestedProjects) = preSolution
		{1E87BE6D-F379-4437-B0FC-1A6E0BD990F7} = {BEA51B94-B162-47D9-9822-394B2778A225}
		{D3A5CB4E-7B83-43BF-89F4-FF562F815448} = {BEA51B94-B162-47D9-9822-394B2778A225}
		{4697E972-329C-4FB9-81E3-25833FA73924} = {16CEC8F1-3A12-4C75-8D65-A58B4CB47917}
	EndGlobalSection
	GlobalSection(ExtensibilityGlobals) = postSolution
		SolutionGuid = {3921AD86-E6C0-4436-8880-2D9EDFAD6151}
	EndGlobalSection
EndGlobal
