
Microsoft Visual Studio Solution File, Format Version 12.00
# Visual Studio 15
VisualStudioVersion = 15.0.27130.2036
MinimumVisualStudioVersion = 10.0.40219.1
Project("{2150E333-8FDC-42A3-9474-1A3956D46DE8}") = "Tests", "Tests", "{16CEC8F1-3A12-4C75-8D65-A58B4CB47917}"
EndProject
Project("{2150E333-8FDC-42A3-9474-1A3956D46DE8}") = "Samples", "Samples", "{BEA51B94-B162-47D9-9822-394B2778A225}"
EndProject
Project("{FAE04EC0-301F-11D3-BF4B-00C04F79EFBC}") = "MADE.Samples.Android", "MADE.Samples.Android\MADE.Samples.Android.csproj", "{D3A5CB4E-7B83-43BF-89F4-FF562F815448}"
EndProject
Project("{9A19103F-16F7-4668-BE54-9A1E7A4F7556}") = "MADE.UnitTests", "MADE.UnitTests\MADE.UnitTests.csproj", "{4697E972-329C-4FB9-81E3-25833FA73924}"
EndProject
Project("{9A19103F-16F7-4668-BE54-9A1E7A4F7556}") = "MADE.App", "MADE.App\MADE.App.csproj", "{006114AA-3919-4393-B836-D03995C5E230}"
EndProject
Project("{9A19103F-16F7-4668-BE54-9A1E7A4F7556}") = "MADE.App.Mvvm", "MADE.App.Mvvm\MADE.App.Mvvm.csproj", "{CE1370AE-4985-41E2-8DCE-24B11A5EA177}"
EndProject
Project("{9A19103F-16F7-4668-BE54-9A1E7A4F7556}") = "MADE.App.Views.Navigation", "MADE.App.Views.Navigation\MADE.App.Views.Navigation.csproj", "{00ABF0E3-2AD1-4002-8527-920E9EA6A138}"
EndProject
Project("{FAE04EC0-301F-11D3-BF4B-00C04F79EFBC}") = "MADE.Samples.Windows", "MADE.Samples.Windows\MADE.Samples.Windows.csproj", "{1E87BE6D-F379-4437-B0FC-1A6E0BD990F7}"
EndProject
Project("{9A19103F-16F7-4668-BE54-9A1E7A4F7556}") = "MADE.App.Views.Navigation.MvvmLight", "MADE.App.Views.Navigation.MvvmLight\MADE.App.Views.Navigation.MvvmLight.csproj", "{CE2D8871-EE52-428D-978A-295883B4384A}"
EndProject
Project("{9A19103F-16F7-4668-BE54-9A1E7A4F7556}") = "MADE.Samples", "MADE.Samples\MADE.Samples.csproj", "{03CE46B2-F4FA-4375-A493-F9E37B352299}"
EndProject
Project("{9A19103F-16F7-4668-BE54-9A1E7A4F7556}") = "MADE.App.Views", "MADE.App.Views\MADE.App.Views.csproj", "{C3EA108D-5A26-402B-A14C-58AF985AA5C5}"
EndProject
Project("{9A19103F-16F7-4668-BE54-9A1E7A4F7556}") = "MADE.App.Design", "MADE.App.Design\MADE.App.Design.csproj", "{2373D259-1D56-44C5-A864-B3FDF3BF416A}"
EndProject
Project("{9A19103F-16F7-4668-BE54-9A1E7A4F7556}") = "MADE.App.Views.Xamarin.Forms", "MADE.App.Views.Xamarin.Forms\MADE.App.Views.Xamarin.Forms.csproj", "{C60DF964-C19D-467E-9503-F69B0284D13C}"
EndProject
Project("{9A19103F-16F7-4668-BE54-9A1E7A4F7556}") = "MADE.App.Views.Controls.HeaderedTextBlock", "MADE.App.Views.Controls.HeaderedTextBlock\MADE.App.Views.Controls.HeaderedTextBlock.csproj", "{0084C2B6-ECAC-478F-90E7-AB2664828223}"
EndProject
Global
	GlobalSection(SolutionConfigurationPlatforms) = preSolution
		Debug|Any CPU = Debug|Any CPU
		Debug|ARM = Debug|ARM
		Debug|iPhone = Debug|iPhone
		Debug|iPhoneSimulator = Debug|iPhoneSimulator
		Debug|x64 = Debug|x64
		Debug|x86 = Debug|x86
		Release|Any CPU = Release|Any CPU
		Release|ARM = Release|ARM
		Release|iPhone = Release|iPhone
		Release|iPhoneSimulator = Release|iPhoneSimulator
		Release|x64 = Release|x64
		Release|x86 = Release|x86
	EndGlobalSection
	GlobalSection(ProjectConfigurationPlatforms) = postSolution
		{D3A5CB4E-7B83-43BF-89F4-FF562F815448}.Debug|Any CPU.ActiveCfg = Debug|Any CPU
		{D3A5CB4E-7B83-43BF-89F4-FF562F815448}.Debug|Any CPU.Build.0 = Debug|Any CPU
		{D3A5CB4E-7B83-43BF-89F4-FF562F815448}.Debug|Any CPU.Deploy.0 = Debug|Any CPU
		{D3A5CB4E-7B83-43BF-89F4-FF562F815448}.Debug|ARM.ActiveCfg = Debug|Any CPU
		{D3A5CB4E-7B83-43BF-89F4-FF562F815448}.Debug|ARM.Build.0 = Debug|Any CPU
		{D3A5CB4E-7B83-43BF-89F4-FF562F815448}.Debug|ARM.Deploy.0 = Debug|Any CPU
		{D3A5CB4E-7B83-43BF-89F4-FF562F815448}.Debug|iPhone.ActiveCfg = Debug|Any CPU
		{D3A5CB4E-7B83-43BF-89F4-FF562F815448}.Debug|iPhone.Build.0 = Debug|Any CPU
		{D3A5CB4E-7B83-43BF-89F4-FF562F815448}.Debug|iPhone.Deploy.0 = Debug|Any CPU
		{D3A5CB4E-7B83-43BF-89F4-FF562F815448}.Debug|iPhoneSimulator.ActiveCfg = Debug|Any CPU
		{D3A5CB4E-7B83-43BF-89F4-FF562F815448}.Debug|iPhoneSimulator.Build.0 = Debug|Any CPU
		{D3A5CB4E-7B83-43BF-89F4-FF562F815448}.Debug|iPhoneSimulator.Deploy.0 = Debug|Any CPU
		{D3A5CB4E-7B83-43BF-89F4-FF562F815448}.Debug|x64.ActiveCfg = Debug|Any CPU
		{D3A5CB4E-7B83-43BF-89F4-FF562F815448}.Debug|x64.Build.0 = Debug|Any CPU
		{D3A5CB4E-7B83-43BF-89F4-FF562F815448}.Debug|x64.Deploy.0 = Debug|Any CPU
		{D3A5CB4E-7B83-43BF-89F4-FF562F815448}.Debug|x86.ActiveCfg = Debug|Any CPU
		{D3A5CB4E-7B83-43BF-89F4-FF562F815448}.Debug|x86.Build.0 = Debug|Any CPU
		{D3A5CB4E-7B83-43BF-89F4-FF562F815448}.Debug|x86.Deploy.0 = Debug|Any CPU
		{D3A5CB4E-7B83-43BF-89F4-FF562F815448}.Release|Any CPU.ActiveCfg = Release|Any CPU
		{D3A5CB4E-7B83-43BF-89F4-FF562F815448}.Release|Any CPU.Build.0 = Release|Any CPU
		{D3A5CB4E-7B83-43BF-89F4-FF562F815448}.Release|Any CPU.Deploy.0 = Release|Any CPU
		{D3A5CB4E-7B83-43BF-89F4-FF562F815448}.Release|ARM.ActiveCfg = Release|Any CPU
		{D3A5CB4E-7B83-43BF-89F4-FF562F815448}.Release|ARM.Build.0 = Release|Any CPU
		{D3A5CB4E-7B83-43BF-89F4-FF562F815448}.Release|ARM.Deploy.0 = Release|Any CPU
		{D3A5CB4E-7B83-43BF-89F4-FF562F815448}.Release|iPhone.ActiveCfg = Release|Any CPU
		{D3A5CB4E-7B83-43BF-89F4-FF562F815448}.Release|iPhone.Build.0 = Release|Any CPU
		{D3A5CB4E-7B83-43BF-89F4-FF562F815448}.Release|iPhone.Deploy.0 = Release|Any CPU
		{D3A5CB4E-7B83-43BF-89F4-FF562F815448}.Release|iPhoneSimulator.ActiveCfg = Release|Any CPU
		{D3A5CB4E-7B83-43BF-89F4-FF562F815448}.Release|iPhoneSimulator.Build.0 = Release|Any CPU
		{D3A5CB4E-7B83-43BF-89F4-FF562F815448}.Release|iPhoneSimulator.Deploy.0 = Release|Any CPU
		{D3A5CB4E-7B83-43BF-89F4-FF562F815448}.Release|x64.ActiveCfg = Release|Any CPU
		{D3A5CB4E-7B83-43BF-89F4-FF562F815448}.Release|x64.Build.0 = Release|Any CPU
		{D3A5CB4E-7B83-43BF-89F4-FF562F815448}.Release|x64.Deploy.0 = Release|Any CPU
		{D3A5CB4E-7B83-43BF-89F4-FF562F815448}.Release|x86.ActiveCfg = Release|Any CPU
		{D3A5CB4E-7B83-43BF-89F4-FF562F815448}.Release|x86.Build.0 = Release|Any CPU
		{D3A5CB4E-7B83-43BF-89F4-FF562F815448}.Release|x86.Deploy.0 = Release|Any CPU
		{4697E972-329C-4FB9-81E3-25833FA73924}.Debug|Any CPU.ActiveCfg = Debug|Any CPU
		{4697E972-329C-4FB9-81E3-25833FA73924}.Debug|Any CPU.Build.0 = Debug|Any CPU
		{4697E972-329C-4FB9-81E3-25833FA73924}.Debug|ARM.ActiveCfg = Debug|Any CPU
		{4697E972-329C-4FB9-81E3-25833FA73924}.Debug|ARM.Build.0 = Debug|Any CPU
		{4697E972-329C-4FB9-81E3-25833FA73924}.Debug|iPhone.ActiveCfg = Debug|Any CPU
		{4697E972-329C-4FB9-81E3-25833FA73924}.Debug|iPhone.Build.0 = Debug|Any CPU
		{4697E972-329C-4FB9-81E3-25833FA73924}.Debug|iPhoneSimulator.ActiveCfg = Debug|Any CPU
		{4697E972-329C-4FB9-81E3-25833FA73924}.Debug|iPhoneSimulator.Build.0 = Debug|Any CPU
		{4697E972-329C-4FB9-81E3-25833FA73924}.Debug|x64.ActiveCfg = Debug|Any CPU
		{4697E972-329C-4FB9-81E3-25833FA73924}.Debug|x64.Build.0 = Debug|Any CPU
		{4697E972-329C-4FB9-81E3-25833FA73924}.Debug|x86.ActiveCfg = Debug|Any CPU
		{4697E972-329C-4FB9-81E3-25833FA73924}.Debug|x86.Build.0 = Debug|Any CPU
		{4697E972-329C-4FB9-81E3-25833FA73924}.Release|Any CPU.ActiveCfg = Release|Any CPU
		{4697E972-329C-4FB9-81E3-25833FA73924}.Release|Any CPU.Build.0 = Release|Any CPU
		{4697E972-329C-4FB9-81E3-25833FA73924}.Release|ARM.ActiveCfg = Release|Any CPU
		{4697E972-329C-4FB9-81E3-25833FA73924}.Release|ARM.Build.0 = Release|Any CPU
		{4697E972-329C-4FB9-81E3-25833FA73924}.Release|iPhone.ActiveCfg = Release|Any CPU
		{4697E972-329C-4FB9-81E3-25833FA73924}.Release|iPhone.Build.0 = Release|Any CPU
		{4697E972-329C-4FB9-81E3-25833FA73924}.Release|iPhoneSimulator.ActiveCfg = Release|Any CPU
		{4697E972-329C-4FB9-81E3-25833FA73924}.Release|iPhoneSimulator.Build.0 = Release|Any CPU
		{4697E972-329C-4FB9-81E3-25833FA73924}.Release|x64.ActiveCfg = Release|Any CPU
		{4697E972-329C-4FB9-81E3-25833FA73924}.Release|x64.Build.0 = Release|Any CPU
		{4697E972-329C-4FB9-81E3-25833FA73924}.Release|x86.ActiveCfg = Release|Any CPU
		{4697E972-329C-4FB9-81E3-25833FA73924}.Release|x86.Build.0 = Release|Any CPU
		{006114AA-3919-4393-B836-D03995C5E230}.Debug|Any CPU.ActiveCfg = Debug|Any CPU
		{006114AA-3919-4393-B836-D03995C5E230}.Debug|Any CPU.Build.0 = Debug|Any CPU
		{006114AA-3919-4393-B836-D03995C5E230}.Debug|ARM.ActiveCfg = Debug|Any CPU
		{006114AA-3919-4393-B836-D03995C5E230}.Debug|ARM.Build.0 = Debug|Any CPU
		{006114AA-3919-4393-B836-D03995C5E230}.Debug|iPhone.ActiveCfg = Debug|Any CPU
		{006114AA-3919-4393-B836-D03995C5E230}.Debug|iPhone.Build.0 = Debug|Any CPU
		{006114AA-3919-4393-B836-D03995C5E230}.Debug|iPhoneSimulator.ActiveCfg = Debug|Any CPU
		{006114AA-3919-4393-B836-D03995C5E230}.Debug|iPhoneSimulator.Build.0 = Debug|Any CPU
		{006114AA-3919-4393-B836-D03995C5E230}.Debug|x64.ActiveCfg = Debug|Any CPU
		{006114AA-3919-4393-B836-D03995C5E230}.Debug|x64.Build.0 = Debug|Any CPU
		{006114AA-3919-4393-B836-D03995C5E230}.Debug|x86.ActiveCfg = Debug|Any CPU
		{006114AA-3919-4393-B836-D03995C5E230}.Debug|x86.Build.0 = Debug|Any CPU
		{006114AA-3919-4393-B836-D03995C5E230}.Release|Any CPU.ActiveCfg = Release|Any CPU
		{006114AA-3919-4393-B836-D03995C5E230}.Release|Any CPU.Build.0 = Release|Any CPU
		{006114AA-3919-4393-B836-D03995C5E230}.Release|ARM.ActiveCfg = Release|Any CPU
		{006114AA-3919-4393-B836-D03995C5E230}.Release|ARM.Build.0 = Release|Any CPU
		{006114AA-3919-4393-B836-D03995C5E230}.Release|iPhone.ActiveCfg = Release|Any CPU
		{006114AA-3919-4393-B836-D03995C5E230}.Release|iPhone.Build.0 = Release|Any CPU
		{006114AA-3919-4393-B836-D03995C5E230}.Release|iPhoneSimulator.ActiveCfg = Release|Any CPU
		{006114AA-3919-4393-B836-D03995C5E230}.Release|iPhoneSimulator.Build.0 = Release|Any CPU
		{006114AA-3919-4393-B836-D03995C5E230}.Release|x64.ActiveCfg = Release|Any CPU
		{006114AA-3919-4393-B836-D03995C5E230}.Release|x64.Build.0 = Release|Any CPU
		{006114AA-3919-4393-B836-D03995C5E230}.Release|x86.ActiveCfg = Release|Any CPU
		{006114AA-3919-4393-B836-D03995C5E230}.Release|x86.Build.0 = Release|Any CPU
		{CE1370AE-4985-41E2-8DCE-24B11A5EA177}.Debug|Any CPU.ActiveCfg = Debug|Any CPU
		{CE1370AE-4985-41E2-8DCE-24B11A5EA177}.Debug|Any CPU.Build.0 = Debug|Any CPU
		{CE1370AE-4985-41E2-8DCE-24B11A5EA177}.Debug|ARM.ActiveCfg = Debug|Any CPU
		{CE1370AE-4985-41E2-8DCE-24B11A5EA177}.Debug|ARM.Build.0 = Debug|Any CPU
		{CE1370AE-4985-41E2-8DCE-24B11A5EA177}.Debug|iPhone.ActiveCfg = Debug|Any CPU
		{CE1370AE-4985-41E2-8DCE-24B11A5EA177}.Debug|iPhone.Build.0 = Debug|Any CPU
		{CE1370AE-4985-41E2-8DCE-24B11A5EA177}.Debug|iPhoneSimulator.ActiveCfg = Debug|Any CPU
		{CE1370AE-4985-41E2-8DCE-24B11A5EA177}.Debug|iPhoneSimulator.Build.0 = Debug|Any CPU
		{CE1370AE-4985-41E2-8DCE-24B11A5EA177}.Debug|x64.ActiveCfg = Debug|Any CPU
		{CE1370AE-4985-41E2-8DCE-24B11A5EA177}.Debug|x64.Build.0 = Debug|Any CPU
		{CE1370AE-4985-41E2-8DCE-24B11A5EA177}.Debug|x86.ActiveCfg = Debug|Any CPU
		{CE1370AE-4985-41E2-8DCE-24B11A5EA177}.Debug|x86.Build.0 = Debug|Any CPU
		{CE1370AE-4985-41E2-8DCE-24B11A5EA177}.Release|Any CPU.ActiveCfg = Release|Any CPU
		{CE1370AE-4985-41E2-8DCE-24B11A5EA177}.Release|Any CPU.Build.0 = Release|Any CPU
		{CE1370AE-4985-41E2-8DCE-24B11A5EA177}.Release|ARM.ActiveCfg = Release|Any CPU
		{CE1370AE-4985-41E2-8DCE-24B11A5EA177}.Release|ARM.Build.0 = Release|Any CPU
		{CE1370AE-4985-41E2-8DCE-24B11A5EA177}.Release|iPhone.ActiveCfg = Release|Any CPU
		{CE1370AE-4985-41E2-8DCE-24B11A5EA177}.Release|iPhone.Build.0 = Release|Any CPU
		{CE1370AE-4985-41E2-8DCE-24B11A5EA177}.Release|iPhoneSimulator.ActiveCfg = Release|Any CPU
		{CE1370AE-4985-41E2-8DCE-24B11A5EA177}.Release|iPhoneSimulator.Build.0 = Release|Any CPU
		{CE1370AE-4985-41E2-8DCE-24B11A5EA177}.Release|x64.ActiveCfg = Release|Any CPU
		{CE1370AE-4985-41E2-8DCE-24B11A5EA177}.Release|x64.Build.0 = Release|Any CPU
		{CE1370AE-4985-41E2-8DCE-24B11A5EA177}.Release|x86.ActiveCfg = Release|Any CPU
		{CE1370AE-4985-41E2-8DCE-24B11A5EA177}.Release|x86.Build.0 = Release|Any CPU
		{00ABF0E3-2AD1-4002-8527-920E9EA6A138}.Debug|Any CPU.ActiveCfg = Debug|Any CPU
		{00ABF0E3-2AD1-4002-8527-920E9EA6A138}.Debug|Any CPU.Build.0 = Debug|Any CPU
		{00ABF0E3-2AD1-4002-8527-920E9EA6A138}.Debug|ARM.ActiveCfg = Debug|Any CPU
		{00ABF0E3-2AD1-4002-8527-920E9EA6A138}.Debug|ARM.Build.0 = Debug|Any CPU
		{00ABF0E3-2AD1-4002-8527-920E9EA6A138}.Debug|iPhone.ActiveCfg = Debug|Any CPU
		{00ABF0E3-2AD1-4002-8527-920E9EA6A138}.Debug|iPhone.Build.0 = Debug|Any CPU
		{00ABF0E3-2AD1-4002-8527-920E9EA6A138}.Debug|iPhoneSimulator.ActiveCfg = Debug|Any CPU
		{00ABF0E3-2AD1-4002-8527-920E9EA6A138}.Debug|iPhoneSimulator.Build.0 = Debug|Any CPU
		{00ABF0E3-2AD1-4002-8527-920E9EA6A138}.Debug|x64.ActiveCfg = Debug|Any CPU
		{00ABF0E3-2AD1-4002-8527-920E9EA6A138}.Debug|x64.Build.0 = Debug|Any CPU
		{00ABF0E3-2AD1-4002-8527-920E9EA6A138}.Debug|x86.ActiveCfg = Debug|Any CPU
		{00ABF0E3-2AD1-4002-8527-920E9EA6A138}.Debug|x86.Build.0 = Debug|Any CPU
		{00ABF0E3-2AD1-4002-8527-920E9EA6A138}.Release|Any CPU.ActiveCfg = Release|Any CPU
		{00ABF0E3-2AD1-4002-8527-920E9EA6A138}.Release|Any CPU.Build.0 = Release|Any CPU
		{00ABF0E3-2AD1-4002-8527-920E9EA6A138}.Release|ARM.ActiveCfg = Release|Any CPU
		{00ABF0E3-2AD1-4002-8527-920E9EA6A138}.Release|ARM.Build.0 = Release|Any CPU
		{00ABF0E3-2AD1-4002-8527-920E9EA6A138}.Release|iPhone.ActiveCfg = Release|Any CPU
		{00ABF0E3-2AD1-4002-8527-920E9EA6A138}.Release|iPhone.Build.0 = Release|Any CPU
		{00ABF0E3-2AD1-4002-8527-920E9EA6A138}.Release|iPhoneSimulator.ActiveCfg = Release|Any CPU
		{00ABF0E3-2AD1-4002-8527-920E9EA6A138}.Release|iPhoneSimulator.Build.0 = Release|Any CPU
		{00ABF0E3-2AD1-4002-8527-920E9EA6A138}.Release|x64.ActiveCfg = Release|Any CPU
		{00ABF0E3-2AD1-4002-8527-920E9EA6A138}.Release|x64.Build.0 = Release|Any CPU
		{00ABF0E3-2AD1-4002-8527-920E9EA6A138}.Release|x86.ActiveCfg = Release|Any CPU
		{00ABF0E3-2AD1-4002-8527-920E9EA6A138}.Release|x86.Build.0 = Release|Any CPU
		{1E87BE6D-F379-4437-B0FC-1A6E0BD990F7}.Debug|Any CPU.ActiveCfg = Debug|x86
		{1E87BE6D-F379-4437-B0FC-1A6E0BD990F7}.Debug|ARM.ActiveCfg = Debug|ARM
		{1E87BE6D-F379-4437-B0FC-1A6E0BD990F7}.Debug|ARM.Build.0 = Debug|ARM
		{1E87BE6D-F379-4437-B0FC-1A6E0BD990F7}.Debug|ARM.Deploy.0 = Debug|ARM
		{1E87BE6D-F379-4437-B0FC-1A6E0BD990F7}.Debug|iPhone.ActiveCfg = Debug|x86
		{1E87BE6D-F379-4437-B0FC-1A6E0BD990F7}.Debug|iPhoneSimulator.ActiveCfg = Debug|x86
		{1E87BE6D-F379-4437-B0FC-1A6E0BD990F7}.Debug|x64.ActiveCfg = Debug|x64
		{1E87BE6D-F379-4437-B0FC-1A6E0BD990F7}.Debug|x64.Build.0 = Debug|x64
		{1E87BE6D-F379-4437-B0FC-1A6E0BD990F7}.Debug|x64.Deploy.0 = Debug|x64
		{1E87BE6D-F379-4437-B0FC-1A6E0BD990F7}.Debug|x86.ActiveCfg = Debug|x86
		{1E87BE6D-F379-4437-B0FC-1A6E0BD990F7}.Debug|x86.Build.0 = Debug|x86
		{1E87BE6D-F379-4437-B0FC-1A6E0BD990F7}.Debug|x86.Deploy.0 = Debug|x86
		{1E87BE6D-F379-4437-B0FC-1A6E0BD990F7}.Release|Any CPU.ActiveCfg = Release|x86
		{1E87BE6D-F379-4437-B0FC-1A6E0BD990F7}.Release|ARM.ActiveCfg = Release|ARM
		{1E87BE6D-F379-4437-B0FC-1A6E0BD990F7}.Release|ARM.Build.0 = Release|ARM
		{1E87BE6D-F379-4437-B0FC-1A6E0BD990F7}.Release|ARM.Deploy.0 = Release|ARM
		{1E87BE6D-F379-4437-B0FC-1A6E0BD990F7}.Release|iPhone.ActiveCfg = Release|x86
		{1E87BE6D-F379-4437-B0FC-1A6E0BD990F7}.Release|iPhoneSimulator.ActiveCfg = Release|x86
		{1E87BE6D-F379-4437-B0FC-1A6E0BD990F7}.Release|x64.ActiveCfg = Release|x64
		{1E87BE6D-F379-4437-B0FC-1A6E0BD990F7}.Release|x64.Build.0 = Release|x64
		{1E87BE6D-F379-4437-B0FC-1A6E0BD990F7}.Release|x64.Deploy.0 = Release|x64
		{1E87BE6D-F379-4437-B0FC-1A6E0BD990F7}.Release|x86.ActiveCfg = Release|x86
		{1E87BE6D-F379-4437-B0FC-1A6E0BD990F7}.Release|x86.Build.0 = Release|x86
		{1E87BE6D-F379-4437-B0FC-1A6E0BD990F7}.Release|x86.Deploy.0 = Release|x86
		{CE2D8871-EE52-428D-978A-295883B4384A}.Debug|Any CPU.ActiveCfg = Debug|Any CPU
		{CE2D8871-EE52-428D-978A-295883B4384A}.Debug|Any CPU.Build.0 = Debug|Any CPU
		{CE2D8871-EE52-428D-978A-295883B4384A}.Debug|ARM.ActiveCfg = Debug|Any CPU
		{CE2D8871-EE52-428D-978A-295883B4384A}.Debug|ARM.Build.0 = Debug|Any CPU
		{CE2D8871-EE52-428D-978A-295883B4384A}.Debug|iPhone.ActiveCfg = Debug|Any CPU
		{CE2D8871-EE52-428D-978A-295883B4384A}.Debug|iPhone.Build.0 = Debug|Any CPU
		{CE2D8871-EE52-428D-978A-295883B4384A}.Debug|iPhoneSimulator.ActiveCfg = Debug|Any CPU
		{CE2D8871-EE52-428D-978A-295883B4384A}.Debug|iPhoneSimulator.Build.0 = Debug|Any CPU
		{CE2D8871-EE52-428D-978A-295883B4384A}.Debug|x64.ActiveCfg = Debug|Any CPU
		{CE2D8871-EE52-428D-978A-295883B4384A}.Debug|x64.Build.0 = Debug|Any CPU
		{CE2D8871-EE52-428D-978A-295883B4384A}.Debug|x86.ActiveCfg = Debug|Any CPU
		{CE2D8871-EE52-428D-978A-295883B4384A}.Debug|x86.Build.0 = Debug|Any CPU
		{CE2D8871-EE52-428D-978A-295883B4384A}.Release|Any CPU.ActiveCfg = Release|Any CPU
		{CE2D8871-EE52-428D-978A-295883B4384A}.Release|Any CPU.Build.0 = Release|Any CPU
		{CE2D8871-EE52-428D-978A-295883B4384A}.Release|ARM.ActiveCfg = Release|Any CPU
		{CE2D8871-EE52-428D-978A-295883B4384A}.Release|ARM.Build.0 = Release|Any CPU
		{CE2D8871-EE52-428D-978A-295883B4384A}.Release|iPhone.ActiveCfg = Release|Any CPU
		{CE2D8871-EE52-428D-978A-295883B4384A}.Release|iPhone.Build.0 = Release|Any CPU
		{CE2D8871-EE52-428D-978A-295883B4384A}.Release|iPhoneSimulator.ActiveCfg = Release|Any CPU
		{CE2D8871-EE52-428D-978A-295883B4384A}.Release|iPhoneSimulator.Build.0 = Release|Any CPU
		{CE2D8871-EE52-428D-978A-295883B4384A}.Release|x64.ActiveCfg = Release|Any CPU
		{CE2D8871-EE52-428D-978A-295883B4384A}.Release|x64.Build.0 = Release|Any CPU
		{CE2D8871-EE52-428D-978A-295883B4384A}.Release|x86.ActiveCfg = Release|Any CPU
		{CE2D8871-EE52-428D-978A-295883B4384A}.Release|x86.Build.0 = Release|Any CPU
		{03CE46B2-F4FA-4375-A493-F9E37B352299}.Debug|Any CPU.ActiveCfg = Debug|Any CPU
		{03CE46B2-F4FA-4375-A493-F9E37B352299}.Debug|Any CPU.Build.0 = Debug|Any CPU
		{03CE46B2-F4FA-4375-A493-F9E37B352299}.Debug|ARM.ActiveCfg = Debug|Any CPU
		{03CE46B2-F4FA-4375-A493-F9E37B352299}.Debug|ARM.Build.0 = Debug|Any CPU
		{03CE46B2-F4FA-4375-A493-F9E37B352299}.Debug|iPhone.ActiveCfg = Debug|Any CPU
		{03CE46B2-F4FA-4375-A493-F9E37B352299}.Debug|iPhone.Build.0 = Debug|Any CPU
		{03CE46B2-F4FA-4375-A493-F9E37B352299}.Debug|iPhoneSimulator.ActiveCfg = Debug|Any CPU
		{03CE46B2-F4FA-4375-A493-F9E37B352299}.Debug|iPhoneSimulator.Build.0 = Debug|Any CPU
		{03CE46B2-F4FA-4375-A493-F9E37B352299}.Debug|x64.ActiveCfg = Debug|Any CPU
		{03CE46B2-F4FA-4375-A493-F9E37B352299}.Debug|x64.Build.0 = Debug|Any CPU
		{03CE46B2-F4FA-4375-A493-F9E37B352299}.Debug|x86.ActiveCfg = Debug|Any CPU
		{03CE46B2-F4FA-4375-A493-F9E37B352299}.Debug|x86.Build.0 = Debug|Any CPU
		{03CE46B2-F4FA-4375-A493-F9E37B352299}.Release|Any CPU.ActiveCfg = Release|Any CPU
		{03CE46B2-F4FA-4375-A493-F9E37B352299}.Release|Any CPU.Build.0 = Release|Any CPU
		{03CE46B2-F4FA-4375-A493-F9E37B352299}.Release|ARM.ActiveCfg = Release|Any CPU
		{03CE46B2-F4FA-4375-A493-F9E37B352299}.Release|ARM.Build.0 = Release|Any CPU
		{03CE46B2-F4FA-4375-A493-F9E37B352299}.Release|iPhone.ActiveCfg = Release|Any CPU
		{03CE46B2-F4FA-4375-A493-F9E37B352299}.Release|iPhone.Build.0 = Release|Any CPU
		{03CE46B2-F4FA-4375-A493-F9E37B352299}.Release|iPhoneSimulator.ActiveCfg = Release|Any CPU
		{03CE46B2-F4FA-4375-A493-F9E37B352299}.Release|iPhoneSimulator.Build.0 = Release|Any CPU
		{03CE46B2-F4FA-4375-A493-F9E37B352299}.Release|x64.ActiveCfg = Release|Any CPU
		{03CE46B2-F4FA-4375-A493-F9E37B352299}.Release|x64.Build.0 = Release|Any CPU
		{03CE46B2-F4FA-4375-A493-F9E37B352299}.Release|x86.ActiveCfg = Release|Any CPU
		{03CE46B2-F4FA-4375-A493-F9E37B352299}.Release|x86.Build.0 = Release|Any CPU
		{C3EA108D-5A26-402B-A14C-58AF985AA5C5}.Debug|Any CPU.ActiveCfg = Debug|Any CPU
		{C3EA108D-5A26-402B-A14C-58AF985AA5C5}.Debug|Any CPU.Build.0 = Debug|Any CPU
		{C3EA108D-5A26-402B-A14C-58AF985AA5C5}.Debug|ARM.ActiveCfg = Debug|Any CPU
		{C3EA108D-5A26-402B-A14C-58AF985AA5C5}.Debug|ARM.Build.0 = Debug|Any CPU
		{C3EA108D-5A26-402B-A14C-58AF985AA5C5}.Debug|iPhone.ActiveCfg = Debug|Any CPU
		{C3EA108D-5A26-402B-A14C-58AF985AA5C5}.Debug|iPhone.Build.0 = Debug|Any CPU
		{C3EA108D-5A26-402B-A14C-58AF985AA5C5}.Debug|iPhoneSimulator.ActiveCfg = Debug|Any CPU
		{C3EA108D-5A26-402B-A14C-58AF985AA5C5}.Debug|iPhoneSimulator.Build.0 = Debug|Any CPU
		{C3EA108D-5A26-402B-A14C-58AF985AA5C5}.Debug|x64.ActiveCfg = Debug|Any CPU
		{C3EA108D-5A26-402B-A14C-58AF985AA5C5}.Debug|x64.Build.0 = Debug|Any CPU
		{C3EA108D-5A26-402B-A14C-58AF985AA5C5}.Debug|x86.ActiveCfg = Debug|Any CPU
		{C3EA108D-5A26-402B-A14C-58AF985AA5C5}.Debug|x86.Build.0 = Debug|Any CPU
		{C3EA108D-5A26-402B-A14C-58AF985AA5C5}.Release|Any CPU.ActiveCfg = Release|Any CPU
		{C3EA108D-5A26-402B-A14C-58AF985AA5C5}.Release|Any CPU.Build.0 = Release|Any CPU
		{C3EA108D-5A26-402B-A14C-58AF985AA5C5}.Release|ARM.ActiveCfg = Release|Any CPU
		{C3EA108D-5A26-402B-A14C-58AF985AA5C5}.Release|ARM.Build.0 = Release|Any CPU
		{C3EA108D-5A26-402B-A14C-58AF985AA5C5}.Release|iPhone.ActiveCfg = Release|Any CPU
		{C3EA108D-5A26-402B-A14C-58AF985AA5C5}.Release|iPhone.Build.0 = Release|Any CPU
		{C3EA108D-5A26-402B-A14C-58AF985AA5C5}.Release|iPhoneSimulator.ActiveCfg = Release|Any CPU
		{C3EA108D-5A26-402B-A14C-58AF985AA5C5}.Release|iPhoneSimulator.Build.0 = Release|Any CPU
		{C3EA108D-5A26-402B-A14C-58AF985AA5C5}.Release|x64.ActiveCfg = Release|Any CPU
		{C3EA108D-5A26-402B-A14C-58AF985AA5C5}.Release|x64.Build.0 = Release|Any CPU
		{C3EA108D-5A26-402B-A14C-58AF985AA5C5}.Release|x86.ActiveCfg = Release|Any CPU
		{C3EA108D-5A26-402B-A14C-58AF985AA5C5}.Release|x86.Build.0 = Release|Any CPU
		{2373D259-1D56-44C5-A864-B3FDF3BF416A}.Debug|Any CPU.ActiveCfg = Debug|Any CPU
		{2373D259-1D56-44C5-A864-B3FDF3BF416A}.Debug|Any CPU.Build.0 = Debug|Any CPU
		{2373D259-1D56-44C5-A864-B3FDF3BF416A}.Debug|ARM.ActiveCfg = Debug|Any CPU
		{2373D259-1D56-44C5-A864-B3FDF3BF416A}.Debug|ARM.Build.0 = Debug|Any CPU
		{2373D259-1D56-44C5-A864-B3FDF3BF416A}.Debug|iPhone.ActiveCfg = Debug|Any CPU
		{2373D259-1D56-44C5-A864-B3FDF3BF416A}.Debug|iPhone.Build.0 = Debug|Any CPU
		{2373D259-1D56-44C5-A864-B3FDF3BF416A}.Debug|iPhoneSimulator.ActiveCfg = Debug|Any CPU
		{2373D259-1D56-44C5-A864-B3FDF3BF416A}.Debug|iPhoneSimulator.Build.0 = Debug|Any CPU
		{2373D259-1D56-44C5-A864-B3FDF3BF416A}.Debug|x64.ActiveCfg = Debug|Any CPU
		{2373D259-1D56-44C5-A864-B3FDF3BF416A}.Debug|x64.Build.0 = Debug|Any CPU
		{2373D259-1D56-44C5-A864-B3FDF3BF416A}.Debug|x86.ActiveCfg = Debug|Any CPU
		{2373D259-1D56-44C5-A864-B3FDF3BF416A}.Debug|x86.Build.0 = Debug|Any CPU
		{2373D259-1D56-44C5-A864-B3FDF3BF416A}.Release|Any CPU.ActiveCfg = Release|Any CPU
		{2373D259-1D56-44C5-A864-B3FDF3BF416A}.Release|Any CPU.Build.0 = Release|Any CPU
		{2373D259-1D56-44C5-A864-B3FDF3BF416A}.Release|ARM.ActiveCfg = Release|Any CPU
		{2373D259-1D56-44C5-A864-B3FDF3BF416A}.Release|ARM.Build.0 = Release|Any CPU
		{2373D259-1D56-44C5-A864-B3FDF3BF416A}.Release|iPhone.ActiveCfg = Release|Any CPU
		{2373D259-1D56-44C5-A864-B3FDF3BF416A}.Release|iPhone.Build.0 = Release|Any CPU
		{2373D259-1D56-44C5-A864-B3FDF3BF416A}.Release|iPhoneSimulator.ActiveCfg = Release|Any CPU
		{2373D259-1D56-44C5-A864-B3FDF3BF416A}.Release|iPhoneSimulator.Build.0 = Release|Any CPU
		{2373D259-1D56-44C5-A864-B3FDF3BF416A}.Release|x64.ActiveCfg = Release|Any CPU
		{2373D259-1D56-44C5-A864-B3FDF3BF416A}.Release|x64.Build.0 = Release|Any CPU
		{2373D259-1D56-44C5-A864-B3FDF3BF416A}.Release|x86.ActiveCfg = Release|Any CPU
		{2373D259-1D56-44C5-A864-B3FDF3BF416A}.Release|x86.Build.0 = Release|Any CPU
		{C60DF964-C19D-467E-9503-F69B0284D13C}.Debug|Any CPU.ActiveCfg = Debug|Any CPU
		{C60DF964-C19D-467E-9503-F69B0284D13C}.Debug|Any CPU.Build.0 = Debug|Any CPU
		{C60DF964-C19D-467E-9503-F69B0284D13C}.Debug|ARM.ActiveCfg = Debug|Any CPU
		{C60DF964-C19D-467E-9503-F69B0284D13C}.Debug|ARM.Build.0 = Debug|Any CPU
		{C60DF964-C19D-467E-9503-F69B0284D13C}.Debug|iPhone.ActiveCfg = Debug|Any CPU
		{C60DF964-C19D-467E-9503-F69B0284D13C}.Debug|iPhone.Build.0 = Debug|Any CPU
		{C60DF964-C19D-467E-9503-F69B0284D13C}.Debug|iPhoneSimulator.ActiveCfg = Debug|Any CPU
		{C60DF964-C19D-467E-9503-F69B0284D13C}.Debug|iPhoneSimulator.Build.0 = Debug|Any CPU
		{C60DF964-C19D-467E-9503-F69B0284D13C}.Debug|x64.ActiveCfg = Debug|Any CPU
		{C60DF964-C19D-467E-9503-F69B0284D13C}.Debug|x64.Build.0 = Debug|Any CPU
		{C60DF964-C19D-467E-9503-F69B0284D13C}.Debug|x86.ActiveCfg = Debug|Any CPU
		{C60DF964-C19D-467E-9503-F69B0284D13C}.Debug|x86.Build.0 = Debug|Any CPU
		{C60DF964-C19D-467E-9503-F69B0284D13C}.Release|Any CPU.ActiveCfg = Release|Any CPU
		{C60DF964-C19D-467E-9503-F69B0284D13C}.Release|Any CPU.Build.0 = Release|Any CPU
		{C60DF964-C19D-467E-9503-F69B0284D13C}.Release|ARM.ActiveCfg = Release|Any CPU
		{C60DF964-C19D-467E-9503-F69B0284D13C}.Release|ARM.Build.0 = Release|Any CPU
		{C60DF964-C19D-467E-9503-F69B0284D13C}.Release|iPhone.ActiveCfg = Release|Any CPU
		{C60DF964-C19D-467E-9503-F69B0284D13C}.Release|iPhone.Build.0 = Release|Any CPU
		{C60DF964-C19D-467E-9503-F69B0284D13C}.Release|iPhoneSimulator.ActiveCfg = Release|Any CPU
		{C60DF964-C19D-467E-9503-F69B0284D13C}.Release|iPhoneSimulator.Build.0 = Release|Any CPU
		{C60DF964-C19D-467E-9503-F69B0284D13C}.Release|x64.ActiveCfg = Release|Any CPU
		{C60DF964-C19D-467E-9503-F69B0284D13C}.Release|x64.Build.0 = Release|Any CPU
		{C60DF964-C19D-467E-9503-F69B0284D13C}.Release|x86.ActiveCfg = Release|Any CPU
		{C60DF964-C19D-467E-9503-F69B0284D13C}.Release|x86.Build.0 = Release|Any CPU
		{0084C2B6-ECAC-478F-90E7-AB2664828223}.Debug|Any CPU.ActiveCfg = Debug|Any CPU
		{0084C2B6-ECAC-478F-90E7-AB2664828223}.Debug|Any CPU.Build.0 = Debug|Any CPU
		{0084C2B6-ECAC-478F-90E7-AB2664828223}.Debug|ARM.ActiveCfg = Debug|Any CPU
		{0084C2B6-ECAC-478F-90E7-AB2664828223}.Debug|ARM.Build.0 = Debug|Any CPU
		{0084C2B6-ECAC-478F-90E7-AB2664828223}.Debug|iPhone.ActiveCfg = Debug|Any CPU
		{0084C2B6-ECAC-478F-90E7-AB2664828223}.Debug|iPhone.Build.0 = Debug|Any CPU
		{0084C2B6-ECAC-478F-90E7-AB2664828223}.Debug|iPhoneSimulator.ActiveCfg = Debug|Any CPU
		{0084C2B6-ECAC-478F-90E7-AB2664828223}.Debug|iPhoneSimulator.Build.0 = Debug|Any CPU
		{0084C2B6-ECAC-478F-90E7-AB2664828223}.Debug|x64.ActiveCfg = Debug|Any CPU
		{0084C2B6-ECAC-478F-90E7-AB2664828223}.Debug|x64.Build.0 = Debug|Any CPU
		{0084C2B6-ECAC-478F-90E7-AB2664828223}.Debug|x86.ActiveCfg = Debug|Any CPU
		{0084C2B6-ECAC-478F-90E7-AB2664828223}.Debug|x86.Build.0 = Debug|Any CPU
		{0084C2B6-ECAC-478F-90E7-AB2664828223}.Release|Any CPU.ActiveCfg = Release|Any CPU
		{0084C2B6-ECAC-478F-90E7-AB2664828223}.Release|Any CPU.Build.0 = Release|Any CPU
		{0084C2B6-ECAC-478F-90E7-AB2664828223}.Release|ARM.ActiveCfg = Release|Any CPU
		{0084C2B6-ECAC-478F-90E7-AB2664828223}.Release|ARM.Build.0 = Release|Any CPU
		{0084C2B6-ECAC-478F-90E7-AB2664828223}.Release|iPhone.ActiveCfg = Release|Any CPU
		{0084C2B6-ECAC-478F-90E7-AB2664828223}.Release|iPhone.Build.0 = Release|Any CPU
		{0084C2B6-ECAC-478F-90E7-AB2664828223}.Release|iPhoneSimulator.ActiveCfg = Release|Any CPU
		{0084C2B6-ECAC-478F-90E7-AB2664828223}.Release|iPhoneSimulator.Build.0 = Release|Any CPU
		{0084C2B6-ECAC-478F-90E7-AB2664828223}.Release|x64.ActiveCfg = Release|Any CPU
		{0084C2B6-ECAC-478F-90E7-AB2664828223}.Release|x64.Build.0 = Release|Any CPU
		{0084C2B6-ECAC-478F-90E7-AB2664828223}.Release|x86.ActiveCfg = Release|Any CPU
		{0084C2B6-ECAC-478F-90E7-AB2664828223}.Release|x86.Build.0 = Release|Any CPU
	EndGlobalSection
	GlobalSection(SolutionProperties) = preSolution
		HideSolutionNode = FALSE
	EndGlobalSection
	GlobalSection(NestedProjects) = preSolution
		{D3A5CB4E-7B83-43BF-89F4-FF562F815448} = {BEA51B94-B162-47D9-9822-394B2778A225}
		{4697E972-329C-4FB9-81E3-25833FA73924} = {16CEC8F1-3A12-4C75-8D65-A58B4CB47917}
		{1E87BE6D-F379-4437-B0FC-1A6E0BD990F7} = {BEA51B94-B162-47D9-9822-394B2778A225}
		{03CE46B2-F4FA-4375-A493-F9E37B352299} = {BEA51B94-B162-47D9-9822-394B2778A225}
	EndGlobalSection
	GlobalSection(ExtensibilityGlobals) = postSolution
		SolutionGuid = {3921AD86-E6C0-4436-8880-2D9EDFAD6151}
	EndGlobalSection
EndGlobal
