
Microsoft Visual Studio Solution File, Format Version 12.00
# Visual Studio Version 16
VisualStudioVersion = 16.0.29102.190
MinimumVisualStudioVersion = 10.0.40219.1
Project("{2150E333-8FDC-42A3-9474-1A3956D46DE8}") = "Tests", "Tests", "{16CEC8F1-3A12-4C75-8D65-A58B4CB47917}"
EndProject
Project("{9A19103F-16F7-4668-BE54-9A1E7A4F7556}") = "MADE.App", "MADE.App\MADE.App.csproj", "{006114AA-3919-4393-B836-D03995C5E230}"
EndProject
Project("{9A19103F-16F7-4668-BE54-9A1E7A4F7556}") = "MADE.App.Mvvm", "MADE.App.Mvvm\MADE.App.Mvvm.csproj", "{CE1370AE-4985-41E2-8DCE-24B11A5EA177}"
EndProject
Project("{9A19103F-16F7-4668-BE54-9A1E7A4F7556}") = "MADE.App.Views.Navigation", "MADE.App.Views.Navigation\MADE.App.Views.Navigation.csproj", "{00ABF0E3-2AD1-4002-8527-920E9EA6A138}"
EndProject
Project("{9A19103F-16F7-4668-BE54-9A1E7A4F7556}") = "MADE.App.Views", "MADE.App.Views\MADE.App.Views.csproj", "{C3EA108D-5A26-402B-A14C-58AF985AA5C5}"
EndProject
Project("{9A19103F-16F7-4668-BE54-9A1E7A4F7556}") = "MADE.App.Design", "MADE.App.Design\MADE.App.Design.csproj", "{2373D259-1D56-44C5-A864-B3FDF3BF416A}"
EndProject
Project("{9A19103F-16F7-4668-BE54-9A1E7A4F7556}") = "MADE.App.Views.Xamarin.Forms", "MADE.App.Views.Xamarin.Forms\MADE.App.Views.Xamarin.Forms.csproj", "{C60DF964-C19D-467E-9503-F69B0284D13C}"
EndProject
Project("{9A19103F-16F7-4668-BE54-9A1E7A4F7556}") = "MADE.App.Views.Controls.HeaderedTextBlock", "MADE.App.Views.Controls.HeaderedTextBlock\MADE.App.Views.Controls.HeaderedTextBlock.csproj", "{0084C2B6-ECAC-478F-90E7-AB2664828223}"
EndProject
Project("{9A19103F-16F7-4668-BE54-9A1E7A4F7556}") = "MADE.App.Views.Controls.HeaderedTextBlock.Forms", "MADE.App.Views.Controls.HeaderedTextBlock.Forms\MADE.App.Views.Controls.HeaderedTextBlock.Forms.csproj", "{FB636A9A-BB83-4763-8C8C-3E0D5587DBB9}"
EndProject
Project("{9A19103F-16F7-4668-BE54-9A1E7A4F7556}") = "MADE.App.Networking", "MADE.App.Networking\MADE.App.Networking.csproj", "{A509C0DD-BB0C-4624-AB74-82F4FBF5E38F}"
EndProject
Project("{9A19103F-16F7-4668-BE54-9A1E7A4F7556}") = "MADE.App.Diagnostics", "MADE.App.Diagnostics\MADE.App.Diagnostics.csproj", "{77FB7281-F600-4A08-943F-097FD10AE221}"
EndProject
Project("{9A19103F-16F7-4668-BE54-9A1E7A4F7556}") = "MADE.App.Views.Dialogs", "MADE.App.Views.Dialogs\MADE.App.Views.Dialogs.csproj", "{0257204F-7CEC-4083-AEE7-D501544508EE}"
EndProject
Project("{9A19103F-16F7-4668-BE54-9A1E7A4F7556}") = "MADE.App.Views.Controls.TextEntry.Forms", "MADE.App.Views.Controls.TextEntry.Forms\MADE.App.Views.Controls.TextEntry.Forms.csproj", "{A2DAE3F2-055D-4E85-8C1D-B852CDB68099}"
EndProject
Project("{2150E333-8FDC-42A3-9474-1A3956D46DE8}") = "API", "API", "{1EAA6A0B-C8ED-4B55-97BA-CEA3ACF01543}"
EndProject
Project("{9A19103F-16F7-4668-BE54-9A1E7A4F7556}") = "MADE.App.Mvvm.UnitTests", "..\tests\MADE.App.Mvvm.UnitTests\MADE.App.Mvvm.UnitTests.csproj", "{380478B6-88C9-4FA4-B931-12390D56CA28}"
EndProject
Global
	GlobalSection(SolutionConfigurationPlatforms) = preSolution
		Debug|Any CPU = Debug|Any CPU
		Release|Any CPU = Release|Any CPU
	EndGlobalSection
	GlobalSection(ProjectConfigurationPlatforms) = postSolution
		{006114AA-3919-4393-B836-D03995C5E230}.Debug|Any CPU.ActiveCfg = Debug|Any CPU
		{006114AA-3919-4393-B836-D03995C5E230}.Debug|Any CPU.Build.0 = Debug|Any CPU
		{006114AA-3919-4393-B836-D03995C5E230}.Release|Any CPU.ActiveCfg = Release|Any CPU
		{006114AA-3919-4393-B836-D03995C5E230}.Release|Any CPU.Build.0 = Release|Any CPU
		{CE1370AE-4985-41E2-8DCE-24B11A5EA177}.Debug|Any CPU.ActiveCfg = Debug|Any CPU
		{CE1370AE-4985-41E2-8DCE-24B11A5EA177}.Debug|Any CPU.Build.0 = Debug|Any CPU
		{CE1370AE-4985-41E2-8DCE-24B11A5EA177}.Release|Any CPU.ActiveCfg = Release|Any CPU
		{CE1370AE-4985-41E2-8DCE-24B11A5EA177}.Release|Any CPU.Build.0 = Release|Any CPU
		{00ABF0E3-2AD1-4002-8527-920E9EA6A138}.Debug|Any CPU.ActiveCfg = Debug|Any CPU
		{00ABF0E3-2AD1-4002-8527-920E9EA6A138}.Debug|Any CPU.Build.0 = Debug|Any CPU
		{00ABF0E3-2AD1-4002-8527-920E9EA6A138}.Release|Any CPU.ActiveCfg = Release|Any CPU
		{00ABF0E3-2AD1-4002-8527-920E9EA6A138}.Release|Any CPU.Build.0 = Release|Any CPU
		{C3EA108D-5A26-402B-A14C-58AF985AA5C5}.Debug|Any CPU.ActiveCfg = Debug|Any CPU
		{C3EA108D-5A26-402B-A14C-58AF985AA5C5}.Debug|Any CPU.Build.0 = Debug|Any CPU
		{C3EA108D-5A26-402B-A14C-58AF985AA5C5}.Release|Any CPU.ActiveCfg = Release|Any CPU
		{C3EA108D-5A26-402B-A14C-58AF985AA5C5}.Release|Any CPU.Build.0 = Release|Any CPU
		{2373D259-1D56-44C5-A864-B3FDF3BF416A}.Debug|Any CPU.ActiveCfg = Debug|Any CPU
		{2373D259-1D56-44C5-A864-B3FDF3BF416A}.Debug|Any CPU.Build.0 = Debug|Any CPU
		{2373D259-1D56-44C5-A864-B3FDF3BF416A}.Release|Any CPU.ActiveCfg = Release|Any CPU
		{2373D259-1D56-44C5-A864-B3FDF3BF416A}.Release|Any CPU.Build.0 = Release|Any CPU
		{C60DF964-C19D-467E-9503-F69B0284D13C}.Debug|Any CPU.ActiveCfg = Debug|Any CPU
		{C60DF964-C19D-467E-9503-F69B0284D13C}.Debug|Any CPU.Build.0 = Debug|Any CPU
		{C60DF964-C19D-467E-9503-F69B0284D13C}.Release|Any CPU.ActiveCfg = Release|Any CPU
		{C60DF964-C19D-467E-9503-F69B0284D13C}.Release|Any CPU.Build.0 = Release|Any CPU
		{0084C2B6-ECAC-478F-90E7-AB2664828223}.Debug|Any CPU.ActiveCfg = Debug|Any CPU
		{0084C2B6-ECAC-478F-90E7-AB2664828223}.Debug|Any CPU.Build.0 = Debug|Any CPU
		{0084C2B6-ECAC-478F-90E7-AB2664828223}.Release|Any CPU.ActiveCfg = Release|Any CPU
		{0084C2B6-ECAC-478F-90E7-AB2664828223}.Release|Any CPU.Build.0 = Release|Any CPU
		{FB636A9A-BB83-4763-8C8C-3E0D5587DBB9}.Debug|Any CPU.ActiveCfg = Debug|Any CPU
		{FB636A9A-BB83-4763-8C8C-3E0D5587DBB9}.Debug|Any CPU.Build.0 = Debug|Any CPU
		{FB636A9A-BB83-4763-8C8C-3E0D5587DBB9}.Release|Any CPU.ActiveCfg = Release|Any CPU
		{FB636A9A-BB83-4763-8C8C-3E0D5587DBB9}.Release|Any CPU.Build.0 = Release|Any CPU
		{A509C0DD-BB0C-4624-AB74-82F4FBF5E38F}.Debug|Any CPU.ActiveCfg = Debug|Any CPU
		{A509C0DD-BB0C-4624-AB74-82F4FBF5E38F}.Debug|Any CPU.Build.0 = Debug|Any CPU
		{A509C0DD-BB0C-4624-AB74-82F4FBF5E38F}.Release|Any CPU.ActiveCfg = Release|Any CPU
		{A509C0DD-BB0C-4624-AB74-82F4FBF5E38F}.Release|Any CPU.Build.0 = Release|Any CPU
		{77FB7281-F600-4A08-943F-097FD10AE221}.Debug|Any CPU.ActiveCfg = Debug|Any CPU
		{77FB7281-F600-4A08-943F-097FD10AE221}.Debug|Any CPU.Build.0 = Debug|Any CPU
		{77FB7281-F600-4A08-943F-097FD10AE221}.Release|Any CPU.ActiveCfg = Release|Any CPU
		{77FB7281-F600-4A08-943F-097FD10AE221}.Release|Any CPU.Build.0 = Release|Any CPU
		{0257204F-7CEC-4083-AEE7-D501544508EE}.Debug|Any CPU.ActiveCfg = Debug|Any CPU
		{0257204F-7CEC-4083-AEE7-D501544508EE}.Debug|Any CPU.Build.0 = Debug|Any CPU
		{0257204F-7CEC-4083-AEE7-D501544508EE}.Release|Any CPU.ActiveCfg = Release|Any CPU
		{0257204F-7CEC-4083-AEE7-D501544508EE}.Release|Any CPU.Build.0 = Release|Any CPU
		{A2DAE3F2-055D-4E85-8C1D-B852CDB68099}.Debug|Any CPU.ActiveCfg = Debug|Any CPU
		{A2DAE3F2-055D-4E85-8C1D-B852CDB68099}.Debug|Any CPU.Build.0 = Debug|Any CPU
		{A2DAE3F2-055D-4E85-8C1D-B852CDB68099}.Release|Any CPU.ActiveCfg = Release|Any CPU
		{A2DAE3F2-055D-4E85-8C1D-B852CDB68099}.Release|Any CPU.Build.0 = Release|Any CPU
		{380478B6-88C9-4FA4-B931-12390D56CA28}.Debug|Any CPU.ActiveCfg = Debug|Any CPU
		{380478B6-88C9-4FA4-B931-12390D56CA28}.Debug|Any CPU.Build.0 = Debug|Any CPU
		{380478B6-88C9-4FA4-B931-12390D56CA28}.Release|Any CPU.ActiveCfg = Release|Any CPU
		{380478B6-88C9-4FA4-B931-12390D56CA28}.Release|Any CPU.Build.0 = Release|Any CPU
	EndGlobalSection
	GlobalSection(SolutionProperties) = preSolution
		HideSolutionNode = FALSE
	EndGlobalSection
	GlobalSection(NestedProjects) = preSolution
		{006114AA-3919-4393-B836-D03995C5E230} = {1EAA6A0B-C8ED-4B55-97BA-CEA3ACF01543}
		{CE1370AE-4985-41E2-8DCE-24B11A5EA177} = {1EAA6A0B-C8ED-4B55-97BA-CEA3ACF01543}
		{00ABF0E3-2AD1-4002-8527-920E9EA6A138} = {1EAA6A0B-C8ED-4B55-97BA-CEA3ACF01543}
		{C3EA108D-5A26-402B-A14C-58AF985AA5C5} = {1EAA6A0B-C8ED-4B55-97BA-CEA3ACF01543}
		{2373D259-1D56-44C5-A864-B3FDF3BF416A} = {1EAA6A0B-C8ED-4B55-97BA-CEA3ACF01543}
		{C60DF964-C19D-467E-9503-F69B0284D13C} = {1EAA6A0B-C8ED-4B55-97BA-CEA3ACF01543}
		{0084C2B6-ECAC-478F-90E7-AB2664828223} = {1EAA6A0B-C8ED-4B55-97BA-CEA3ACF01543}
		{FB636A9A-BB83-4763-8C8C-3E0D5587DBB9} = {1EAA6A0B-C8ED-4B55-97BA-CEA3ACF01543}
		{A509C0DD-BB0C-4624-AB74-82F4FBF5E38F} = {1EAA6A0B-C8ED-4B55-97BA-CEA3ACF01543}
		{77FB7281-F600-4A08-943F-097FD10AE221} = {1EAA6A0B-C8ED-4B55-97BA-CEA3ACF01543}
		{0257204F-7CEC-4083-AEE7-D501544508EE} = {1EAA6A0B-C8ED-4B55-97BA-CEA3ACF01543}
		{A2DAE3F2-055D-4E85-8C1D-B852CDB68099} = {1EAA6A0B-C8ED-4B55-97BA-CEA3ACF01543}
		{380478B6-88C9-4FA4-B931-12390D56CA28} = {16CEC8F1-3A12-4C75-8D65-A58B4CB47917}
	EndGlobalSection
	GlobalSection(ExtensibilityGlobals) = postSolution
		SolutionGuid = {3921AD86-E6C0-4436-8880-2D9EDFAD6151}
	EndGlobalSection
EndGlobal
